
Microsoft Visual Studio Solution File, Format Version 12.00
# Visual Studio 14
VisualStudioVersion = 14.0.25420.1
MinimumVisualStudioVersion = 10.0.40219.1
Project("{FAE04EC0-301F-11D3-BF4B-00C04F79EFBC}") = "App1.Android", "App1\App1.Android\App1.Android.csproj", "{13DBD622-4AA2-4D52-A5D6-A18F461746DA}"
EndProject
Project("{FAE04EC0-301F-11D3-BF4B-00C04F79EFBC}") = "App1", "App1\App1\App1.csproj", "{CB23A15B-2D67-43F2-8AA9-A566CA7DDC5A}"
EndProject
Project("{FAE04EC0-301F-11D3-BF4B-00C04F79EFBC}") = "App1.UWP", "App1\App1.UWP\App1.UWP.csproj", "{17C7A208-D9E9-4973-8392-799A3F162551}"
EndProject
Project("{FAE04EC0-301F-11D3-BF4B-00C04F79EFBC}") = "App1.iOS", "App1\App1.iOS\App1.iOS.csproj", "{5256CCC1-D31B-465D-B64E-203E63B4D70D}"
EndProject
Global
	GlobalSection(SolutionConfigurationPlatforms) = preSolution
		Ad-Hoc|Any CPU = Ad-Hoc|Any CPU
		Ad-Hoc|ARM = Ad-Hoc|ARM
		Ad-Hoc|iPhone = Ad-Hoc|iPhone
		Ad-Hoc|iPhoneSimulator = Ad-Hoc|iPhoneSimulator
		Ad-Hoc|x64 = Ad-Hoc|x64
		Ad-Hoc|x86 = Ad-Hoc|x86
		AppStore|Any CPU = AppStore|Any CPU
		AppStore|ARM = AppStore|ARM
		AppStore|iPhone = AppStore|iPhone
		AppStore|iPhoneSimulator = AppStore|iPhoneSimulator
		AppStore|x64 = AppStore|x64
		AppStore|x86 = AppStore|x86
		Debug|Any CPU = Debug|Any CPU
		Debug|ARM = Debug|ARM
		Debug|iPhone = Debug|iPhone
		Debug|iPhoneSimulator = Debug|iPhoneSimulator
		Debug|x64 = Debug|x64
		Debug|x86 = Debug|x86
		Release|Any CPU = Release|Any CPU
		Release|ARM = Release|ARM
		Release|iPhone = Release|iPhone
		Release|iPhoneSimulator = Release|iPhoneSimulator
		Release|x64 = Release|x64
		Release|x86 = Release|x86
	EndGlobalSection
	GlobalSection(ProjectConfigurationPlatforms) = postSolution
		{13DBD622-4AA2-4D52-A5D6-A18F461746DA}.Ad-Hoc|Any CPU.ActiveCfg = Release|Any CPU
		{13DBD622-4AA2-4D52-A5D6-A18F461746DA}.Ad-Hoc|Any CPU.Build.0 = Release|Any CPU
		{13DBD622-4AA2-4D52-A5D6-A18F461746DA}.Ad-Hoc|Any CPU.Deploy.0 = Release|Any CPU
		{13DBD622-4AA2-4D52-A5D6-A18F461746DA}.Ad-Hoc|ARM.ActiveCfg = Release|Any CPU
		{13DBD622-4AA2-4D52-A5D6-A18F461746DA}.Ad-Hoc|ARM.Build.0 = Release|Any CPU
		{13DBD622-4AA2-4D52-A5D6-A18F461746DA}.Ad-Hoc|ARM.Deploy.0 = Release|Any CPU
		{13DBD622-4AA2-4D52-A5D6-A18F461746DA}.Ad-Hoc|iPhone.ActiveCfg = Release|Any CPU
		{13DBD622-4AA2-4D52-A5D6-A18F461746DA}.Ad-Hoc|iPhone.Build.0 = Release|Any CPU
		{13DBD622-4AA2-4D52-A5D6-A18F461746DA}.Ad-Hoc|iPhone.Deploy.0 = Release|Any CPU
		{13DBD622-4AA2-4D52-A5D6-A18F461746DA}.Ad-Hoc|iPhoneSimulator.ActiveCfg = Release|Any CPU
		{13DBD622-4AA2-4D52-A5D6-A18F461746DA}.Ad-Hoc|iPhoneSimulator.Build.0 = Release|Any CPU
		{13DBD622-4AA2-4D52-A5D6-A18F461746DA}.Ad-Hoc|iPhoneSimulator.Deploy.0 = Release|Any CPU
		{13DBD622-4AA2-4D52-A5D6-A18F461746DA}.Ad-Hoc|x64.ActiveCfg = Release|Any CPU
		{13DBD622-4AA2-4D52-A5D6-A18F461746DA}.Ad-Hoc|x64.Build.0 = Release|Any CPU
		{13DBD622-4AA2-4D52-A5D6-A18F461746DA}.Ad-Hoc|x64.Deploy.0 = Release|Any CPU
		{13DBD622-4AA2-4D52-A5D6-A18F461746DA}.Ad-Hoc|x86.ActiveCfg = Release|Any CPU
		{13DBD622-4AA2-4D52-A5D6-A18F461746DA}.Ad-Hoc|x86.Build.0 = Release|Any CPU
		{13DBD622-4AA2-4D52-A5D6-A18F461746DA}.Ad-Hoc|x86.Deploy.0 = Release|Any CPU
		{13DBD622-4AA2-4D52-A5D6-A18F461746DA}.AppStore|Any CPU.ActiveCfg = Release|Any CPU
		{13DBD622-4AA2-4D52-A5D6-A18F461746DA}.AppStore|Any CPU.Build.0 = Release|Any CPU
		{13DBD622-4AA2-4D52-A5D6-A18F461746DA}.AppStore|Any CPU.Deploy.0 = Release|Any CPU
		{13DBD622-4AA2-4D52-A5D6-A18F461746DA}.AppStore|ARM.ActiveCfg = Release|Any CPU
		{13DBD622-4AA2-4D52-A5D6-A18F461746DA}.AppStore|ARM.Build.0 = Release|Any CPU
		{13DBD622-4AA2-4D52-A5D6-A18F461746DA}.AppStore|ARM.Deploy.0 = Release|Any CPU
		{13DBD622-4AA2-4D52-A5D6-A18F461746DA}.AppStore|iPhone.ActiveCfg = Release|Any CPU
		{13DBD622-4AA2-4D52-A5D6-A18F461746DA}.AppStore|iPhone.Build.0 = Release|Any CPU
		{13DBD622-4AA2-4D52-A5D6-A18F461746DA}.AppStore|iPhone.Deploy.0 = Release|Any CPU
		{13DBD622-4AA2-4D52-A5D6-A18F461746DA}.AppStore|iPhoneSimulator.ActiveCfg = Release|Any CPU
		{13DBD622-4AA2-4D52-A5D6-A18F461746DA}.AppStore|iPhoneSimulator.Build.0 = Release|Any CPU
		{13DBD622-4AA2-4D52-A5D6-A18F461746DA}.AppStore|iPhoneSimulator.Deploy.0 = Release|Any CPU
		{13DBD622-4AA2-4D52-A5D6-A18F461746DA}.AppStore|x64.ActiveCfg = Release|Any CPU
		{13DBD622-4AA2-4D52-A5D6-A18F461746DA}.AppStore|x64.Build.0 = Release|Any CPU
		{13DBD622-4AA2-4D52-A5D6-A18F461746DA}.AppStore|x64.Deploy.0 = Release|Any CPU
		{13DBD622-4AA2-4D52-A5D6-A18F461746DA}.AppStore|x86.ActiveCfg = Release|Any CPU
		{13DBD622-4AA2-4D52-A5D6-A18F461746DA}.AppStore|x86.Build.0 = Release|Any CPU
		{13DBD622-4AA2-4D52-A5D6-A18F461746DA}.AppStore|x86.Deploy.0 = Release|Any CPU
		{13DBD622-4AA2-4D52-A5D6-A18F461746DA}.Debug|Any CPU.ActiveCfg = Debug|Any CPU
		{13DBD622-4AA2-4D52-A5D6-A18F461746DA}.Debug|Any CPU.Build.0 = Debug|Any CPU
		{13DBD622-4AA2-4D52-A5D6-A18F461746DA}.Debug|Any CPU.Deploy.0 = Debug|Any CPU
		{13DBD622-4AA2-4D52-A5D6-A18F461746DA}.Debug|ARM.ActiveCfg = Debug|Any CPU
		{13DBD622-4AA2-4D52-A5D6-A18F461746DA}.Debug|ARM.Build.0 = Debug|Any CPU
		{13DBD622-4AA2-4D52-A5D6-A18F461746DA}.Debug|ARM.Deploy.0 = Debug|Any CPU
		{13DBD622-4AA2-4D52-A5D6-A18F461746DA}.Debug|iPhone.ActiveCfg = Debug|Any CPU
		{13DBD622-4AA2-4D52-A5D6-A18F461746DA}.Debug|iPhone.Build.0 = Debug|Any CPU
		{13DBD622-4AA2-4D52-A5D6-A18F461746DA}.Debug|iPhone.Deploy.0 = Debug|Any CPU
		{13DBD622-4AA2-4D52-A5D6-A18F461746DA}.Debug|iPhoneSimulator.ActiveCfg = Debug|Any CPU
		{13DBD622-4AA2-4D52-A5D6-A18F461746DA}.Debug|iPhoneSimulator.Build.0 = Debug|Any CPU
		{13DBD622-4AA2-4D52-A5D6-A18F461746DA}.Debug|iPhoneSimulator.Deploy.0 = Debug|Any CPU
		{13DBD622-4AA2-4D52-A5D6-A18F461746DA}.Debug|x64.ActiveCfg = Debug|Any CPU
		{13DBD622-4AA2-4D52-A5D6-A18F461746DA}.Debug|x64.Build.0 = Debug|Any CPU
		{13DBD622-4AA2-4D52-A5D6-A18F461746DA}.Debug|x64.Deploy.0 = Debug|Any CPU
		{13DBD622-4AA2-4D52-A5D6-A18F461746DA}.Debug|x86.ActiveCfg = Debug|Any CPU
		{13DBD622-4AA2-4D52-A5D6-A18F461746DA}.Debug|x86.Build.0 = Debug|Any CPU
		{13DBD622-4AA2-4D52-A5D6-A18F461746DA}.Debug|x86.Deploy.0 = Debug|Any CPU
		{13DBD622-4AA2-4D52-A5D6-A18F461746DA}.Release|Any CPU.ActiveCfg = Release|Any CPU
		{13DBD622-4AA2-4D52-A5D6-A18F461746DA}.Release|Any CPU.Build.0 = Release|Any CPU
		{13DBD622-4AA2-4D52-A5D6-A18F461746DA}.Release|Any CPU.Deploy.0 = Release|Any CPU
		{13DBD622-4AA2-4D52-A5D6-A18F461746DA}.Release|ARM.ActiveCfg = Release|Any CPU
		{13DBD622-4AA2-4D52-A5D6-A18F461746DA}.Release|ARM.Build.0 = Release|Any CPU
		{13DBD622-4AA2-4D52-A5D6-A18F461746DA}.Release|ARM.Deploy.0 = Release|Any CPU
		{13DBD622-4AA2-4D52-A5D6-A18F461746DA}.Release|iPhone.ActiveCfg = Release|Any CPU
		{13DBD622-4AA2-4D52-A5D6-A18F461746DA}.Release|iPhone.Build.0 = Release|Any CPU
		{13DBD622-4AA2-4D52-A5D6-A18F461746DA}.Release|iPhone.Deploy.0 = Release|Any CPU
		{13DBD622-4AA2-4D52-A5D6-A18F461746DA}.Release|iPhoneSimulator.ActiveCfg = Release|Any CPU
		{13DBD622-4AA2-4D52-A5D6-A18F461746DA}.Release|iPhoneSimulator.Build.0 = Release|Any CPU
		{13DBD622-4AA2-4D52-A5D6-A18F461746DA}.Release|iPhoneSimulator.Deploy.0 = Release|Any CPU
		{13DBD622-4AA2-4D52-A5D6-A18F461746DA}.Release|x64.ActiveCfg = Release|Any CPU
		{13DBD622-4AA2-4D52-A5D6-A18F461746DA}.Release|x64.Build.0 = Release|Any CPU
		{13DBD622-4AA2-4D52-A5D6-A18F461746DA}.Release|x64.Deploy.0 = Release|Any CPU
		{13DBD622-4AA2-4D52-A5D6-A18F461746DA}.Release|x86.ActiveCfg = Release|Any CPU
		{13DBD622-4AA2-4D52-A5D6-A18F461746DA}.Release|x86.Build.0 = Release|Any CPU
		{13DBD622-4AA2-4D52-A5D6-A18F461746DA}.Release|x86.Deploy.0 = Release|Any CPU
		{CB23A15B-2D67-43F2-8AA9-A566CA7DDC5A}.Ad-Hoc|Any CPU.ActiveCfg = Release|Any CPU
		{CB23A15B-2D67-43F2-8AA9-A566CA7DDC5A}.Ad-Hoc|Any CPU.Build.0 = Release|Any CPU
		{CB23A15B-2D67-43F2-8AA9-A566CA7DDC5A}.Ad-Hoc|ARM.ActiveCfg = Release|Any CPU
		{CB23A15B-2D67-43F2-8AA9-A566CA7DDC5A}.Ad-Hoc|ARM.Build.0 = Release|Any CPU
		{CB23A15B-2D67-43F2-8AA9-A566CA7DDC5A}.Ad-Hoc|iPhone.ActiveCfg = Release|Any CPU
		{CB23A15B-2D67-43F2-8AA9-A566CA7DDC5A}.Ad-Hoc|iPhone.Build.0 = Release|Any CPU
		{CB23A15B-2D67-43F2-8AA9-A566CA7DDC5A}.Ad-Hoc|iPhoneSimulator.ActiveCfg = Release|Any CPU
		{CB23A15B-2D67-43F2-8AA9-A566CA7DDC5A}.Ad-Hoc|iPhoneSimulator.Build.0 = Release|Any CPU
		{CB23A15B-2D67-43F2-8AA9-A566CA7DDC5A}.Ad-Hoc|x64.ActiveCfg = Release|Any CPU
		{CB23A15B-2D67-43F2-8AA9-A566CA7DDC5A}.Ad-Hoc|x64.Build.0 = Release|Any CPU
		{CB23A15B-2D67-43F2-8AA9-A566CA7DDC5A}.Ad-Hoc|x86.ActiveCfg = Release|Any CPU
		{CB23A15B-2D67-43F2-8AA9-A566CA7DDC5A}.Ad-Hoc|x86.Build.0 = Release|Any CPU
		{CB23A15B-2D67-43F2-8AA9-A566CA7DDC5A}.AppStore|Any CPU.ActiveCfg = Release|Any CPU
		{CB23A15B-2D67-43F2-8AA9-A566CA7DDC5A}.AppStore|Any CPU.Build.0 = Release|Any CPU
		{CB23A15B-2D67-43F2-8AA9-A566CA7DDC5A}.AppStore|ARM.ActiveCfg = Release|Any CPU
		{CB23A15B-2D67-43F2-8AA9-A566CA7DDC5A}.AppStore|ARM.Build.0 = Release|Any CPU
		{CB23A15B-2D67-43F2-8AA9-A566CA7DDC5A}.AppStore|iPhone.ActiveCfg = Release|Any CPU
		{CB23A15B-2D67-43F2-8AA9-A566CA7DDC5A}.AppStore|iPhone.Build.0 = Release|Any CPU
		{CB23A15B-2D67-43F2-8AA9-A566CA7DDC5A}.AppStore|iPhoneSimulator.ActiveCfg = Release|Any CPU
		{CB23A15B-2D67-43F2-8AA9-A566CA7DDC5A}.AppStore|iPhoneSimulator.Build.0 = Release|Any CPU
		{CB23A15B-2D67-43F2-8AA9-A566CA7DDC5A}.AppStore|x64.ActiveCfg = Release|Any CPU
		{CB23A15B-2D67-43F2-8AA9-A566CA7DDC5A}.AppStore|x64.Build.0 = Release|Any CPU
		{CB23A15B-2D67-43F2-8AA9-A566CA7DDC5A}.AppStore|x86.ActiveCfg = Release|Any CPU
		{CB23A15B-2D67-43F2-8AA9-A566CA7DDC5A}.AppStore|x86.Build.0 = Release|Any CPU
		{CB23A15B-2D67-43F2-8AA9-A566CA7DDC5A}.Debug|Any CPU.ActiveCfg = Debug|Any CPU
		{CB23A15B-2D67-43F2-8AA9-A566CA7DDC5A}.Debug|Any CPU.Build.0 = Debug|Any CPU
		{CB23A15B-2D67-43F2-8AA9-A566CA7DDC5A}.Debug|ARM.ActiveCfg = Debug|Any CPU
		{CB23A15B-2D67-43F2-8AA9-A566CA7DDC5A}.Debug|ARM.Build.0 = Debug|Any CPU
		{CB23A15B-2D67-43F2-8AA9-A566CA7DDC5A}.Debug|iPhone.ActiveCfg = Debug|Any CPU
		{CB23A15B-2D67-43F2-8AA9-A566CA7DDC5A}.Debug|iPhone.Build.0 = Debug|Any CPU
		{CB23A15B-2D67-43F2-8AA9-A566CA7DDC5A}.Debug|iPhoneSimulator.ActiveCfg = Debug|Any CPU
		{CB23A15B-2D67-43F2-8AA9-A566CA7DDC5A}.Debug|iPhoneSimulator.Build.0 = Debug|Any CPU
		{CB23A15B-2D67-43F2-8AA9-A566CA7DDC5A}.Debug|x64.ActiveCfg = Debug|Any CPU
		{CB23A15B-2D67-43F2-8AA9-A566CA7DDC5A}.Debug|x64.Build.0 = Debug|Any CPU
		{CB23A15B-2D67-43F2-8AA9-A566CA7DDC5A}.Debug|x86.ActiveCfg = Debug|Any CPU
		{CB23A15B-2D67-43F2-8AA9-A566CA7DDC5A}.Debug|x86.Build.0 = Debug|Any CPU
		{CB23A15B-2D67-43F2-8AA9-A566CA7DDC5A}.Release|Any CPU.ActiveCfg = Release|Any CPU
		{CB23A15B-2D67-43F2-8AA9-A566CA7DDC5A}.Release|Any CPU.Build.0 = Release|Any CPU
		{CB23A15B-2D67-43F2-8AA9-A566CA7DDC5A}.Release|ARM.ActiveCfg = Release|Any CPU
		{CB23A15B-2D67-43F2-8AA9-A566CA7DDC5A}.Release|ARM.Build.0 = Release|Any CPU
		{CB23A15B-2D67-43F2-8AA9-A566CA7DDC5A}.Release|iPhone.ActiveCfg = Release|Any CPU
		{CB23A15B-2D67-43F2-8AA9-A566CA7DDC5A}.Release|iPhone.Build.0 = Release|Any CPU
		{CB23A15B-2D67-43F2-8AA9-A566CA7DDC5A}.Release|iPhoneSimulator.ActiveCfg = Release|Any CPU
		{CB23A15B-2D67-43F2-8AA9-A566CA7DDC5A}.Release|iPhoneSimulator.Build.0 = Release|Any CPU
		{CB23A15B-2D67-43F2-8AA9-A566CA7DDC5A}.Release|x64.ActiveCfg = Release|Any CPU
		{CB23A15B-2D67-43F2-8AA9-A566CA7DDC5A}.Release|x64.Build.0 = Release|Any CPU
		{CB23A15B-2D67-43F2-8AA9-A566CA7DDC5A}.Release|x86.ActiveCfg = Release|Any CPU
		{CB23A15B-2D67-43F2-8AA9-A566CA7DDC5A}.Release|x86.Build.0 = Release|Any CPU
		{17C7A208-D9E9-4973-8392-799A3F162551}.Ad-Hoc|Any CPU.ActiveCfg = Release|x86
		{17C7A208-D9E9-4973-8392-799A3F162551}.Ad-Hoc|Any CPU.Build.0 = Release|x86
		{17C7A208-D9E9-4973-8392-799A3F162551}.Ad-Hoc|Any CPU.Deploy.0 = Release|x86
		{17C7A208-D9E9-4973-8392-799A3F162551}.Ad-Hoc|ARM.ActiveCfg = Release|ARM
		{17C7A208-D9E9-4973-8392-799A3F162551}.Ad-Hoc|ARM.Build.0 = Release|ARM
		{17C7A208-D9E9-4973-8392-799A3F162551}.Ad-Hoc|ARM.Deploy.0 = Release|ARM
		{17C7A208-D9E9-4973-8392-799A3F162551}.Ad-Hoc|iPhone.ActiveCfg = Release|x86
		{17C7A208-D9E9-4973-8392-799A3F162551}.Ad-Hoc|iPhone.Build.0 = Release|x86
		{17C7A208-D9E9-4973-8392-799A3F162551}.Ad-Hoc|iPhone.Deploy.0 = Release|x86
		{17C7A208-D9E9-4973-8392-799A3F162551}.Ad-Hoc|iPhoneSimulator.ActiveCfg = Release|x86
		{17C7A208-D9E9-4973-8392-799A3F162551}.Ad-Hoc|iPhoneSimulator.Build.0 = Release|x86
		{17C7A208-D9E9-4973-8392-799A3F162551}.Ad-Hoc|iPhoneSimulator.Deploy.0 = Release|x86
		{17C7A208-D9E9-4973-8392-799A3F162551}.Ad-Hoc|x64.ActiveCfg = Release|x64
		{17C7A208-D9E9-4973-8392-799A3F162551}.Ad-Hoc|x64.Build.0 = Release|x64
		{17C7A208-D9E9-4973-8392-799A3F162551}.Ad-Hoc|x64.Deploy.0 = Release|x64
		{17C7A208-D9E9-4973-8392-799A3F162551}.Ad-Hoc|x86.ActiveCfg = Release|x86
		{17C7A208-D9E9-4973-8392-799A3F162551}.Ad-Hoc|x86.Build.0 = Release|x86
		{17C7A208-D9E9-4973-8392-799A3F162551}.Ad-Hoc|x86.Deploy.0 = Release|x86
		{17C7A208-D9E9-4973-8392-799A3F162551}.AppStore|Any CPU.ActiveCfg = Release|x86
		{17C7A208-D9E9-4973-8392-799A3F162551}.AppStore|Any CPU.Build.0 = Release|x86
		{17C7A208-D9E9-4973-8392-799A3F162551}.AppStore|Any CPU.Deploy.0 = Release|x86
		{17C7A208-D9E9-4973-8392-799A3F162551}.AppStore|ARM.ActiveCfg = Release|ARM
		{17C7A208-D9E9-4973-8392-799A3F162551}.AppStore|ARM.Build.0 = Release|ARM
		{17C7A208-D9E9-4973-8392-799A3F162551}.AppStore|ARM.Deploy.0 = Release|ARM
		{17C7A208-D9E9-4973-8392-799A3F162551}.AppStore|iPhone.ActiveCfg = Release|x86
		{17C7A208-D9E9-4973-8392-799A3F162551}.AppStore|iPhone.Build.0 = Release|x86
		{17C7A208-D9E9-4973-8392-799A3F162551}.AppStore|iPhone.Deploy.0 = Release|x86
		{17C7A208-D9E9-4973-8392-799A3F162551}.AppStore|iPhoneSimulator.ActiveCfg = Release|x86
		{17C7A208-D9E9-4973-8392-799A3F162551}.AppStore|iPhoneSimulator.Build.0 = Release|x86
		{17C7A208-D9E9-4973-8392-799A3F162551}.AppStore|iPhoneSimulator.Deploy.0 = Release|x86
		{17C7A208-D9E9-4973-8392-799A3F162551}.AppStore|x64.ActiveCfg = Release|x64
		{17C7A208-D9E9-4973-8392-799A3F162551}.AppStore|x64.Build.0 = Release|x64
		{17C7A208-D9E9-4973-8392-799A3F162551}.AppStore|x64.Deploy.0 = Release|x64
		{17C7A208-D9E9-4973-8392-799A3F162551}.AppStore|x86.ActiveCfg = Release|x86
		{17C7A208-D9E9-4973-8392-799A3F162551}.AppStore|x86.Build.0 = Release|x86
		{17C7A208-D9E9-4973-8392-799A3F162551}.AppStore|x86.Deploy.0 = Release|x86
		{17C7A208-D9E9-4973-8392-799A3F162551}.Debug|Any CPU.ActiveCfg = Debug|x86
		{17C7A208-D9E9-4973-8392-799A3F162551}.Debug|ARM.ActiveCfg = Debug|ARM
		{17C7A208-D9E9-4973-8392-799A3F162551}.Debug|ARM.Build.0 = Debug|ARM
		{17C7A208-D9E9-4973-8392-799A3F162551}.Debug|ARM.Deploy.0 = Debug|ARM
		{17C7A208-D9E9-4973-8392-799A3F162551}.Debug|iPhone.ActiveCfg = Debug|x86
		{17C7A208-D9E9-4973-8392-799A3F162551}.Debug|iPhoneSimulator.ActiveCfg = Debug|x86
		{17C7A208-D9E9-4973-8392-799A3F162551}.Debug|x64.ActiveCfg = Debug|x64
		{17C7A208-D9E9-4973-8392-799A3F162551}.Debug|x64.Build.0 = Debug|x64
		{17C7A208-D9E9-4973-8392-799A3F162551}.Debug|x64.Deploy.0 = Debug|x64
		{17C7A208-D9E9-4973-8392-799A3F162551}.Debug|x86.ActiveCfg = Debug|x86
		{17C7A208-D9E9-4973-8392-799A3F162551}.Debug|x86.Build.0 = Debug|x86
		{17C7A208-D9E9-4973-8392-799A3F162551}.Debug|x86.Deploy.0 = Debug|x86
		{17C7A208-D9E9-4973-8392-799A3F162551}.Release|Any CPU.ActiveCfg = Release|x86
		{17C7A208-D9E9-4973-8392-799A3F162551}.Release|ARM.ActiveCfg = Release|ARM
		{17C7A208-D9E9-4973-8392-799A3F162551}.Release|ARM.Build.0 = Release|ARM
		{17C7A208-D9E9-4973-8392-799A3F162551}.Release|ARM.Deploy.0 = Release|ARM
		{17C7A208-D9E9-4973-8392-799A3F162551}.Release|iPhone.ActiveCfg = Release|x86
		{17C7A208-D9E9-4973-8392-799A3F162551}.Release|iPhoneSimulator.ActiveCfg = Release|x86
		{17C7A208-D9E9-4973-8392-799A3F162551}.Release|x64.ActiveCfg = Release|x64
		{17C7A208-D9E9-4973-8392-799A3F162551}.Release|x64.Build.0 = Release|x64
		{17C7A208-D9E9-4973-8392-799A3F162551}.Release|x64.Deploy.0 = Release|x64
		{17C7A208-D9E9-4973-8392-799A3F162551}.Release|x86.ActiveCfg = Release|x86
		{17C7A208-D9E9-4973-8392-799A3F162551}.Release|x86.Build.0 = Release|x86
		{17C7A208-D9E9-4973-8392-799A3F162551}.Release|x86.Deploy.0 = Release|x86
		{5256CCC1-D31B-465D-B64E-203E63B4D70D}.Ad-Hoc|Any CPU.ActiveCfg = Ad-Hoc|iPhone
		{5256CCC1-D31B-465D-B64E-203E63B4D70D}.Ad-Hoc|ARM.ActiveCfg = Ad-Hoc|iPhone
		{5256CCC1-D31B-465D-B64E-203E63B4D70D}.Ad-Hoc|iPhone.ActiveCfg = Ad-Hoc|iPhone
		{5256CCC1-D31B-465D-B64E-203E63B4D70D}.Ad-Hoc|iPhone.Build.0 = Ad-Hoc|iPhone
		{5256CCC1-D31B-465D-B64E-203E63B4D70D}.Ad-Hoc|iPhoneSimulator.ActiveCfg = Ad-Hoc|iPhoneSimulator
		{5256CCC1-D31B-465D-B64E-203E63B4D70D}.Ad-Hoc|iPhoneSimulator.Build.0 = Ad-Hoc|iPhoneSimulator
		{5256CCC1-D31B-465D-B64E-203E63B4D70D}.Ad-Hoc|x64.ActiveCfg = Ad-Hoc|iPhone
		{5256CCC1-D31B-465D-B64E-203E63B4D70D}.Ad-Hoc|x86.ActiveCfg = Ad-Hoc|iPhone
		{5256CCC1-D31B-465D-B64E-203E63B4D70D}.AppStore|Any CPU.ActiveCfg = AppStore|iPhone
		{5256CCC1-D31B-465D-B64E-203E63B4D70D}.AppStore|ARM.ActiveCfg = AppStore|iPhone
		{5256CCC1-D31B-465D-B64E-203E63B4D70D}.AppStore|iPhone.ActiveCfg = AppStore|iPhone
		{5256CCC1-D31B-465D-B64E-203E63B4D70D}.AppStore|iPhone.Build.0 = AppStore|iPhone
		{5256CCC1-D31B-465D-B64E-203E63B4D70D}.AppStore|iPhoneSimulator.ActiveCfg = AppStore|iPhoneSimulator
		{5256CCC1-D31B-465D-B64E-203E63B4D70D}.AppStore|iPhoneSimulator.Build.0 = AppStore|iPhoneSimulator
		{5256CCC1-D31B-465D-B64E-203E63B4D70D}.AppStore|x64.ActiveCfg = AppStore|iPhone
		{5256CCC1-D31B-465D-B64E-203E63B4D70D}.AppStore|x86.ActiveCfg = AppStore|iPhone
		{5256CCC1-D31B-465D-B64E-203E63B4D70D}.Debug|Any CPU.ActiveCfg = Debug|iPhone
		{5256CCC1-D31B-465D-B64E-203E63B4D70D}.Debug|ARM.ActiveCfg = Debug|iPhone
		{5256CCC1-D31B-465D-B64E-203E63B4D70D}.Debug|iPhone.ActiveCfg = Debug|iPhone
		{5256CCC1-D31B-465D-B64E-203E63B4D70D}.Debug|iPhone.Build.0 = Debug|iPhone
		{5256CCC1-D31B-465D-B64E-203E63B4D70D}.Debug|iPhoneSimulator.ActiveCfg = Debug|iPhoneSimulator
		{5256CCC1-D31B-465D-B64E-203E63B4D70D}.Debug|iPhoneSimulator.Build.0 = Debug|iPhoneSimulator
		{5256CCC1-D31B-465D-B64E-203E63B4D70D}.Debug|x64.ActiveCfg = Debug|iPhone
		{5256CCC1-D31B-465D-B64E-203E63B4D70D}.Debug|x86.ActiveCfg = Debug|iPhone
		{5256CCC1-D31B-465D-B64E-203E63B4D70D}.Release|Any CPU.ActiveCfg = Release|iPhone
		{5256CCC1-D31B-465D-B64E-203E63B4D70D}.Release|ARM.ActiveCfg = Release|iPhone
		{5256CCC1-D31B-465D-B64E-203E63B4D70D}.Release|iPhone.ActiveCfg = Release|iPhone
		{5256CCC1-D31B-465D-B64E-203E63B4D70D}.Release|iPhone.Build.0 = Release|iPhone
		{5256CCC1-D31B-465D-B64E-203E63B4D70D}.Release|iPhoneSimulator.ActiveCfg = Release|iPhoneSimulator
		{5256CCC1-D31B-465D-B64E-203E63B4D70D}.Release|iPhoneSimulator.Build.0 = Release|iPhoneSimulator
		{5256CCC1-D31B-465D-B64E-203E63B4D70D}.Release|x64.ActiveCfg = Release|iPhone
		{5256CCC1-D31B-465D-B64E-203E63B4D70D}.Release|x86.ActiveCfg = Release|iPhone
	EndGlobalSection
	GlobalSection(SolutionProperties) = preSolution
		HideSolutionNode = FALSE
	EndGlobalSection
EndGlobal
