
Microsoft Visual Studio Solution File, Format Version 12.00
# Visual Studio 14
VisualStudioVersion = 14.0.25420.1
MinimumVisualStudioVersion = 10.0.40219.1
Project("{FAE04EC0-301F-11D3-BF4B-00C04F79EFBC}") = "examples_2.Android", "examples-2\examples_2.Android\examples_2.Android.csproj", "{BCA639B4-5B3A-41B4-B657-54A0A9488CAB}"
EndProject
Project("{FAE04EC0-301F-11D3-BF4B-00C04F79EFBC}") = "examples_2", "examples-2\examples_2\examples_2.csproj", "{01576ADA-38C7-4FCD-9C09-B96E4C191F61}"
EndProject
Project("{FAE04EC0-301F-11D3-BF4B-00C04F79EFBC}") = "examples_2.UWP", "examples-2\examples_2.UWP\examples_2.UWP.csproj", "{5939B014-18D5-4861-96DD-D8AE77B6DA00}"
EndProject
Project("{FAE04EC0-301F-11D3-BF4B-00C04F79EFBC}") = "examples_2.iOS", "examples-2\examples_2.iOS\examples_2.iOS.csproj", "{725620B7-0B61-40DE-9A9A-28BCA9F45878}"
EndProject
Global
	GlobalSection(SolutionConfigurationPlatforms) = preSolution
		Ad-Hoc|Any CPU = Ad-Hoc|Any CPU
		Ad-Hoc|ARM = Ad-Hoc|ARM
		Ad-Hoc|iPhone = Ad-Hoc|iPhone
		Ad-Hoc|iPhoneSimulator = Ad-Hoc|iPhoneSimulator
		Ad-Hoc|x64 = Ad-Hoc|x64
		Ad-Hoc|x86 = Ad-Hoc|x86
		AppStore|Any CPU = AppStore|Any CPU
		AppStore|ARM = AppStore|ARM
		AppStore|iPhone = AppStore|iPhone
		AppStore|iPhoneSimulator = AppStore|iPhoneSimulator
		AppStore|x64 = AppStore|x64
		AppStore|x86 = AppStore|x86
		Debug|Any CPU = Debug|Any CPU
		Debug|ARM = Debug|ARM
		Debug|iPhone = Debug|iPhone
		Debug|iPhoneSimulator = Debug|iPhoneSimulator
		Debug|x64 = Debug|x64
		Debug|x86 = Debug|x86
		Release|Any CPU = Release|Any CPU
		Release|ARM = Release|ARM
		Release|iPhone = Release|iPhone
		Release|iPhoneSimulator = Release|iPhoneSimulator
		Release|x64 = Release|x64
		Release|x86 = Release|x86
	EndGlobalSection
	GlobalSection(ProjectConfigurationPlatforms) = postSolution
		{BCA639B4-5B3A-41B4-B657-54A0A9488CAB}.Ad-Hoc|Any CPU.ActiveCfg = Release|Any CPU
		{BCA639B4-5B3A-41B4-B657-54A0A9488CAB}.Ad-Hoc|Any CPU.Build.0 = Release|Any CPU
		{BCA639B4-5B3A-41B4-B657-54A0A9488CAB}.Ad-Hoc|Any CPU.Deploy.0 = Release|Any CPU
		{BCA639B4-5B3A-41B4-B657-54A0A9488CAB}.Ad-Hoc|ARM.ActiveCfg = Release|Any CPU
		{BCA639B4-5B3A-41B4-B657-54A0A9488CAB}.Ad-Hoc|ARM.Build.0 = Release|Any CPU
		{BCA639B4-5B3A-41B4-B657-54A0A9488CAB}.Ad-Hoc|ARM.Deploy.0 = Release|Any CPU
		{BCA639B4-5B3A-41B4-B657-54A0A9488CAB}.Ad-Hoc|iPhone.ActiveCfg = Release|Any CPU
		{BCA639B4-5B3A-41B4-B657-54A0A9488CAB}.Ad-Hoc|iPhone.Build.0 = Release|Any CPU
		{BCA639B4-5B3A-41B4-B657-54A0A9488CAB}.Ad-Hoc|iPhone.Deploy.0 = Release|Any CPU
		{BCA639B4-5B3A-41B4-B657-54A0A9488CAB}.Ad-Hoc|iPhoneSimulator.ActiveCfg = Release|Any CPU
		{BCA639B4-5B3A-41B4-B657-54A0A9488CAB}.Ad-Hoc|iPhoneSimulator.Build.0 = Release|Any CPU
		{BCA639B4-5B3A-41B4-B657-54A0A9488CAB}.Ad-Hoc|iPhoneSimulator.Deploy.0 = Release|Any CPU
		{BCA639B4-5B3A-41B4-B657-54A0A9488CAB}.Ad-Hoc|x64.ActiveCfg = Release|Any CPU
		{BCA639B4-5B3A-41B4-B657-54A0A9488CAB}.Ad-Hoc|x64.Build.0 = Release|Any CPU
		{BCA639B4-5B3A-41B4-B657-54A0A9488CAB}.Ad-Hoc|x64.Deploy.0 = Release|Any CPU
		{BCA639B4-5B3A-41B4-B657-54A0A9488CAB}.Ad-Hoc|x86.ActiveCfg = Release|Any CPU
		{BCA639B4-5B3A-41B4-B657-54A0A9488CAB}.Ad-Hoc|x86.Build.0 = Release|Any CPU
		{BCA639B4-5B3A-41B4-B657-54A0A9488CAB}.Ad-Hoc|x86.Deploy.0 = Release|Any CPU
		{BCA639B4-5B3A-41B4-B657-54A0A9488CAB}.AppStore|Any CPU.ActiveCfg = Release|Any CPU
		{BCA639B4-5B3A-41B4-B657-54A0A9488CAB}.AppStore|Any CPU.Build.0 = Release|Any CPU
		{BCA639B4-5B3A-41B4-B657-54A0A9488CAB}.AppStore|Any CPU.Deploy.0 = Release|Any CPU
		{BCA639B4-5B3A-41B4-B657-54A0A9488CAB}.AppStore|ARM.ActiveCfg = Release|Any CPU
		{BCA639B4-5B3A-41B4-B657-54A0A9488CAB}.AppStore|ARM.Build.0 = Release|Any CPU
		{BCA639B4-5B3A-41B4-B657-54A0A9488CAB}.AppStore|ARM.Deploy.0 = Release|Any CPU
		{BCA639B4-5B3A-41B4-B657-54A0A9488CAB}.AppStore|iPhone.ActiveCfg = Release|Any CPU
		{BCA639B4-5B3A-41B4-B657-54A0A9488CAB}.AppStore|iPhone.Build.0 = Release|Any CPU
		{BCA639B4-5B3A-41B4-B657-54A0A9488CAB}.AppStore|iPhone.Deploy.0 = Release|Any CPU
		{BCA639B4-5B3A-41B4-B657-54A0A9488CAB}.AppStore|iPhoneSimulator.ActiveCfg = Release|Any CPU
		{BCA639B4-5B3A-41B4-B657-54A0A9488CAB}.AppStore|iPhoneSimulator.Build.0 = Release|Any CPU
		{BCA639B4-5B3A-41B4-B657-54A0A9488CAB}.AppStore|iPhoneSimulator.Deploy.0 = Release|Any CPU
		{BCA639B4-5B3A-41B4-B657-54A0A9488CAB}.AppStore|x64.ActiveCfg = Release|Any CPU
		{BCA639B4-5B3A-41B4-B657-54A0A9488CAB}.AppStore|x64.Build.0 = Release|Any CPU
		{BCA639B4-5B3A-41B4-B657-54A0A9488CAB}.AppStore|x64.Deploy.0 = Release|Any CPU
		{BCA639B4-5B3A-41B4-B657-54A0A9488CAB}.AppStore|x86.ActiveCfg = Release|Any CPU
		{BCA639B4-5B3A-41B4-B657-54A0A9488CAB}.AppStore|x86.Build.0 = Release|Any CPU
		{BCA639B4-5B3A-41B4-B657-54A0A9488CAB}.AppStore|x86.Deploy.0 = Release|Any CPU
		{BCA639B4-5B3A-41B4-B657-54A0A9488CAB}.Debug|Any CPU.ActiveCfg = Debug|Any CPU
		{BCA639B4-5B3A-41B4-B657-54A0A9488CAB}.Debug|Any CPU.Build.0 = Debug|Any CPU
		{BCA639B4-5B3A-41B4-B657-54A0A9488CAB}.Debug|Any CPU.Deploy.0 = Debug|Any CPU
		{BCA639B4-5B3A-41B4-B657-54A0A9488CAB}.Debug|ARM.ActiveCfg = Debug|Any CPU
		{BCA639B4-5B3A-41B4-B657-54A0A9488CAB}.Debug|ARM.Build.0 = Debug|Any CPU
		{BCA639B4-5B3A-41B4-B657-54A0A9488CAB}.Debug|ARM.Deploy.0 = Debug|Any CPU
		{BCA639B4-5B3A-41B4-B657-54A0A9488CAB}.Debug|iPhone.ActiveCfg = Debug|Any CPU
		{BCA639B4-5B3A-41B4-B657-54A0A9488CAB}.Debug|iPhone.Build.0 = Debug|Any CPU
		{BCA639B4-5B3A-41B4-B657-54A0A9488CAB}.Debug|iPhone.Deploy.0 = Debug|Any CPU
		{BCA639B4-5B3A-41B4-B657-54A0A9488CAB}.Debug|iPhoneSimulator.ActiveCfg = Debug|Any CPU
		{BCA639B4-5B3A-41B4-B657-54A0A9488CAB}.Debug|iPhoneSimulator.Build.0 = Debug|Any CPU
		{BCA639B4-5B3A-41B4-B657-54A0A9488CAB}.Debug|iPhoneSimulator.Deploy.0 = Debug|Any CPU
		{BCA639B4-5B3A-41B4-B657-54A0A9488CAB}.Debug|x64.ActiveCfg = Debug|Any CPU
		{BCA639B4-5B3A-41B4-B657-54A0A9488CAB}.Debug|x64.Build.0 = Debug|Any CPU
		{BCA639B4-5B3A-41B4-B657-54A0A9488CAB}.Debug|x64.Deploy.0 = Debug|Any CPU
		{BCA639B4-5B3A-41B4-B657-54A0A9488CAB}.Debug|x86.ActiveCfg = Debug|Any CPU
		{BCA639B4-5B3A-41B4-B657-54A0A9488CAB}.Debug|x86.Build.0 = Debug|Any CPU
		{BCA639B4-5B3A-41B4-B657-54A0A9488CAB}.Debug|x86.Deploy.0 = Debug|Any CPU
		{BCA639B4-5B3A-41B4-B657-54A0A9488CAB}.Release|Any CPU.ActiveCfg = Release|Any CPU
		{BCA639B4-5B3A-41B4-B657-54A0A9488CAB}.Release|Any CPU.Build.0 = Release|Any CPU
		{BCA639B4-5B3A-41B4-B657-54A0A9488CAB}.Release|Any CPU.Deploy.0 = Release|Any CPU
		{BCA639B4-5B3A-41B4-B657-54A0A9488CAB}.Release|ARM.ActiveCfg = Release|Any CPU
		{BCA639B4-5B3A-41B4-B657-54A0A9488CAB}.Release|ARM.Build.0 = Release|Any CPU
		{BCA639B4-5B3A-41B4-B657-54A0A9488CAB}.Release|ARM.Deploy.0 = Release|Any CPU
		{BCA639B4-5B3A-41B4-B657-54A0A9488CAB}.Release|iPhone.ActiveCfg = Release|Any CPU
		{BCA639B4-5B3A-41B4-B657-54A0A9488CAB}.Release|iPhone.Build.0 = Release|Any CPU
		{BCA639B4-5B3A-41B4-B657-54A0A9488CAB}.Release|iPhone.Deploy.0 = Release|Any CPU
		{BCA639B4-5B3A-41B4-B657-54A0A9488CAB}.Release|iPhoneSimulator.ActiveCfg = Release|Any CPU
		{BCA639B4-5B3A-41B4-B657-54A0A9488CAB}.Release|iPhoneSimulator.Build.0 = Release|Any CPU
		{BCA639B4-5B3A-41B4-B657-54A0A9488CAB}.Release|iPhoneSimulator.Deploy.0 = Release|Any CPU
		{BCA639B4-5B3A-41B4-B657-54A0A9488CAB}.Release|x64.ActiveCfg = Release|Any CPU
		{BCA639B4-5B3A-41B4-B657-54A0A9488CAB}.Release|x64.Build.0 = Release|Any CPU
		{BCA639B4-5B3A-41B4-B657-54A0A9488CAB}.Release|x64.Deploy.0 = Release|Any CPU
		{BCA639B4-5B3A-41B4-B657-54A0A9488CAB}.Release|x86.ActiveCfg = Release|Any CPU
		{BCA639B4-5B3A-41B4-B657-54A0A9488CAB}.Release|x86.Build.0 = Release|Any CPU
		{BCA639B4-5B3A-41B4-B657-54A0A9488CAB}.Release|x86.Deploy.0 = Release|Any CPU
		{01576ADA-38C7-4FCD-9C09-B96E4C191F61}.Ad-Hoc|Any CPU.ActiveCfg = Release|Any CPU
		{01576ADA-38C7-4FCD-9C09-B96E4C191F61}.Ad-Hoc|Any CPU.Build.0 = Release|Any CPU
		{01576ADA-38C7-4FCD-9C09-B96E4C191F61}.Ad-Hoc|ARM.ActiveCfg = Release|Any CPU
		{01576ADA-38C7-4FCD-9C09-B96E4C191F61}.Ad-Hoc|ARM.Build.0 = Release|Any CPU
		{01576ADA-38C7-4FCD-9C09-B96E4C191F61}.Ad-Hoc|iPhone.ActiveCfg = Release|Any CPU
		{01576ADA-38C7-4FCD-9C09-B96E4C191F61}.Ad-Hoc|iPhone.Build.0 = Release|Any CPU
		{01576ADA-38C7-4FCD-9C09-B96E4C191F61}.Ad-Hoc|iPhoneSimulator.ActiveCfg = Release|Any CPU
		{01576ADA-38C7-4FCD-9C09-B96E4C191F61}.Ad-Hoc|iPhoneSimulator.Build.0 = Release|Any CPU
		{01576ADA-38C7-4FCD-9C09-B96E4C191F61}.Ad-Hoc|x64.ActiveCfg = Release|Any CPU
		{01576ADA-38C7-4FCD-9C09-B96E4C191F61}.Ad-Hoc|x64.Build.0 = Release|Any CPU
		{01576ADA-38C7-4FCD-9C09-B96E4C191F61}.Ad-Hoc|x86.ActiveCfg = Release|Any CPU
		{01576ADA-38C7-4FCD-9C09-B96E4C191F61}.Ad-Hoc|x86.Build.0 = Release|Any CPU
		{01576ADA-38C7-4FCD-9C09-B96E4C191F61}.AppStore|Any CPU.ActiveCfg = Release|Any CPU
		{01576ADA-38C7-4FCD-9C09-B96E4C191F61}.AppStore|Any CPU.Build.0 = Release|Any CPU
		{01576ADA-38C7-4FCD-9C09-B96E4C191F61}.AppStore|ARM.ActiveCfg = Release|Any CPU
		{01576ADA-38C7-4FCD-9C09-B96E4C191F61}.AppStore|ARM.Build.0 = Release|Any CPU
		{01576ADA-38C7-4FCD-9C09-B96E4C191F61}.AppStore|iPhone.ActiveCfg = Release|Any CPU
		{01576ADA-38C7-4FCD-9C09-B96E4C191F61}.AppStore|iPhone.Build.0 = Release|Any CPU
		{01576ADA-38C7-4FCD-9C09-B96E4C191F61}.AppStore|iPhoneSimulator.ActiveCfg = Release|Any CPU
		{01576ADA-38C7-4FCD-9C09-B96E4C191F61}.AppStore|iPhoneSimulator.Build.0 = Release|Any CPU
		{01576ADA-38C7-4FCD-9C09-B96E4C191F61}.AppStore|x64.ActiveCfg = Release|Any CPU
		{01576ADA-38C7-4FCD-9C09-B96E4C191F61}.AppStore|x64.Build.0 = Release|Any CPU
		{01576ADA-38C7-4FCD-9C09-B96E4C191F61}.AppStore|x86.ActiveCfg = Release|Any CPU
		{01576ADA-38C7-4FCD-9C09-B96E4C191F61}.AppStore|x86.Build.0 = Release|Any CPU
		{01576ADA-38C7-4FCD-9C09-B96E4C191F61}.Debug|Any CPU.ActiveCfg = Debug|Any CPU
		{01576ADA-38C7-4FCD-9C09-B96E4C191F61}.Debug|Any CPU.Build.0 = Debug|Any CPU
		{01576ADA-38C7-4FCD-9C09-B96E4C191F61}.Debug|ARM.ActiveCfg = Debug|Any CPU
		{01576ADA-38C7-4FCD-9C09-B96E4C191F61}.Debug|ARM.Build.0 = Debug|Any CPU
		{01576ADA-38C7-4FCD-9C09-B96E4C191F61}.Debug|iPhone.ActiveCfg = Debug|Any CPU
		{01576ADA-38C7-4FCD-9C09-B96E4C191F61}.Debug|iPhone.Build.0 = Debug|Any CPU
		{01576ADA-38C7-4FCD-9C09-B96E4C191F61}.Debug|iPhoneSimulator.ActiveCfg = Debug|Any CPU
		{01576ADA-38C7-4FCD-9C09-B96E4C191F61}.Debug|iPhoneSimulator.Build.0 = Debug|Any CPU
		{01576ADA-38C7-4FCD-9C09-B96E4C191F61}.Debug|x64.ActiveCfg = Debug|Any CPU
		{01576ADA-38C7-4FCD-9C09-B96E4C191F61}.Debug|x64.Build.0 = Debug|Any CPU
		{01576ADA-38C7-4FCD-9C09-B96E4C191F61}.Debug|x86.ActiveCfg = Debug|Any CPU
		{01576ADA-38C7-4FCD-9C09-B96E4C191F61}.Debug|x86.Build.0 = Debug|Any CPU
		{01576ADA-38C7-4FCD-9C09-B96E4C191F61}.Release|Any CPU.ActiveCfg = Release|Any CPU
		{01576ADA-38C7-4FCD-9C09-B96E4C191F61}.Release|Any CPU.Build.0 = Release|Any CPU
		{01576ADA-38C7-4FCD-9C09-B96E4C191F61}.Release|ARM.ActiveCfg = Release|Any CPU
		{01576ADA-38C7-4FCD-9C09-B96E4C191F61}.Release|ARM.Build.0 = Release|Any CPU
		{01576ADA-38C7-4FCD-9C09-B96E4C191F61}.Release|iPhone.ActiveCfg = Release|Any CPU
		{01576ADA-38C7-4FCD-9C09-B96E4C191F61}.Release|iPhone.Build.0 = Release|Any CPU
		{01576ADA-38C7-4FCD-9C09-B96E4C191F61}.Release|iPhoneSimulator.ActiveCfg = Release|Any CPU
		{01576ADA-38C7-4FCD-9C09-B96E4C191F61}.Release|iPhoneSimulator.Build.0 = Release|Any CPU
		{01576ADA-38C7-4FCD-9C09-B96E4C191F61}.Release|x64.ActiveCfg = Release|Any CPU
		{01576ADA-38C7-4FCD-9C09-B96E4C191F61}.Release|x64.Build.0 = Release|Any CPU
		{01576ADA-38C7-4FCD-9C09-B96E4C191F61}.Release|x86.ActiveCfg = Release|Any CPU
		{01576ADA-38C7-4FCD-9C09-B96E4C191F61}.Release|x86.Build.0 = Release|Any CPU
		{5939B014-18D5-4861-96DD-D8AE77B6DA00}.Ad-Hoc|Any CPU.ActiveCfg = Release|x86
		{5939B014-18D5-4861-96DD-D8AE77B6DA00}.Ad-Hoc|Any CPU.Build.0 = Release|x86
		{5939B014-18D5-4861-96DD-D8AE77B6DA00}.Ad-Hoc|Any CPU.Deploy.0 = Release|x86
		{5939B014-18D5-4861-96DD-D8AE77B6DA00}.Ad-Hoc|ARM.ActiveCfg = Release|ARM
		{5939B014-18D5-4861-96DD-D8AE77B6DA00}.Ad-Hoc|ARM.Build.0 = Release|ARM
		{5939B014-18D5-4861-96DD-D8AE77B6DA00}.Ad-Hoc|ARM.Deploy.0 = Release|ARM
		{5939B014-18D5-4861-96DD-D8AE77B6DA00}.Ad-Hoc|iPhone.ActiveCfg = Release|x86
		{5939B014-18D5-4861-96DD-D8AE77B6DA00}.Ad-Hoc|iPhone.Build.0 = Release|x86
		{5939B014-18D5-4861-96DD-D8AE77B6DA00}.Ad-Hoc|iPhone.Deploy.0 = Release|x86
		{5939B014-18D5-4861-96DD-D8AE77B6DA00}.Ad-Hoc|iPhoneSimulator.ActiveCfg = Release|x86
		{5939B014-18D5-4861-96DD-D8AE77B6DA00}.Ad-Hoc|iPhoneSimulator.Build.0 = Release|x86
		{5939B014-18D5-4861-96DD-D8AE77B6DA00}.Ad-Hoc|iPhoneSimulator.Deploy.0 = Release|x86
		{5939B014-18D5-4861-96DD-D8AE77B6DA00}.Ad-Hoc|x64.ActiveCfg = Release|x64
		{5939B014-18D5-4861-96DD-D8AE77B6DA00}.Ad-Hoc|x64.Build.0 = Release|x64
		{5939B014-18D5-4861-96DD-D8AE77B6DA00}.Ad-Hoc|x64.Deploy.0 = Release|x64
		{5939B014-18D5-4861-96DD-D8AE77B6DA00}.Ad-Hoc|x86.ActiveCfg = Release|x86
		{5939B014-18D5-4861-96DD-D8AE77B6DA00}.Ad-Hoc|x86.Build.0 = Release|x86
		{5939B014-18D5-4861-96DD-D8AE77B6DA00}.Ad-Hoc|x86.Deploy.0 = Release|x86
		{5939B014-18D5-4861-96DD-D8AE77B6DA00}.AppStore|Any CPU.ActiveCfg = Release|x86
		{5939B014-18D5-4861-96DD-D8AE77B6DA00}.AppStore|Any CPU.Build.0 = Release|x86
		{5939B014-18D5-4861-96DD-D8AE77B6DA00}.AppStore|Any CPU.Deploy.0 = Release|x86
		{5939B014-18D5-4861-96DD-D8AE77B6DA00}.AppStore|ARM.ActiveCfg = Release|ARM
		{5939B014-18D5-4861-96DD-D8AE77B6DA00}.AppStore|ARM.Build.0 = Release|ARM
		{5939B014-18D5-4861-96DD-D8AE77B6DA00}.AppStore|ARM.Deploy.0 = Release|ARM
		{5939B014-18D5-4861-96DD-D8AE77B6DA00}.AppStore|iPhone.ActiveCfg = Release|x86
		{5939B014-18D5-4861-96DD-D8AE77B6DA00}.AppStore|iPhone.Build.0 = Release|x86
		{5939B014-18D5-4861-96DD-D8AE77B6DA00}.AppStore|iPhone.Deploy.0 = Release|x86
		{5939B014-18D5-4861-96DD-D8AE77B6DA00}.AppStore|iPhoneSimulator.ActiveCfg = Release|x86
		{5939B014-18D5-4861-96DD-D8AE77B6DA00}.AppStore|iPhoneSimulator.Build.0 = Release|x86
		{5939B014-18D5-4861-96DD-D8AE77B6DA00}.AppStore|iPhoneSimulator.Deploy.0 = Release|x86
		{5939B014-18D5-4861-96DD-D8AE77B6DA00}.AppStore|x64.ActiveCfg = Release|x64
		{5939B014-18D5-4861-96DD-D8AE77B6DA00}.AppStore|x64.Build.0 = Release|x64
		{5939B014-18D5-4861-96DD-D8AE77B6DA00}.AppStore|x64.Deploy.0 = Release|x64
		{5939B014-18D5-4861-96DD-D8AE77B6DA00}.AppStore|x86.ActiveCfg = Release|x86
		{5939B014-18D5-4861-96DD-D8AE77B6DA00}.AppStore|x86.Build.0 = Release|x86
		{5939B014-18D5-4861-96DD-D8AE77B6DA00}.AppStore|x86.Deploy.0 = Release|x86
		{5939B014-18D5-4861-96DD-D8AE77B6DA00}.Debug|Any CPU.ActiveCfg = Debug|x86
		{5939B014-18D5-4861-96DD-D8AE77B6DA00}.Debug|ARM.ActiveCfg = Debug|ARM
		{5939B014-18D5-4861-96DD-D8AE77B6DA00}.Debug|ARM.Build.0 = Debug|ARM
		{5939B014-18D5-4861-96DD-D8AE77B6DA00}.Debug|ARM.Deploy.0 = Debug|ARM
		{5939B014-18D5-4861-96DD-D8AE77B6DA00}.Debug|iPhone.ActiveCfg = Debug|x86
		{5939B014-18D5-4861-96DD-D8AE77B6DA00}.Debug|iPhoneSimulator.ActiveCfg = Debug|x86
		{5939B014-18D5-4861-96DD-D8AE77B6DA00}.Debug|x64.ActiveCfg = Debug|x64
		{5939B014-18D5-4861-96DD-D8AE77B6DA00}.Debug|x64.Build.0 = Debug|x64
		{5939B014-18D5-4861-96DD-D8AE77B6DA00}.Debug|x64.Deploy.0 = Debug|x64
		{5939B014-18D5-4861-96DD-D8AE77B6DA00}.Debug|x86.ActiveCfg = Debug|x86
		{5939B014-18D5-4861-96DD-D8AE77B6DA00}.Debug|x86.Build.0 = Debug|x86
		{5939B014-18D5-4861-96DD-D8AE77B6DA00}.Debug|x86.Deploy.0 = Debug|x86
		{5939B014-18D5-4861-96DD-D8AE77B6DA00}.Release|Any CPU.ActiveCfg = Release|x86
		{5939B014-18D5-4861-96DD-D8AE77B6DA00}.Release|ARM.ActiveCfg = Release|ARM
		{5939B014-18D5-4861-96DD-D8AE77B6DA00}.Release|ARM.Build.0 = Release|ARM
		{5939B014-18D5-4861-96DD-D8AE77B6DA00}.Release|ARM.Deploy.0 = Release|ARM
		{5939B014-18D5-4861-96DD-D8AE77B6DA00}.Release|iPhone.ActiveCfg = Release|x86
		{5939B014-18D5-4861-96DD-D8AE77B6DA00}.Release|iPhoneSimulator.ActiveCfg = Release|x86
		{5939B014-18D5-4861-96DD-D8AE77B6DA00}.Release|x64.ActiveCfg = Release|x64
		{5939B014-18D5-4861-96DD-D8AE77B6DA00}.Release|x64.Build.0 = Release|x64
		{5939B014-18D5-4861-96DD-D8AE77B6DA00}.Release|x64.Deploy.0 = Release|x64
		{5939B014-18D5-4861-96DD-D8AE77B6DA00}.Release|x86.ActiveCfg = Release|x86
		{5939B014-18D5-4861-96DD-D8AE77B6DA00}.Release|x86.Build.0 = Release|x86
		{5939B014-18D5-4861-96DD-D8AE77B6DA00}.Release|x86.Deploy.0 = Release|x86
		{725620B7-0B61-40DE-9A9A-28BCA9F45878}.Ad-Hoc|Any CPU.ActiveCfg = Ad-Hoc|iPhone
		{725620B7-0B61-40DE-9A9A-28BCA9F45878}.Ad-Hoc|ARM.ActiveCfg = Ad-Hoc|iPhone
		{725620B7-0B61-40DE-9A9A-28BCA9F45878}.Ad-Hoc|iPhone.ActiveCfg = Ad-Hoc|iPhone
		{725620B7-0B61-40DE-9A9A-28BCA9F45878}.Ad-Hoc|iPhone.Build.0 = Ad-Hoc|iPhone
		{725620B7-0B61-40DE-9A9A-28BCA9F45878}.Ad-Hoc|iPhoneSimulator.ActiveCfg = Ad-Hoc|iPhoneSimulator
		{725620B7-0B61-40DE-9A9A-28BCA9F45878}.Ad-Hoc|iPhoneSimulator.Build.0 = Ad-Hoc|iPhoneSimulator
		{725620B7-0B61-40DE-9A9A-28BCA9F45878}.Ad-Hoc|x64.ActiveCfg = Ad-Hoc|iPhone
		{725620B7-0B61-40DE-9A9A-28BCA9F45878}.Ad-Hoc|x86.ActiveCfg = Ad-Hoc|iPhone
		{725620B7-0B61-40DE-9A9A-28BCA9F45878}.AppStore|Any CPU.ActiveCfg = AppStore|iPhone
		{725620B7-0B61-40DE-9A9A-28BCA9F45878}.AppStore|ARM.ActiveCfg = AppStore|iPhone
		{725620B7-0B61-40DE-9A9A-28BCA9F45878}.AppStore|iPhone.ActiveCfg = AppStore|iPhone
		{725620B7-0B61-40DE-9A9A-28BCA9F45878}.AppStore|iPhone.Build.0 = AppStore|iPhone
		{725620B7-0B61-40DE-9A9A-28BCA9F45878}.AppStore|iPhoneSimulator.ActiveCfg = AppStore|iPhoneSimulator
		{725620B7-0B61-40DE-9A9A-28BCA9F45878}.AppStore|iPhoneSimulator.Build.0 = AppStore|iPhoneSimulator
		{725620B7-0B61-40DE-9A9A-28BCA9F45878}.AppStore|x64.ActiveCfg = AppStore|iPhone
		{725620B7-0B61-40DE-9A9A-28BCA9F45878}.AppStore|x86.ActiveCfg = AppStore|iPhone
		{725620B7-0B61-40DE-9A9A-28BCA9F45878}.Debug|Any CPU.ActiveCfg = Debug|iPhone
		{725620B7-0B61-40DE-9A9A-28BCA9F45878}.Debug|ARM.ActiveCfg = Debug|iPhone
		{725620B7-0B61-40DE-9A9A-28BCA9F45878}.Debug|iPhone.ActiveCfg = Debug|iPhone
		{725620B7-0B61-40DE-9A9A-28BCA9F45878}.Debug|iPhone.Build.0 = Debug|iPhone
		{725620B7-0B61-40DE-9A9A-28BCA9F45878}.Debug|iPhoneSimulator.ActiveCfg = Debug|iPhoneSimulator
		{725620B7-0B61-40DE-9A9A-28BCA9F45878}.Debug|iPhoneSimulator.Build.0 = Debug|iPhoneSimulator
		{725620B7-0B61-40DE-9A9A-28BCA9F45878}.Debug|x64.ActiveCfg = Debug|iPhone
		{725620B7-0B61-40DE-9A9A-28BCA9F45878}.Debug|x86.ActiveCfg = Debug|iPhone
		{725620B7-0B61-40DE-9A9A-28BCA9F45878}.Release|Any CPU.ActiveCfg = Release|iPhone
		{725620B7-0B61-40DE-9A9A-28BCA9F45878}.Release|ARM.ActiveCfg = Release|iPhone
		{725620B7-0B61-40DE-9A9A-28BCA9F45878}.Release|iPhone.ActiveCfg = Release|iPhone
		{725620B7-0B61-40DE-9A9A-28BCA9F45878}.Release|iPhone.Build.0 = Release|iPhone
		{725620B7-0B61-40DE-9A9A-28BCA9F45878}.Release|iPhoneSimulator.ActiveCfg = Release|iPhoneSimulator
		{725620B7-0B61-40DE-9A9A-28BCA9F45878}.Release|iPhoneSimulator.Build.0 = Release|iPhoneSimulator
		{725620B7-0B61-40DE-9A9A-28BCA9F45878}.Release|x64.ActiveCfg = Release|iPhone
		{725620B7-0B61-40DE-9A9A-28BCA9F45878}.Release|x86.ActiveCfg = Release|iPhone
	EndGlobalSection
	GlobalSection(SolutionProperties) = preSolution
		HideSolutionNode = FALSE
	EndGlobalSection
EndGlobal
