
Microsoft Visual Studio Solution File, Format Version 12.00
# Visual Studio 14
VisualStudioVersion = 14.0.25420.1
MinimumVisualStudioVersion = 10.0.40219.1
Project("{FAE04EC0-301F-11D3-BF4B-00C04F79EFBC}") = "exercise03.Android", "exercise03\exercise03.Android\exercise03.Android.csproj", "{DB3F9012-AC82-4471-8F5F-471DEC77E330}"
EndProject
Project("{FAE04EC0-301F-11D3-BF4B-00C04F79EFBC}") = "exercise03", "exercise03\exercise03\exercise03.csproj", "{CC9BEF7E-540B-4209-AB03-922CA0F9FB31}"
EndProject
Project("{FAE04EC0-301F-11D3-BF4B-00C04F79EFBC}") = "exercise03.UWP", "exercise03\exercise03.UWP\exercise03.UWP.csproj", "{57BE4E07-98B2-4F5C-A43D-498F2E89FB53}"
EndProject
Project("{FAE04EC0-301F-11D3-BF4B-00C04F79EFBC}") = "exercise03.iOS", "exercise03\exercise03.iOS\exercise03.iOS.csproj", "{B28DA644-EB38-4B19-B0E1-5E5354524701}"
EndProject
Global
	GlobalSection(SolutionConfigurationPlatforms) = preSolution
		Ad-Hoc|Any CPU = Ad-Hoc|Any CPU
		Ad-Hoc|ARM = Ad-Hoc|ARM
		Ad-Hoc|iPhone = Ad-Hoc|iPhone
		Ad-Hoc|iPhoneSimulator = Ad-Hoc|iPhoneSimulator
		Ad-Hoc|x64 = Ad-Hoc|x64
		Ad-Hoc|x86 = Ad-Hoc|x86
		AppStore|Any CPU = AppStore|Any CPU
		AppStore|ARM = AppStore|ARM
		AppStore|iPhone = AppStore|iPhone
		AppStore|iPhoneSimulator = AppStore|iPhoneSimulator
		AppStore|x64 = AppStore|x64
		AppStore|x86 = AppStore|x86
		Debug|Any CPU = Debug|Any CPU
		Debug|ARM = Debug|ARM
		Debug|iPhone = Debug|iPhone
		Debug|iPhoneSimulator = Debug|iPhoneSimulator
		Debug|x64 = Debug|x64
		Debug|x86 = Debug|x86
		Release|Any CPU = Release|Any CPU
		Release|ARM = Release|ARM
		Release|iPhone = Release|iPhone
		Release|iPhoneSimulator = Release|iPhoneSimulator
		Release|x64 = Release|x64
		Release|x86 = Release|x86
	EndGlobalSection
	GlobalSection(ProjectConfigurationPlatforms) = postSolution
		{DB3F9012-AC82-4471-8F5F-471DEC77E330}.Ad-Hoc|Any CPU.ActiveCfg = Release|Any CPU
		{DB3F9012-AC82-4471-8F5F-471DEC77E330}.Ad-Hoc|Any CPU.Build.0 = Release|Any CPU
		{DB3F9012-AC82-4471-8F5F-471DEC77E330}.Ad-Hoc|Any CPU.Deploy.0 = Release|Any CPU
		{DB3F9012-AC82-4471-8F5F-471DEC77E330}.Ad-Hoc|ARM.ActiveCfg = Release|Any CPU
		{DB3F9012-AC82-4471-8F5F-471DEC77E330}.Ad-Hoc|ARM.Build.0 = Release|Any CPU
		{DB3F9012-AC82-4471-8F5F-471DEC77E330}.Ad-Hoc|ARM.Deploy.0 = Release|Any CPU
		{DB3F9012-AC82-4471-8F5F-471DEC77E330}.Ad-Hoc|iPhone.ActiveCfg = Release|Any CPU
		{DB3F9012-AC82-4471-8F5F-471DEC77E330}.Ad-Hoc|iPhone.Build.0 = Release|Any CPU
		{DB3F9012-AC82-4471-8F5F-471DEC77E330}.Ad-Hoc|iPhone.Deploy.0 = Release|Any CPU
		{DB3F9012-AC82-4471-8F5F-471DEC77E330}.Ad-Hoc|iPhoneSimulator.ActiveCfg = Release|Any CPU
		{DB3F9012-AC82-4471-8F5F-471DEC77E330}.Ad-Hoc|iPhoneSimulator.Build.0 = Release|Any CPU
		{DB3F9012-AC82-4471-8F5F-471DEC77E330}.Ad-Hoc|iPhoneSimulator.Deploy.0 = Release|Any CPU
		{DB3F9012-AC82-4471-8F5F-471DEC77E330}.Ad-Hoc|x64.ActiveCfg = Release|Any CPU
		{DB3F9012-AC82-4471-8F5F-471DEC77E330}.Ad-Hoc|x64.Build.0 = Release|Any CPU
		{DB3F9012-AC82-4471-8F5F-471DEC77E330}.Ad-Hoc|x64.Deploy.0 = Release|Any CPU
		{DB3F9012-AC82-4471-8F5F-471DEC77E330}.Ad-Hoc|x86.ActiveCfg = Release|Any CPU
		{DB3F9012-AC82-4471-8F5F-471DEC77E330}.Ad-Hoc|x86.Build.0 = Release|Any CPU
		{DB3F9012-AC82-4471-8F5F-471DEC77E330}.Ad-Hoc|x86.Deploy.0 = Release|Any CPU
		{DB3F9012-AC82-4471-8F5F-471DEC77E330}.AppStore|Any CPU.ActiveCfg = Release|Any CPU
		{DB3F9012-AC82-4471-8F5F-471DEC77E330}.AppStore|Any CPU.Build.0 = Release|Any CPU
		{DB3F9012-AC82-4471-8F5F-471DEC77E330}.AppStore|Any CPU.Deploy.0 = Release|Any CPU
		{DB3F9012-AC82-4471-8F5F-471DEC77E330}.AppStore|ARM.ActiveCfg = Release|Any CPU
		{DB3F9012-AC82-4471-8F5F-471DEC77E330}.AppStore|ARM.Build.0 = Release|Any CPU
		{DB3F9012-AC82-4471-8F5F-471DEC77E330}.AppStore|ARM.Deploy.0 = Release|Any CPU
		{DB3F9012-AC82-4471-8F5F-471DEC77E330}.AppStore|iPhone.ActiveCfg = Release|Any CPU
		{DB3F9012-AC82-4471-8F5F-471DEC77E330}.AppStore|iPhone.Build.0 = Release|Any CPU
		{DB3F9012-AC82-4471-8F5F-471DEC77E330}.AppStore|iPhone.Deploy.0 = Release|Any CPU
		{DB3F9012-AC82-4471-8F5F-471DEC77E330}.AppStore|iPhoneSimulator.ActiveCfg = Release|Any CPU
		{DB3F9012-AC82-4471-8F5F-471DEC77E330}.AppStore|iPhoneSimulator.Build.0 = Release|Any CPU
		{DB3F9012-AC82-4471-8F5F-471DEC77E330}.AppStore|iPhoneSimulator.Deploy.0 = Release|Any CPU
		{DB3F9012-AC82-4471-8F5F-471DEC77E330}.AppStore|x64.ActiveCfg = Release|Any CPU
		{DB3F9012-AC82-4471-8F5F-471DEC77E330}.AppStore|x64.Build.0 = Release|Any CPU
		{DB3F9012-AC82-4471-8F5F-471DEC77E330}.AppStore|x64.Deploy.0 = Release|Any CPU
		{DB3F9012-AC82-4471-8F5F-471DEC77E330}.AppStore|x86.ActiveCfg = Release|Any CPU
		{DB3F9012-AC82-4471-8F5F-471DEC77E330}.AppStore|x86.Build.0 = Release|Any CPU
		{DB3F9012-AC82-4471-8F5F-471DEC77E330}.AppStore|x86.Deploy.0 = Release|Any CPU
		{DB3F9012-AC82-4471-8F5F-471DEC77E330}.Debug|Any CPU.ActiveCfg = Debug|Any CPU
		{DB3F9012-AC82-4471-8F5F-471DEC77E330}.Debug|Any CPU.Build.0 = Debug|Any CPU
		{DB3F9012-AC82-4471-8F5F-471DEC77E330}.Debug|Any CPU.Deploy.0 = Debug|Any CPU
		{DB3F9012-AC82-4471-8F5F-471DEC77E330}.Debug|ARM.ActiveCfg = Debug|Any CPU
		{DB3F9012-AC82-4471-8F5F-471DEC77E330}.Debug|ARM.Build.0 = Debug|Any CPU
		{DB3F9012-AC82-4471-8F5F-471DEC77E330}.Debug|ARM.Deploy.0 = Debug|Any CPU
		{DB3F9012-AC82-4471-8F5F-471DEC77E330}.Debug|iPhone.ActiveCfg = Debug|Any CPU
		{DB3F9012-AC82-4471-8F5F-471DEC77E330}.Debug|iPhone.Build.0 = Debug|Any CPU
		{DB3F9012-AC82-4471-8F5F-471DEC77E330}.Debug|iPhone.Deploy.0 = Debug|Any CPU
		{DB3F9012-AC82-4471-8F5F-471DEC77E330}.Debug|iPhoneSimulator.ActiveCfg = Debug|Any CPU
		{DB3F9012-AC82-4471-8F5F-471DEC77E330}.Debug|iPhoneSimulator.Build.0 = Debug|Any CPU
		{DB3F9012-AC82-4471-8F5F-471DEC77E330}.Debug|iPhoneSimulator.Deploy.0 = Debug|Any CPU
		{DB3F9012-AC82-4471-8F5F-471DEC77E330}.Debug|x64.ActiveCfg = Debug|Any CPU
		{DB3F9012-AC82-4471-8F5F-471DEC77E330}.Debug|x64.Build.0 = Debug|Any CPU
		{DB3F9012-AC82-4471-8F5F-471DEC77E330}.Debug|x64.Deploy.0 = Debug|Any CPU
		{DB3F9012-AC82-4471-8F5F-471DEC77E330}.Debug|x86.ActiveCfg = Debug|Any CPU
		{DB3F9012-AC82-4471-8F5F-471DEC77E330}.Debug|x86.Build.0 = Debug|Any CPU
		{DB3F9012-AC82-4471-8F5F-471DEC77E330}.Debug|x86.Deploy.0 = Debug|Any CPU
		{DB3F9012-AC82-4471-8F5F-471DEC77E330}.Release|Any CPU.ActiveCfg = Release|Any CPU
		{DB3F9012-AC82-4471-8F5F-471DEC77E330}.Release|Any CPU.Build.0 = Release|Any CPU
		{DB3F9012-AC82-4471-8F5F-471DEC77E330}.Release|Any CPU.Deploy.0 = Release|Any CPU
		{DB3F9012-AC82-4471-8F5F-471DEC77E330}.Release|ARM.ActiveCfg = Release|Any CPU
		{DB3F9012-AC82-4471-8F5F-471DEC77E330}.Release|ARM.Build.0 = Release|Any CPU
		{DB3F9012-AC82-4471-8F5F-471DEC77E330}.Release|ARM.Deploy.0 = Release|Any CPU
		{DB3F9012-AC82-4471-8F5F-471DEC77E330}.Release|iPhone.ActiveCfg = Release|Any CPU
		{DB3F9012-AC82-4471-8F5F-471DEC77E330}.Release|iPhone.Build.0 = Release|Any CPU
		{DB3F9012-AC82-4471-8F5F-471DEC77E330}.Release|iPhone.Deploy.0 = Release|Any CPU
		{DB3F9012-AC82-4471-8F5F-471DEC77E330}.Release|iPhoneSimulator.ActiveCfg = Release|Any CPU
		{DB3F9012-AC82-4471-8F5F-471DEC77E330}.Release|iPhoneSimulator.Build.0 = Release|Any CPU
		{DB3F9012-AC82-4471-8F5F-471DEC77E330}.Release|iPhoneSimulator.Deploy.0 = Release|Any CPU
		{DB3F9012-AC82-4471-8F5F-471DEC77E330}.Release|x64.ActiveCfg = Release|Any CPU
		{DB3F9012-AC82-4471-8F5F-471DEC77E330}.Release|x64.Build.0 = Release|Any CPU
		{DB3F9012-AC82-4471-8F5F-471DEC77E330}.Release|x64.Deploy.0 = Release|Any CPU
		{DB3F9012-AC82-4471-8F5F-471DEC77E330}.Release|x86.ActiveCfg = Release|Any CPU
		{DB3F9012-AC82-4471-8F5F-471DEC77E330}.Release|x86.Build.0 = Release|Any CPU
		{DB3F9012-AC82-4471-8F5F-471DEC77E330}.Release|x86.Deploy.0 = Release|Any CPU
		{CC9BEF7E-540B-4209-AB03-922CA0F9FB31}.Ad-Hoc|Any CPU.ActiveCfg = Release|Any CPU
		{CC9BEF7E-540B-4209-AB03-922CA0F9FB31}.Ad-Hoc|Any CPU.Build.0 = Release|Any CPU
		{CC9BEF7E-540B-4209-AB03-922CA0F9FB31}.Ad-Hoc|ARM.ActiveCfg = Release|Any CPU
		{CC9BEF7E-540B-4209-AB03-922CA0F9FB31}.Ad-Hoc|ARM.Build.0 = Release|Any CPU
		{CC9BEF7E-540B-4209-AB03-922CA0F9FB31}.Ad-Hoc|iPhone.ActiveCfg = Release|Any CPU
		{CC9BEF7E-540B-4209-AB03-922CA0F9FB31}.Ad-Hoc|iPhone.Build.0 = Release|Any CPU
		{CC9BEF7E-540B-4209-AB03-922CA0F9FB31}.Ad-Hoc|iPhoneSimulator.ActiveCfg = Release|Any CPU
		{CC9BEF7E-540B-4209-AB03-922CA0F9FB31}.Ad-Hoc|iPhoneSimulator.Build.0 = Release|Any CPU
		{CC9BEF7E-540B-4209-AB03-922CA0F9FB31}.Ad-Hoc|x64.ActiveCfg = Release|Any CPU
		{CC9BEF7E-540B-4209-AB03-922CA0F9FB31}.Ad-Hoc|x64.Build.0 = Release|Any CPU
		{CC9BEF7E-540B-4209-AB03-922CA0F9FB31}.Ad-Hoc|x86.ActiveCfg = Release|Any CPU
		{CC9BEF7E-540B-4209-AB03-922CA0F9FB31}.Ad-Hoc|x86.Build.0 = Release|Any CPU
		{CC9BEF7E-540B-4209-AB03-922CA0F9FB31}.AppStore|Any CPU.ActiveCfg = Release|Any CPU
		{CC9BEF7E-540B-4209-AB03-922CA0F9FB31}.AppStore|Any CPU.Build.0 = Release|Any CPU
		{CC9BEF7E-540B-4209-AB03-922CA0F9FB31}.AppStore|ARM.ActiveCfg = Release|Any CPU
		{CC9BEF7E-540B-4209-AB03-922CA0F9FB31}.AppStore|ARM.Build.0 = Release|Any CPU
		{CC9BEF7E-540B-4209-AB03-922CA0F9FB31}.AppStore|iPhone.ActiveCfg = Release|Any CPU
		{CC9BEF7E-540B-4209-AB03-922CA0F9FB31}.AppStore|iPhone.Build.0 = Release|Any CPU
		{CC9BEF7E-540B-4209-AB03-922CA0F9FB31}.AppStore|iPhoneSimulator.ActiveCfg = Release|Any CPU
		{CC9BEF7E-540B-4209-AB03-922CA0F9FB31}.AppStore|iPhoneSimulator.Build.0 = Release|Any CPU
		{CC9BEF7E-540B-4209-AB03-922CA0F9FB31}.AppStore|x64.ActiveCfg = Release|Any CPU
		{CC9BEF7E-540B-4209-AB03-922CA0F9FB31}.AppStore|x64.Build.0 = Release|Any CPU
		{CC9BEF7E-540B-4209-AB03-922CA0F9FB31}.AppStore|x86.ActiveCfg = Release|Any CPU
		{CC9BEF7E-540B-4209-AB03-922CA0F9FB31}.AppStore|x86.Build.0 = Release|Any CPU
		{CC9BEF7E-540B-4209-AB03-922CA0F9FB31}.Debug|Any CPU.ActiveCfg = Debug|Any CPU
		{CC9BEF7E-540B-4209-AB03-922CA0F9FB31}.Debug|Any CPU.Build.0 = Debug|Any CPU
		{CC9BEF7E-540B-4209-AB03-922CA0F9FB31}.Debug|ARM.ActiveCfg = Debug|Any CPU
		{CC9BEF7E-540B-4209-AB03-922CA0F9FB31}.Debug|ARM.Build.0 = Debug|Any CPU
		{CC9BEF7E-540B-4209-AB03-922CA0F9FB31}.Debug|iPhone.ActiveCfg = Debug|Any CPU
		{CC9BEF7E-540B-4209-AB03-922CA0F9FB31}.Debug|iPhone.Build.0 = Debug|Any CPU
		{CC9BEF7E-540B-4209-AB03-922CA0F9FB31}.Debug|iPhoneSimulator.ActiveCfg = Debug|Any CPU
		{CC9BEF7E-540B-4209-AB03-922CA0F9FB31}.Debug|iPhoneSimulator.Build.0 = Debug|Any CPU
		{CC9BEF7E-540B-4209-AB03-922CA0F9FB31}.Debug|x64.ActiveCfg = Debug|Any CPU
		{CC9BEF7E-540B-4209-AB03-922CA0F9FB31}.Debug|x64.Build.0 = Debug|Any CPU
		{CC9BEF7E-540B-4209-AB03-922CA0F9FB31}.Debug|x86.ActiveCfg = Debug|Any CPU
		{CC9BEF7E-540B-4209-AB03-922CA0F9FB31}.Debug|x86.Build.0 = Debug|Any CPU
		{CC9BEF7E-540B-4209-AB03-922CA0F9FB31}.Release|Any CPU.ActiveCfg = Release|Any CPU
		{CC9BEF7E-540B-4209-AB03-922CA0F9FB31}.Release|Any CPU.Build.0 = Release|Any CPU
		{CC9BEF7E-540B-4209-AB03-922CA0F9FB31}.Release|ARM.ActiveCfg = Release|Any CPU
		{CC9BEF7E-540B-4209-AB03-922CA0F9FB31}.Release|ARM.Build.0 = Release|Any CPU
		{CC9BEF7E-540B-4209-AB03-922CA0F9FB31}.Release|iPhone.ActiveCfg = Release|Any CPU
		{CC9BEF7E-540B-4209-AB03-922CA0F9FB31}.Release|iPhone.Build.0 = Release|Any CPU
		{CC9BEF7E-540B-4209-AB03-922CA0F9FB31}.Release|iPhoneSimulator.ActiveCfg = Release|Any CPU
		{CC9BEF7E-540B-4209-AB03-922CA0F9FB31}.Release|iPhoneSimulator.Build.0 = Release|Any CPU
		{CC9BEF7E-540B-4209-AB03-922CA0F9FB31}.Release|x64.ActiveCfg = Release|Any CPU
		{CC9BEF7E-540B-4209-AB03-922CA0F9FB31}.Release|x64.Build.0 = Release|Any CPU
		{CC9BEF7E-540B-4209-AB03-922CA0F9FB31}.Release|x86.ActiveCfg = Release|Any CPU
		{CC9BEF7E-540B-4209-AB03-922CA0F9FB31}.Release|x86.Build.0 = Release|Any CPU
		{57BE4E07-98B2-4F5C-A43D-498F2E89FB53}.Ad-Hoc|Any CPU.ActiveCfg = Release|x86
		{57BE4E07-98B2-4F5C-A43D-498F2E89FB53}.Ad-Hoc|Any CPU.Build.0 = Release|x86
		{57BE4E07-98B2-4F5C-A43D-498F2E89FB53}.Ad-Hoc|Any CPU.Deploy.0 = Release|x86
		{57BE4E07-98B2-4F5C-A43D-498F2E89FB53}.Ad-Hoc|ARM.ActiveCfg = Release|ARM
		{57BE4E07-98B2-4F5C-A43D-498F2E89FB53}.Ad-Hoc|ARM.Build.0 = Release|ARM
		{57BE4E07-98B2-4F5C-A43D-498F2E89FB53}.Ad-Hoc|ARM.Deploy.0 = Release|ARM
		{57BE4E07-98B2-4F5C-A43D-498F2E89FB53}.Ad-Hoc|iPhone.ActiveCfg = Release|x86
		{57BE4E07-98B2-4F5C-A43D-498F2E89FB53}.Ad-Hoc|iPhone.Build.0 = Release|x86
		{57BE4E07-98B2-4F5C-A43D-498F2E89FB53}.Ad-Hoc|iPhone.Deploy.0 = Release|x86
		{57BE4E07-98B2-4F5C-A43D-498F2E89FB53}.Ad-Hoc|iPhoneSimulator.ActiveCfg = Release|x86
		{57BE4E07-98B2-4F5C-A43D-498F2E89FB53}.Ad-Hoc|iPhoneSimulator.Build.0 = Release|x86
		{57BE4E07-98B2-4F5C-A43D-498F2E89FB53}.Ad-Hoc|iPhoneSimulator.Deploy.0 = Release|x86
		{57BE4E07-98B2-4F5C-A43D-498F2E89FB53}.Ad-Hoc|x64.ActiveCfg = Release|x64
		{57BE4E07-98B2-4F5C-A43D-498F2E89FB53}.Ad-Hoc|x64.Build.0 = Release|x64
		{57BE4E07-98B2-4F5C-A43D-498F2E89FB53}.Ad-Hoc|x64.Deploy.0 = Release|x64
		{57BE4E07-98B2-4F5C-A43D-498F2E89FB53}.Ad-Hoc|x86.ActiveCfg = Release|x86
		{57BE4E07-98B2-4F5C-A43D-498F2E89FB53}.Ad-Hoc|x86.Build.0 = Release|x86
		{57BE4E07-98B2-4F5C-A43D-498F2E89FB53}.Ad-Hoc|x86.Deploy.0 = Release|x86
		{57BE4E07-98B2-4F5C-A43D-498F2E89FB53}.AppStore|Any CPU.ActiveCfg = Release|x86
		{57BE4E07-98B2-4F5C-A43D-498F2E89FB53}.AppStore|Any CPU.Build.0 = Release|x86
		{57BE4E07-98B2-4F5C-A43D-498F2E89FB53}.AppStore|Any CPU.Deploy.0 = Release|x86
		{57BE4E07-98B2-4F5C-A43D-498F2E89FB53}.AppStore|ARM.ActiveCfg = Release|ARM
		{57BE4E07-98B2-4F5C-A43D-498F2E89FB53}.AppStore|ARM.Build.0 = Release|ARM
		{57BE4E07-98B2-4F5C-A43D-498F2E89FB53}.AppStore|ARM.Deploy.0 = Release|ARM
		{57BE4E07-98B2-4F5C-A43D-498F2E89FB53}.AppStore|iPhone.ActiveCfg = Release|x86
		{57BE4E07-98B2-4F5C-A43D-498F2E89FB53}.AppStore|iPhone.Build.0 = Release|x86
		{57BE4E07-98B2-4F5C-A43D-498F2E89FB53}.AppStore|iPhone.Deploy.0 = Release|x86
		{57BE4E07-98B2-4F5C-A43D-498F2E89FB53}.AppStore|iPhoneSimulator.ActiveCfg = Release|x86
		{57BE4E07-98B2-4F5C-A43D-498F2E89FB53}.AppStore|iPhoneSimulator.Build.0 = Release|x86
		{57BE4E07-98B2-4F5C-A43D-498F2E89FB53}.AppStore|iPhoneSimulator.Deploy.0 = Release|x86
		{57BE4E07-98B2-4F5C-A43D-498F2E89FB53}.AppStore|x64.ActiveCfg = Release|x64
		{57BE4E07-98B2-4F5C-A43D-498F2E89FB53}.AppStore|x64.Build.0 = Release|x64
		{57BE4E07-98B2-4F5C-A43D-498F2E89FB53}.AppStore|x64.Deploy.0 = Release|x64
		{57BE4E07-98B2-4F5C-A43D-498F2E89FB53}.AppStore|x86.ActiveCfg = Release|x86
		{57BE4E07-98B2-4F5C-A43D-498F2E89FB53}.AppStore|x86.Build.0 = Release|x86
		{57BE4E07-98B2-4F5C-A43D-498F2E89FB53}.AppStore|x86.Deploy.0 = Release|x86
		{57BE4E07-98B2-4F5C-A43D-498F2E89FB53}.Debug|Any CPU.ActiveCfg = Debug|x86
		{57BE4E07-98B2-4F5C-A43D-498F2E89FB53}.Debug|ARM.ActiveCfg = Debug|ARM
		{57BE4E07-98B2-4F5C-A43D-498F2E89FB53}.Debug|ARM.Build.0 = Debug|ARM
		{57BE4E07-98B2-4F5C-A43D-498F2E89FB53}.Debug|ARM.Deploy.0 = Debug|ARM
		{57BE4E07-98B2-4F5C-A43D-498F2E89FB53}.Debug|iPhone.ActiveCfg = Debug|x86
		{57BE4E07-98B2-4F5C-A43D-498F2E89FB53}.Debug|iPhoneSimulator.ActiveCfg = Debug|x86
		{57BE4E07-98B2-4F5C-A43D-498F2E89FB53}.Debug|x64.ActiveCfg = Debug|x64
		{57BE4E07-98B2-4F5C-A43D-498F2E89FB53}.Debug|x64.Build.0 = Debug|x64
		{57BE4E07-98B2-4F5C-A43D-498F2E89FB53}.Debug|x64.Deploy.0 = Debug|x64
		{57BE4E07-98B2-4F5C-A43D-498F2E89FB53}.Debug|x86.ActiveCfg = Debug|x86
		{57BE4E07-98B2-4F5C-A43D-498F2E89FB53}.Debug|x86.Build.0 = Debug|x86
		{57BE4E07-98B2-4F5C-A43D-498F2E89FB53}.Debug|x86.Deploy.0 = Debug|x86
		{57BE4E07-98B2-4F5C-A43D-498F2E89FB53}.Release|Any CPU.ActiveCfg = Release|x86
		{57BE4E07-98B2-4F5C-A43D-498F2E89FB53}.Release|ARM.ActiveCfg = Release|ARM
		{57BE4E07-98B2-4F5C-A43D-498F2E89FB53}.Release|ARM.Build.0 = Release|ARM
		{57BE4E07-98B2-4F5C-A43D-498F2E89FB53}.Release|ARM.Deploy.0 = Release|ARM
		{57BE4E07-98B2-4F5C-A43D-498F2E89FB53}.Release|iPhone.ActiveCfg = Release|x86
		{57BE4E07-98B2-4F5C-A43D-498F2E89FB53}.Release|iPhoneSimulator.ActiveCfg = Release|x86
		{57BE4E07-98B2-4F5C-A43D-498F2E89FB53}.Release|x64.ActiveCfg = Release|x64
		{57BE4E07-98B2-4F5C-A43D-498F2E89FB53}.Release|x64.Build.0 = Release|x64
		{57BE4E07-98B2-4F5C-A43D-498F2E89FB53}.Release|x64.Deploy.0 = Release|x64
		{57BE4E07-98B2-4F5C-A43D-498F2E89FB53}.Release|x86.ActiveCfg = Release|x86
		{57BE4E07-98B2-4F5C-A43D-498F2E89FB53}.Release|x86.Build.0 = Release|x86
		{57BE4E07-98B2-4F5C-A43D-498F2E89FB53}.Release|x86.Deploy.0 = Release|x86
		{B28DA644-EB38-4B19-B0E1-5E5354524701}.Ad-Hoc|Any CPU.ActiveCfg = Ad-Hoc|iPhone
		{B28DA644-EB38-4B19-B0E1-5E5354524701}.Ad-Hoc|ARM.ActiveCfg = Ad-Hoc|iPhone
		{B28DA644-EB38-4B19-B0E1-5E5354524701}.Ad-Hoc|iPhone.ActiveCfg = Ad-Hoc|iPhone
		{B28DA644-EB38-4B19-B0E1-5E5354524701}.Ad-Hoc|iPhone.Build.0 = Ad-Hoc|iPhone
		{B28DA644-EB38-4B19-B0E1-5E5354524701}.Ad-Hoc|iPhoneSimulator.ActiveCfg = Ad-Hoc|iPhoneSimulator
		{B28DA644-EB38-4B19-B0E1-5E5354524701}.Ad-Hoc|iPhoneSimulator.Build.0 = Ad-Hoc|iPhoneSimulator
		{B28DA644-EB38-4B19-B0E1-5E5354524701}.Ad-Hoc|x64.ActiveCfg = Ad-Hoc|iPhone
		{B28DA644-EB38-4B19-B0E1-5E5354524701}.Ad-Hoc|x86.ActiveCfg = Ad-Hoc|iPhone
		{B28DA644-EB38-4B19-B0E1-5E5354524701}.AppStore|Any CPU.ActiveCfg = AppStore|iPhone
		{B28DA644-EB38-4B19-B0E1-5E5354524701}.AppStore|ARM.ActiveCfg = AppStore|iPhone
		{B28DA644-EB38-4B19-B0E1-5E5354524701}.AppStore|iPhone.ActiveCfg = AppStore|iPhone
		{B28DA644-EB38-4B19-B0E1-5E5354524701}.AppStore|iPhone.Build.0 = AppStore|iPhone
		{B28DA644-EB38-4B19-B0E1-5E5354524701}.AppStore|iPhoneSimulator.ActiveCfg = AppStore|iPhoneSimulator
		{B28DA644-EB38-4B19-B0E1-5E5354524701}.AppStore|iPhoneSimulator.Build.0 = AppStore|iPhoneSimulator
		{B28DA644-EB38-4B19-B0E1-5E5354524701}.AppStore|x64.ActiveCfg = AppStore|iPhone
		{B28DA644-EB38-4B19-B0E1-5E5354524701}.AppStore|x86.ActiveCfg = AppStore|iPhone
		{B28DA644-EB38-4B19-B0E1-5E5354524701}.Debug|Any CPU.ActiveCfg = Debug|iPhone
		{B28DA644-EB38-4B19-B0E1-5E5354524701}.Debug|ARM.ActiveCfg = Debug|iPhone
		{B28DA644-EB38-4B19-B0E1-5E5354524701}.Debug|iPhone.ActiveCfg = Debug|iPhone
		{B28DA644-EB38-4B19-B0E1-5E5354524701}.Debug|iPhone.Build.0 = Debug|iPhone
		{B28DA644-EB38-4B19-B0E1-5E5354524701}.Debug|iPhoneSimulator.ActiveCfg = Debug|iPhoneSimulator
		{B28DA644-EB38-4B19-B0E1-5E5354524701}.Debug|iPhoneSimulator.Build.0 = Debug|iPhoneSimulator
		{B28DA644-EB38-4B19-B0E1-5E5354524701}.Debug|x64.ActiveCfg = Debug|iPhone
		{B28DA644-EB38-4B19-B0E1-5E5354524701}.Debug|x86.ActiveCfg = Debug|iPhone
		{B28DA644-EB38-4B19-B0E1-5E5354524701}.Release|Any CPU.ActiveCfg = Release|iPhone
		{B28DA644-EB38-4B19-B0E1-5E5354524701}.Release|ARM.ActiveCfg = Release|iPhone
		{B28DA644-EB38-4B19-B0E1-5E5354524701}.Release|iPhone.ActiveCfg = Release|iPhone
		{B28DA644-EB38-4B19-B0E1-5E5354524701}.Release|iPhone.Build.0 = Release|iPhone
		{B28DA644-EB38-4B19-B0E1-5E5354524701}.Release|iPhoneSimulator.ActiveCfg = Release|iPhoneSimulator
		{B28DA644-EB38-4B19-B0E1-5E5354524701}.Release|iPhoneSimulator.Build.0 = Release|iPhoneSimulator
		{B28DA644-EB38-4B19-B0E1-5E5354524701}.Release|x64.ActiveCfg = Release|iPhone
		{B28DA644-EB38-4B19-B0E1-5E5354524701}.Release|x86.ActiveCfg = Release|iPhone
	EndGlobalSection
	GlobalSection(SolutionProperties) = preSolution
		HideSolutionNode = FALSE
	EndGlobalSection
EndGlobal
