
Microsoft Visual Studio Solution File, Format Version 12.00
# Visual Studio 14
VisualStudioVersion = 14.0.25420.1
MinimumVisualStudioVersion = 10.0.40219.1
Project("{FAE04EC0-301F-11D3-BF4B-00C04F79EFBC}") = "exercise05_1.Android", "exercise05-1\exercise05_1.Android\exercise05_1.Android.csproj", "{633CA647-7CFB-4350-A693-ABA6ADDFA078}"
EndProject
Project("{FAE04EC0-301F-11D3-BF4B-00C04F79EFBC}") = "exercise05_1", "exercise05-1\exercise05_1\exercise05_1.csproj", "{118C74D5-6BD3-4090-A34A-ACF832A69E4A}"
EndProject
Project("{FAE04EC0-301F-11D3-BF4B-00C04F79EFBC}") = "exercise05_1.UWP", "exercise05-1\exercise05_1.UWP\exercise05_1.UWP.csproj", "{06B5EA6D-500B-4C66-953F-E32D375D72D4}"
EndProject
Project("{FAE04EC0-301F-11D3-BF4B-00C04F79EFBC}") = "exercise05_1.iOS", "exercise05-1\exercise05_1.iOS\exercise05_1.iOS.csproj", "{87CBBAD7-105C-4987-BC41-740A701CD845}"
EndProject
Global
	GlobalSection(SolutionConfigurationPlatforms) = preSolution
		Ad-Hoc|Any CPU = Ad-Hoc|Any CPU
		Ad-Hoc|ARM = Ad-Hoc|ARM
		Ad-Hoc|iPhone = Ad-Hoc|iPhone
		Ad-Hoc|iPhoneSimulator = Ad-Hoc|iPhoneSimulator
		Ad-Hoc|x64 = Ad-Hoc|x64
		Ad-Hoc|x86 = Ad-Hoc|x86
		AppStore|Any CPU = AppStore|Any CPU
		AppStore|ARM = AppStore|ARM
		AppStore|iPhone = AppStore|iPhone
		AppStore|iPhoneSimulator = AppStore|iPhoneSimulator
		AppStore|x64 = AppStore|x64
		AppStore|x86 = AppStore|x86
		Debug|Any CPU = Debug|Any CPU
		Debug|ARM = Debug|ARM
		Debug|iPhone = Debug|iPhone
		Debug|iPhoneSimulator = Debug|iPhoneSimulator
		Debug|x64 = Debug|x64
		Debug|x86 = Debug|x86
		Release|Any CPU = Release|Any CPU
		Release|ARM = Release|ARM
		Release|iPhone = Release|iPhone
		Release|iPhoneSimulator = Release|iPhoneSimulator
		Release|x64 = Release|x64
		Release|x86 = Release|x86
	EndGlobalSection
	GlobalSection(ProjectConfigurationPlatforms) = postSolution
		{633CA647-7CFB-4350-A693-ABA6ADDFA078}.Ad-Hoc|Any CPU.ActiveCfg = Release|Any CPU
		{633CA647-7CFB-4350-A693-ABA6ADDFA078}.Ad-Hoc|Any CPU.Build.0 = Release|Any CPU
		{633CA647-7CFB-4350-A693-ABA6ADDFA078}.Ad-Hoc|Any CPU.Deploy.0 = Release|Any CPU
		{633CA647-7CFB-4350-A693-ABA6ADDFA078}.Ad-Hoc|ARM.ActiveCfg = Release|Any CPU
		{633CA647-7CFB-4350-A693-ABA6ADDFA078}.Ad-Hoc|ARM.Build.0 = Release|Any CPU
		{633CA647-7CFB-4350-A693-ABA6ADDFA078}.Ad-Hoc|ARM.Deploy.0 = Release|Any CPU
		{633CA647-7CFB-4350-A693-ABA6ADDFA078}.Ad-Hoc|iPhone.ActiveCfg = Release|Any CPU
		{633CA647-7CFB-4350-A693-ABA6ADDFA078}.Ad-Hoc|iPhone.Build.0 = Release|Any CPU
		{633CA647-7CFB-4350-A693-ABA6ADDFA078}.Ad-Hoc|iPhone.Deploy.0 = Release|Any CPU
		{633CA647-7CFB-4350-A693-ABA6ADDFA078}.Ad-Hoc|iPhoneSimulator.ActiveCfg = Release|Any CPU
		{633CA647-7CFB-4350-A693-ABA6ADDFA078}.Ad-Hoc|iPhoneSimulator.Build.0 = Release|Any CPU
		{633CA647-7CFB-4350-A693-ABA6ADDFA078}.Ad-Hoc|iPhoneSimulator.Deploy.0 = Release|Any CPU
		{633CA647-7CFB-4350-A693-ABA6ADDFA078}.Ad-Hoc|x64.ActiveCfg = Release|Any CPU
		{633CA647-7CFB-4350-A693-ABA6ADDFA078}.Ad-Hoc|x64.Build.0 = Release|Any CPU
		{633CA647-7CFB-4350-A693-ABA6ADDFA078}.Ad-Hoc|x64.Deploy.0 = Release|Any CPU
		{633CA647-7CFB-4350-A693-ABA6ADDFA078}.Ad-Hoc|x86.ActiveCfg = Release|Any CPU
		{633CA647-7CFB-4350-A693-ABA6ADDFA078}.Ad-Hoc|x86.Build.0 = Release|Any CPU
		{633CA647-7CFB-4350-A693-ABA6ADDFA078}.Ad-Hoc|x86.Deploy.0 = Release|Any CPU
		{633CA647-7CFB-4350-A693-ABA6ADDFA078}.AppStore|Any CPU.ActiveCfg = Release|Any CPU
		{633CA647-7CFB-4350-A693-ABA6ADDFA078}.AppStore|Any CPU.Build.0 = Release|Any CPU
		{633CA647-7CFB-4350-A693-ABA6ADDFA078}.AppStore|Any CPU.Deploy.0 = Release|Any CPU
		{633CA647-7CFB-4350-A693-ABA6ADDFA078}.AppStore|ARM.ActiveCfg = Release|Any CPU
		{633CA647-7CFB-4350-A693-ABA6ADDFA078}.AppStore|ARM.Build.0 = Release|Any CPU
		{633CA647-7CFB-4350-A693-ABA6ADDFA078}.AppStore|ARM.Deploy.0 = Release|Any CPU
		{633CA647-7CFB-4350-A693-ABA6ADDFA078}.AppStore|iPhone.ActiveCfg = Release|Any CPU
		{633CA647-7CFB-4350-A693-ABA6ADDFA078}.AppStore|iPhone.Build.0 = Release|Any CPU
		{633CA647-7CFB-4350-A693-ABA6ADDFA078}.AppStore|iPhone.Deploy.0 = Release|Any CPU
		{633CA647-7CFB-4350-A693-ABA6ADDFA078}.AppStore|iPhoneSimulator.ActiveCfg = Release|Any CPU
		{633CA647-7CFB-4350-A693-ABA6ADDFA078}.AppStore|iPhoneSimulator.Build.0 = Release|Any CPU
		{633CA647-7CFB-4350-A693-ABA6ADDFA078}.AppStore|iPhoneSimulator.Deploy.0 = Release|Any CPU
		{633CA647-7CFB-4350-A693-ABA6ADDFA078}.AppStore|x64.ActiveCfg = Release|Any CPU
		{633CA647-7CFB-4350-A693-ABA6ADDFA078}.AppStore|x64.Build.0 = Release|Any CPU
		{633CA647-7CFB-4350-A693-ABA6ADDFA078}.AppStore|x64.Deploy.0 = Release|Any CPU
		{633CA647-7CFB-4350-A693-ABA6ADDFA078}.AppStore|x86.ActiveCfg = Release|Any CPU
		{633CA647-7CFB-4350-A693-ABA6ADDFA078}.AppStore|x86.Build.0 = Release|Any CPU
		{633CA647-7CFB-4350-A693-ABA6ADDFA078}.AppStore|x86.Deploy.0 = Release|Any CPU
		{633CA647-7CFB-4350-A693-ABA6ADDFA078}.Debug|Any CPU.ActiveCfg = Debug|Any CPU
		{633CA647-7CFB-4350-A693-ABA6ADDFA078}.Debug|Any CPU.Build.0 = Debug|Any CPU
		{633CA647-7CFB-4350-A693-ABA6ADDFA078}.Debug|Any CPU.Deploy.0 = Debug|Any CPU
		{633CA647-7CFB-4350-A693-ABA6ADDFA078}.Debug|ARM.ActiveCfg = Debug|Any CPU
		{633CA647-7CFB-4350-A693-ABA6ADDFA078}.Debug|ARM.Build.0 = Debug|Any CPU
		{633CA647-7CFB-4350-A693-ABA6ADDFA078}.Debug|ARM.Deploy.0 = Debug|Any CPU
		{633CA647-7CFB-4350-A693-ABA6ADDFA078}.Debug|iPhone.ActiveCfg = Debug|Any CPU
		{633CA647-7CFB-4350-A693-ABA6ADDFA078}.Debug|iPhone.Build.0 = Debug|Any CPU
		{633CA647-7CFB-4350-A693-ABA6ADDFA078}.Debug|iPhone.Deploy.0 = Debug|Any CPU
		{633CA647-7CFB-4350-A693-ABA6ADDFA078}.Debug|iPhoneSimulator.ActiveCfg = Debug|Any CPU
		{633CA647-7CFB-4350-A693-ABA6ADDFA078}.Debug|iPhoneSimulator.Build.0 = Debug|Any CPU
		{633CA647-7CFB-4350-A693-ABA6ADDFA078}.Debug|iPhoneSimulator.Deploy.0 = Debug|Any CPU
		{633CA647-7CFB-4350-A693-ABA6ADDFA078}.Debug|x64.ActiveCfg = Debug|Any CPU
		{633CA647-7CFB-4350-A693-ABA6ADDFA078}.Debug|x64.Build.0 = Debug|Any CPU
		{633CA647-7CFB-4350-A693-ABA6ADDFA078}.Debug|x64.Deploy.0 = Debug|Any CPU
		{633CA647-7CFB-4350-A693-ABA6ADDFA078}.Debug|x86.ActiveCfg = Debug|Any CPU
		{633CA647-7CFB-4350-A693-ABA6ADDFA078}.Debug|x86.Build.0 = Debug|Any CPU
		{633CA647-7CFB-4350-A693-ABA6ADDFA078}.Debug|x86.Deploy.0 = Debug|Any CPU
		{633CA647-7CFB-4350-A693-ABA6ADDFA078}.Release|Any CPU.ActiveCfg = Release|Any CPU
		{633CA647-7CFB-4350-A693-ABA6ADDFA078}.Release|Any CPU.Build.0 = Release|Any CPU
		{633CA647-7CFB-4350-A693-ABA6ADDFA078}.Release|Any CPU.Deploy.0 = Release|Any CPU
		{633CA647-7CFB-4350-A693-ABA6ADDFA078}.Release|ARM.ActiveCfg = Release|Any CPU
		{633CA647-7CFB-4350-A693-ABA6ADDFA078}.Release|ARM.Build.0 = Release|Any CPU
		{633CA647-7CFB-4350-A693-ABA6ADDFA078}.Release|ARM.Deploy.0 = Release|Any CPU
		{633CA647-7CFB-4350-A693-ABA6ADDFA078}.Release|iPhone.ActiveCfg = Release|Any CPU
		{633CA647-7CFB-4350-A693-ABA6ADDFA078}.Release|iPhone.Build.0 = Release|Any CPU
		{633CA647-7CFB-4350-A693-ABA6ADDFA078}.Release|iPhone.Deploy.0 = Release|Any CPU
		{633CA647-7CFB-4350-A693-ABA6ADDFA078}.Release|iPhoneSimulator.ActiveCfg = Release|Any CPU
		{633CA647-7CFB-4350-A693-ABA6ADDFA078}.Release|iPhoneSimulator.Build.0 = Release|Any CPU
		{633CA647-7CFB-4350-A693-ABA6ADDFA078}.Release|iPhoneSimulator.Deploy.0 = Release|Any CPU
		{633CA647-7CFB-4350-A693-ABA6ADDFA078}.Release|x64.ActiveCfg = Release|Any CPU
		{633CA647-7CFB-4350-A693-ABA6ADDFA078}.Release|x64.Build.0 = Release|Any CPU
		{633CA647-7CFB-4350-A693-ABA6ADDFA078}.Release|x64.Deploy.0 = Release|Any CPU
		{633CA647-7CFB-4350-A693-ABA6ADDFA078}.Release|x86.ActiveCfg = Release|Any CPU
		{633CA647-7CFB-4350-A693-ABA6ADDFA078}.Release|x86.Build.0 = Release|Any CPU
		{633CA647-7CFB-4350-A693-ABA6ADDFA078}.Release|x86.Deploy.0 = Release|Any CPU
		{118C74D5-6BD3-4090-A34A-ACF832A69E4A}.Ad-Hoc|Any CPU.ActiveCfg = Release|Any CPU
		{118C74D5-6BD3-4090-A34A-ACF832A69E4A}.Ad-Hoc|Any CPU.Build.0 = Release|Any CPU
		{118C74D5-6BD3-4090-A34A-ACF832A69E4A}.Ad-Hoc|ARM.ActiveCfg = Release|Any CPU
		{118C74D5-6BD3-4090-A34A-ACF832A69E4A}.Ad-Hoc|ARM.Build.0 = Release|Any CPU
		{118C74D5-6BD3-4090-A34A-ACF832A69E4A}.Ad-Hoc|iPhone.ActiveCfg = Release|Any CPU
		{118C74D5-6BD3-4090-A34A-ACF832A69E4A}.Ad-Hoc|iPhone.Build.0 = Release|Any CPU
		{118C74D5-6BD3-4090-A34A-ACF832A69E4A}.Ad-Hoc|iPhoneSimulator.ActiveCfg = Release|Any CPU
		{118C74D5-6BD3-4090-A34A-ACF832A69E4A}.Ad-Hoc|iPhoneSimulator.Build.0 = Release|Any CPU
		{118C74D5-6BD3-4090-A34A-ACF832A69E4A}.Ad-Hoc|x64.ActiveCfg = Release|Any CPU
		{118C74D5-6BD3-4090-A34A-ACF832A69E4A}.Ad-Hoc|x64.Build.0 = Release|Any CPU
		{118C74D5-6BD3-4090-A34A-ACF832A69E4A}.Ad-Hoc|x86.ActiveCfg = Release|Any CPU
		{118C74D5-6BD3-4090-A34A-ACF832A69E4A}.Ad-Hoc|x86.Build.0 = Release|Any CPU
		{118C74D5-6BD3-4090-A34A-ACF832A69E4A}.AppStore|Any CPU.ActiveCfg = Release|Any CPU
		{118C74D5-6BD3-4090-A34A-ACF832A69E4A}.AppStore|Any CPU.Build.0 = Release|Any CPU
		{118C74D5-6BD3-4090-A34A-ACF832A69E4A}.AppStore|ARM.ActiveCfg = Release|Any CPU
		{118C74D5-6BD3-4090-A34A-ACF832A69E4A}.AppStore|ARM.Build.0 = Release|Any CPU
		{118C74D5-6BD3-4090-A34A-ACF832A69E4A}.AppStore|iPhone.ActiveCfg = Release|Any CPU
		{118C74D5-6BD3-4090-A34A-ACF832A69E4A}.AppStore|iPhone.Build.0 = Release|Any CPU
		{118C74D5-6BD3-4090-A34A-ACF832A69E4A}.AppStore|iPhoneSimulator.ActiveCfg = Release|Any CPU
		{118C74D5-6BD3-4090-A34A-ACF832A69E4A}.AppStore|iPhoneSimulator.Build.0 = Release|Any CPU
		{118C74D5-6BD3-4090-A34A-ACF832A69E4A}.AppStore|x64.ActiveCfg = Release|Any CPU
		{118C74D5-6BD3-4090-A34A-ACF832A69E4A}.AppStore|x64.Build.0 = Release|Any CPU
		{118C74D5-6BD3-4090-A34A-ACF832A69E4A}.AppStore|x86.ActiveCfg = Release|Any CPU
		{118C74D5-6BD3-4090-A34A-ACF832A69E4A}.AppStore|x86.Build.0 = Release|Any CPU
		{118C74D5-6BD3-4090-A34A-ACF832A69E4A}.Debug|Any CPU.ActiveCfg = Debug|Any CPU
		{118C74D5-6BD3-4090-A34A-ACF832A69E4A}.Debug|Any CPU.Build.0 = Debug|Any CPU
		{118C74D5-6BD3-4090-A34A-ACF832A69E4A}.Debug|ARM.ActiveCfg = Debug|Any CPU
		{118C74D5-6BD3-4090-A34A-ACF832A69E4A}.Debug|ARM.Build.0 = Debug|Any CPU
		{118C74D5-6BD3-4090-A34A-ACF832A69E4A}.Debug|iPhone.ActiveCfg = Debug|Any CPU
		{118C74D5-6BD3-4090-A34A-ACF832A69E4A}.Debug|iPhone.Build.0 = Debug|Any CPU
		{118C74D5-6BD3-4090-A34A-ACF832A69E4A}.Debug|iPhoneSimulator.ActiveCfg = Debug|Any CPU
		{118C74D5-6BD3-4090-A34A-ACF832A69E4A}.Debug|iPhoneSimulator.Build.0 = Debug|Any CPU
		{118C74D5-6BD3-4090-A34A-ACF832A69E4A}.Debug|x64.ActiveCfg = Debug|Any CPU
		{118C74D5-6BD3-4090-A34A-ACF832A69E4A}.Debug|x64.Build.0 = Debug|Any CPU
		{118C74D5-6BD3-4090-A34A-ACF832A69E4A}.Debug|x86.ActiveCfg = Debug|Any CPU
		{118C74D5-6BD3-4090-A34A-ACF832A69E4A}.Debug|x86.Build.0 = Debug|Any CPU
		{118C74D5-6BD3-4090-A34A-ACF832A69E4A}.Release|Any CPU.ActiveCfg = Release|Any CPU
		{118C74D5-6BD3-4090-A34A-ACF832A69E4A}.Release|Any CPU.Build.0 = Release|Any CPU
		{118C74D5-6BD3-4090-A34A-ACF832A69E4A}.Release|ARM.ActiveCfg = Release|Any CPU
		{118C74D5-6BD3-4090-A34A-ACF832A69E4A}.Release|ARM.Build.0 = Release|Any CPU
		{118C74D5-6BD3-4090-A34A-ACF832A69E4A}.Release|iPhone.ActiveCfg = Release|Any CPU
		{118C74D5-6BD3-4090-A34A-ACF832A69E4A}.Release|iPhone.Build.0 = Release|Any CPU
		{118C74D5-6BD3-4090-A34A-ACF832A69E4A}.Release|iPhoneSimulator.ActiveCfg = Release|Any CPU
		{118C74D5-6BD3-4090-A34A-ACF832A69E4A}.Release|iPhoneSimulator.Build.0 = Release|Any CPU
		{118C74D5-6BD3-4090-A34A-ACF832A69E4A}.Release|x64.ActiveCfg = Release|Any CPU
		{118C74D5-6BD3-4090-A34A-ACF832A69E4A}.Release|x64.Build.0 = Release|Any CPU
		{118C74D5-6BD3-4090-A34A-ACF832A69E4A}.Release|x86.ActiveCfg = Release|Any CPU
		{118C74D5-6BD3-4090-A34A-ACF832A69E4A}.Release|x86.Build.0 = Release|Any CPU
		{06B5EA6D-500B-4C66-953F-E32D375D72D4}.Ad-Hoc|Any CPU.ActiveCfg = Release|x86
		{06B5EA6D-500B-4C66-953F-E32D375D72D4}.Ad-Hoc|Any CPU.Build.0 = Release|x86
		{06B5EA6D-500B-4C66-953F-E32D375D72D4}.Ad-Hoc|Any CPU.Deploy.0 = Release|x86
		{06B5EA6D-500B-4C66-953F-E32D375D72D4}.Ad-Hoc|ARM.ActiveCfg = Release|ARM
		{06B5EA6D-500B-4C66-953F-E32D375D72D4}.Ad-Hoc|ARM.Build.0 = Release|ARM
		{06B5EA6D-500B-4C66-953F-E32D375D72D4}.Ad-Hoc|ARM.Deploy.0 = Release|ARM
		{06B5EA6D-500B-4C66-953F-E32D375D72D4}.Ad-Hoc|iPhone.ActiveCfg = Release|x86
		{06B5EA6D-500B-4C66-953F-E32D375D72D4}.Ad-Hoc|iPhone.Build.0 = Release|x86
		{06B5EA6D-500B-4C66-953F-E32D375D72D4}.Ad-Hoc|iPhone.Deploy.0 = Release|x86
		{06B5EA6D-500B-4C66-953F-E32D375D72D4}.Ad-Hoc|iPhoneSimulator.ActiveCfg = Release|x86
		{06B5EA6D-500B-4C66-953F-E32D375D72D4}.Ad-Hoc|iPhoneSimulator.Build.0 = Release|x86
		{06B5EA6D-500B-4C66-953F-E32D375D72D4}.Ad-Hoc|iPhoneSimulator.Deploy.0 = Release|x86
		{06B5EA6D-500B-4C66-953F-E32D375D72D4}.Ad-Hoc|x64.ActiveCfg = Release|x64
		{06B5EA6D-500B-4C66-953F-E32D375D72D4}.Ad-Hoc|x64.Build.0 = Release|x64
		{06B5EA6D-500B-4C66-953F-E32D375D72D4}.Ad-Hoc|x64.Deploy.0 = Release|x64
		{06B5EA6D-500B-4C66-953F-E32D375D72D4}.Ad-Hoc|x86.ActiveCfg = Release|x86
		{06B5EA6D-500B-4C66-953F-E32D375D72D4}.Ad-Hoc|x86.Build.0 = Release|x86
		{06B5EA6D-500B-4C66-953F-E32D375D72D4}.Ad-Hoc|x86.Deploy.0 = Release|x86
		{06B5EA6D-500B-4C66-953F-E32D375D72D4}.AppStore|Any CPU.ActiveCfg = Release|x86
		{06B5EA6D-500B-4C66-953F-E32D375D72D4}.AppStore|Any CPU.Build.0 = Release|x86
		{06B5EA6D-500B-4C66-953F-E32D375D72D4}.AppStore|Any CPU.Deploy.0 = Release|x86
		{06B5EA6D-500B-4C66-953F-E32D375D72D4}.AppStore|ARM.ActiveCfg = Release|ARM
		{06B5EA6D-500B-4C66-953F-E32D375D72D4}.AppStore|ARM.Build.0 = Release|ARM
		{06B5EA6D-500B-4C66-953F-E32D375D72D4}.AppStore|ARM.Deploy.0 = Release|ARM
		{06B5EA6D-500B-4C66-953F-E32D375D72D4}.AppStore|iPhone.ActiveCfg = Release|x86
		{06B5EA6D-500B-4C66-953F-E32D375D72D4}.AppStore|iPhone.Build.0 = Release|x86
		{06B5EA6D-500B-4C66-953F-E32D375D72D4}.AppStore|iPhone.Deploy.0 = Release|x86
		{06B5EA6D-500B-4C66-953F-E32D375D72D4}.AppStore|iPhoneSimulator.ActiveCfg = Release|x86
		{06B5EA6D-500B-4C66-953F-E32D375D72D4}.AppStore|iPhoneSimulator.Build.0 = Release|x86
		{06B5EA6D-500B-4C66-953F-E32D375D72D4}.AppStore|iPhoneSimulator.Deploy.0 = Release|x86
		{06B5EA6D-500B-4C66-953F-E32D375D72D4}.AppStore|x64.ActiveCfg = Release|x64
		{06B5EA6D-500B-4C66-953F-E32D375D72D4}.AppStore|x64.Build.0 = Release|x64
		{06B5EA6D-500B-4C66-953F-E32D375D72D4}.AppStore|x64.Deploy.0 = Release|x64
		{06B5EA6D-500B-4C66-953F-E32D375D72D4}.AppStore|x86.ActiveCfg = Release|x86
		{06B5EA6D-500B-4C66-953F-E32D375D72D4}.AppStore|x86.Build.0 = Release|x86
		{06B5EA6D-500B-4C66-953F-E32D375D72D4}.AppStore|x86.Deploy.0 = Release|x86
		{06B5EA6D-500B-4C66-953F-E32D375D72D4}.Debug|Any CPU.ActiveCfg = Debug|x86
		{06B5EA6D-500B-4C66-953F-E32D375D72D4}.Debug|ARM.ActiveCfg = Debug|ARM
		{06B5EA6D-500B-4C66-953F-E32D375D72D4}.Debug|ARM.Build.0 = Debug|ARM
		{06B5EA6D-500B-4C66-953F-E32D375D72D4}.Debug|ARM.Deploy.0 = Debug|ARM
		{06B5EA6D-500B-4C66-953F-E32D375D72D4}.Debug|iPhone.ActiveCfg = Debug|x86
		{06B5EA6D-500B-4C66-953F-E32D375D72D4}.Debug|iPhoneSimulator.ActiveCfg = Debug|x86
		{06B5EA6D-500B-4C66-953F-E32D375D72D4}.Debug|x64.ActiveCfg = Debug|x64
		{06B5EA6D-500B-4C66-953F-E32D375D72D4}.Debug|x64.Build.0 = Debug|x64
		{06B5EA6D-500B-4C66-953F-E32D375D72D4}.Debug|x64.Deploy.0 = Debug|x64
		{06B5EA6D-500B-4C66-953F-E32D375D72D4}.Debug|x86.ActiveCfg = Debug|x86
		{06B5EA6D-500B-4C66-953F-E32D375D72D4}.Debug|x86.Build.0 = Debug|x86
		{06B5EA6D-500B-4C66-953F-E32D375D72D4}.Debug|x86.Deploy.0 = Debug|x86
		{06B5EA6D-500B-4C66-953F-E32D375D72D4}.Release|Any CPU.ActiveCfg = Release|x86
		{06B5EA6D-500B-4C66-953F-E32D375D72D4}.Release|ARM.ActiveCfg = Release|ARM
		{06B5EA6D-500B-4C66-953F-E32D375D72D4}.Release|ARM.Build.0 = Release|ARM
		{06B5EA6D-500B-4C66-953F-E32D375D72D4}.Release|ARM.Deploy.0 = Release|ARM
		{06B5EA6D-500B-4C66-953F-E32D375D72D4}.Release|iPhone.ActiveCfg = Release|x86
		{06B5EA6D-500B-4C66-953F-E32D375D72D4}.Release|iPhoneSimulator.ActiveCfg = Release|x86
		{06B5EA6D-500B-4C66-953F-E32D375D72D4}.Release|x64.ActiveCfg = Release|x64
		{06B5EA6D-500B-4C66-953F-E32D375D72D4}.Release|x64.Build.0 = Release|x64
		{06B5EA6D-500B-4C66-953F-E32D375D72D4}.Release|x64.Deploy.0 = Release|x64
		{06B5EA6D-500B-4C66-953F-E32D375D72D4}.Release|x86.ActiveCfg = Release|x86
		{06B5EA6D-500B-4C66-953F-E32D375D72D4}.Release|x86.Build.0 = Release|x86
		{06B5EA6D-500B-4C66-953F-E32D375D72D4}.Release|x86.Deploy.0 = Release|x86
		{87CBBAD7-105C-4987-BC41-740A701CD845}.Ad-Hoc|Any CPU.ActiveCfg = Ad-Hoc|iPhone
		{87CBBAD7-105C-4987-BC41-740A701CD845}.Ad-Hoc|ARM.ActiveCfg = Ad-Hoc|iPhone
		{87CBBAD7-105C-4987-BC41-740A701CD845}.Ad-Hoc|iPhone.ActiveCfg = Ad-Hoc|iPhone
		{87CBBAD7-105C-4987-BC41-740A701CD845}.Ad-Hoc|iPhone.Build.0 = Ad-Hoc|iPhone
		{87CBBAD7-105C-4987-BC41-740A701CD845}.Ad-Hoc|iPhoneSimulator.ActiveCfg = Ad-Hoc|iPhoneSimulator
		{87CBBAD7-105C-4987-BC41-740A701CD845}.Ad-Hoc|iPhoneSimulator.Build.0 = Ad-Hoc|iPhoneSimulator
		{87CBBAD7-105C-4987-BC41-740A701CD845}.Ad-Hoc|x64.ActiveCfg = Ad-Hoc|iPhone
		{87CBBAD7-105C-4987-BC41-740A701CD845}.Ad-Hoc|x86.ActiveCfg = Ad-Hoc|iPhone
		{87CBBAD7-105C-4987-BC41-740A701CD845}.AppStore|Any CPU.ActiveCfg = AppStore|iPhone
		{87CBBAD7-105C-4987-BC41-740A701CD845}.AppStore|ARM.ActiveCfg = AppStore|iPhone
		{87CBBAD7-105C-4987-BC41-740A701CD845}.AppStore|iPhone.ActiveCfg = AppStore|iPhone
		{87CBBAD7-105C-4987-BC41-740A701CD845}.AppStore|iPhone.Build.0 = AppStore|iPhone
		{87CBBAD7-105C-4987-BC41-740A701CD845}.AppStore|iPhoneSimulator.ActiveCfg = AppStore|iPhoneSimulator
		{87CBBAD7-105C-4987-BC41-740A701CD845}.AppStore|iPhoneSimulator.Build.0 = AppStore|iPhoneSimulator
		{87CBBAD7-105C-4987-BC41-740A701CD845}.AppStore|x64.ActiveCfg = AppStore|iPhone
		{87CBBAD7-105C-4987-BC41-740A701CD845}.AppStore|x86.ActiveCfg = AppStore|iPhone
		{87CBBAD7-105C-4987-BC41-740A701CD845}.Debug|Any CPU.ActiveCfg = Debug|iPhone
		{87CBBAD7-105C-4987-BC41-740A701CD845}.Debug|ARM.ActiveCfg = Debug|iPhone
		{87CBBAD7-105C-4987-BC41-740A701CD845}.Debug|iPhone.ActiveCfg = Debug|iPhone
		{87CBBAD7-105C-4987-BC41-740A701CD845}.Debug|iPhone.Build.0 = Debug|iPhone
		{87CBBAD7-105C-4987-BC41-740A701CD845}.Debug|iPhoneSimulator.ActiveCfg = Debug|iPhoneSimulator
		{87CBBAD7-105C-4987-BC41-740A701CD845}.Debug|iPhoneSimulator.Build.0 = Debug|iPhoneSimulator
		{87CBBAD7-105C-4987-BC41-740A701CD845}.Debug|x64.ActiveCfg = Debug|iPhone
		{87CBBAD7-105C-4987-BC41-740A701CD845}.Debug|x86.ActiveCfg = Debug|iPhone
		{87CBBAD7-105C-4987-BC41-740A701CD845}.Release|Any CPU.ActiveCfg = Release|iPhone
		{87CBBAD7-105C-4987-BC41-740A701CD845}.Release|ARM.ActiveCfg = Release|iPhone
		{87CBBAD7-105C-4987-BC41-740A701CD845}.Release|iPhone.ActiveCfg = Release|iPhone
		{87CBBAD7-105C-4987-BC41-740A701CD845}.Release|iPhone.Build.0 = Release|iPhone
		{87CBBAD7-105C-4987-BC41-740A701CD845}.Release|iPhoneSimulator.ActiveCfg = Release|iPhoneSimulator
		{87CBBAD7-105C-4987-BC41-740A701CD845}.Release|iPhoneSimulator.Build.0 = Release|iPhoneSimulator
		{87CBBAD7-105C-4987-BC41-740A701CD845}.Release|x64.ActiveCfg = Release|iPhone
		{87CBBAD7-105C-4987-BC41-740A701CD845}.Release|x86.ActiveCfg = Release|iPhone
	EndGlobalSection
	GlobalSection(SolutionProperties) = preSolution
		HideSolutionNode = FALSE
	EndGlobalSection
EndGlobal
