
Microsoft Visual Studio Solution File, Format Version 12.00
# Visual Studio 14
VisualStudioVersion = 14.0.25420.1
MinimumVisualStudioVersion = 10.0.40219.1
Project("{FAE04EC0-301F-11D3-BF4B-00C04F79EFBC}") = "Practica5._1.Android", "Practica5.1\Practica5._1.Android\Practica5._1.Android.csproj", "{DF8EB8B7-EC9F-4516-BB6E-F355EFA55A13}"
EndProject
Project("{FAE04EC0-301F-11D3-BF4B-00C04F79EFBC}") = "Practica5._1", "Practica5.1\Practica5._1\Practica5._1.csproj", "{2307DDBF-B824-42B0-B588-FDF2BB6F8FC4}"
EndProject
Project("{FAE04EC0-301F-11D3-BF4B-00C04F79EFBC}") = "Practica5._1.iOS", "Practica5.1\Practica5._1.iOS\Practica5._1.iOS.csproj", "{4B6BF37D-8FF1-41A8-9686-8901E8D474D7}"
EndProject
Global
	GlobalSection(SolutionConfigurationPlatforms) = preSolution
		Ad-Hoc|Any CPU = Ad-Hoc|Any CPU
		Ad-Hoc|iPhone = Ad-Hoc|iPhone
		Ad-Hoc|iPhoneSimulator = Ad-Hoc|iPhoneSimulator
		AppStore|Any CPU = AppStore|Any CPU
		AppStore|iPhone = AppStore|iPhone
		AppStore|iPhoneSimulator = AppStore|iPhoneSimulator
		Debug|Any CPU = Debug|Any CPU
		Debug|iPhone = Debug|iPhone
		Debug|iPhoneSimulator = Debug|iPhoneSimulator
		Release|Any CPU = Release|Any CPU
		Release|iPhone = Release|iPhone
		Release|iPhoneSimulator = Release|iPhoneSimulator
	EndGlobalSection
	GlobalSection(ProjectConfigurationPlatforms) = postSolution
		{DF8EB8B7-EC9F-4516-BB6E-F355EFA55A13}.Ad-Hoc|Any CPU.ActiveCfg = Release|Any CPU
		{DF8EB8B7-EC9F-4516-BB6E-F355EFA55A13}.Ad-Hoc|Any CPU.Build.0 = Release|Any CPU
		{DF8EB8B7-EC9F-4516-BB6E-F355EFA55A13}.Ad-Hoc|Any CPU.Deploy.0 = Release|Any CPU
		{DF8EB8B7-EC9F-4516-BB6E-F355EFA55A13}.Ad-Hoc|iPhone.ActiveCfg = Release|Any CPU
		{DF8EB8B7-EC9F-4516-BB6E-F355EFA55A13}.Ad-Hoc|iPhone.Build.0 = Release|Any CPU
		{DF8EB8B7-EC9F-4516-BB6E-F355EFA55A13}.Ad-Hoc|iPhone.Deploy.0 = Release|Any CPU
		{DF8EB8B7-EC9F-4516-BB6E-F355EFA55A13}.Ad-Hoc|iPhoneSimulator.ActiveCfg = Release|Any CPU
		{DF8EB8B7-EC9F-4516-BB6E-F355EFA55A13}.Ad-Hoc|iPhoneSimulator.Build.0 = Release|Any CPU
		{DF8EB8B7-EC9F-4516-BB6E-F355EFA55A13}.Ad-Hoc|iPhoneSimulator.Deploy.0 = Release|Any CPU
		{DF8EB8B7-EC9F-4516-BB6E-F355EFA55A13}.AppStore|Any CPU.ActiveCfg = Release|Any CPU
		{DF8EB8B7-EC9F-4516-BB6E-F355EFA55A13}.AppStore|Any CPU.Build.0 = Release|Any CPU
		{DF8EB8B7-EC9F-4516-BB6E-F355EFA55A13}.AppStore|Any CPU.Deploy.0 = Release|Any CPU
		{DF8EB8B7-EC9F-4516-BB6E-F355EFA55A13}.AppStore|iPhone.ActiveCfg = Release|Any CPU
		{DF8EB8B7-EC9F-4516-BB6E-F355EFA55A13}.AppStore|iPhone.Build.0 = Release|Any CPU
		{DF8EB8B7-EC9F-4516-BB6E-F355EFA55A13}.AppStore|iPhone.Deploy.0 = Release|Any CPU
		{DF8EB8B7-EC9F-4516-BB6E-F355EFA55A13}.AppStore|iPhoneSimulator.ActiveCfg = Release|Any CPU
		{DF8EB8B7-EC9F-4516-BB6E-F355EFA55A13}.AppStore|iPhoneSimulator.Build.0 = Release|Any CPU
		{DF8EB8B7-EC9F-4516-BB6E-F355EFA55A13}.AppStore|iPhoneSimulator.Deploy.0 = Release|Any CPU
		{DF8EB8B7-EC9F-4516-BB6E-F355EFA55A13}.Debug|Any CPU.ActiveCfg = Debug|Any CPU
		{DF8EB8B7-EC9F-4516-BB6E-F355EFA55A13}.Debug|Any CPU.Build.0 = Debug|Any CPU
		{DF8EB8B7-EC9F-4516-BB6E-F355EFA55A13}.Debug|Any CPU.Deploy.0 = Debug|Any CPU
		{DF8EB8B7-EC9F-4516-BB6E-F355EFA55A13}.Debug|iPhone.ActiveCfg = Debug|Any CPU
		{DF8EB8B7-EC9F-4516-BB6E-F355EFA55A13}.Debug|iPhone.Build.0 = Debug|Any CPU
		{DF8EB8B7-EC9F-4516-BB6E-F355EFA55A13}.Debug|iPhone.Deploy.0 = Debug|Any CPU
		{DF8EB8B7-EC9F-4516-BB6E-F355EFA55A13}.Debug|iPhoneSimulator.ActiveCfg = Debug|Any CPU
		{DF8EB8B7-EC9F-4516-BB6E-F355EFA55A13}.Debug|iPhoneSimulator.Build.0 = Debug|Any CPU
		{DF8EB8B7-EC9F-4516-BB6E-F355EFA55A13}.Debug|iPhoneSimulator.Deploy.0 = Debug|Any CPU
		{DF8EB8B7-EC9F-4516-BB6E-F355EFA55A13}.Release|Any CPU.ActiveCfg = Release|Any CPU
		{DF8EB8B7-EC9F-4516-BB6E-F355EFA55A13}.Release|Any CPU.Build.0 = Release|Any CPU
		{DF8EB8B7-EC9F-4516-BB6E-F355EFA55A13}.Release|Any CPU.Deploy.0 = Release|Any CPU
		{DF8EB8B7-EC9F-4516-BB6E-F355EFA55A13}.Release|iPhone.ActiveCfg = Release|Any CPU
		{DF8EB8B7-EC9F-4516-BB6E-F355EFA55A13}.Release|iPhone.Build.0 = Release|Any CPU
		{DF8EB8B7-EC9F-4516-BB6E-F355EFA55A13}.Release|iPhone.Deploy.0 = Release|Any CPU
		{DF8EB8B7-EC9F-4516-BB6E-F355EFA55A13}.Release|iPhoneSimulator.ActiveCfg = Release|Any CPU
		{DF8EB8B7-EC9F-4516-BB6E-F355EFA55A13}.Release|iPhoneSimulator.Build.0 = Release|Any CPU
		{DF8EB8B7-EC9F-4516-BB6E-F355EFA55A13}.Release|iPhoneSimulator.Deploy.0 = Release|Any CPU
		{2307DDBF-B824-42B0-B588-FDF2BB6F8FC4}.Ad-Hoc|Any CPU.ActiveCfg = Release|Any CPU
		{2307DDBF-B824-42B0-B588-FDF2BB6F8FC4}.Ad-Hoc|Any CPU.Build.0 = Release|Any CPU
		{2307DDBF-B824-42B0-B588-FDF2BB6F8FC4}.Ad-Hoc|iPhone.ActiveCfg = Release|Any CPU
		{2307DDBF-B824-42B0-B588-FDF2BB6F8FC4}.Ad-Hoc|iPhone.Build.0 = Release|Any CPU
		{2307DDBF-B824-42B0-B588-FDF2BB6F8FC4}.Ad-Hoc|iPhoneSimulator.ActiveCfg = Release|Any CPU
		{2307DDBF-B824-42B0-B588-FDF2BB6F8FC4}.Ad-Hoc|iPhoneSimulator.Build.0 = Release|Any CPU
		{2307DDBF-B824-42B0-B588-FDF2BB6F8FC4}.AppStore|Any CPU.ActiveCfg = Release|Any CPU
		{2307DDBF-B824-42B0-B588-FDF2BB6F8FC4}.AppStore|Any CPU.Build.0 = Release|Any CPU
		{2307DDBF-B824-42B0-B588-FDF2BB6F8FC4}.AppStore|iPhone.ActiveCfg = Release|Any CPU
		{2307DDBF-B824-42B0-B588-FDF2BB6F8FC4}.AppStore|iPhone.Build.0 = Release|Any CPU
		{2307DDBF-B824-42B0-B588-FDF2BB6F8FC4}.AppStore|iPhoneSimulator.ActiveCfg = Release|Any CPU
		{2307DDBF-B824-42B0-B588-FDF2BB6F8FC4}.AppStore|iPhoneSimulator.Build.0 = Release|Any CPU
		{2307DDBF-B824-42B0-B588-FDF2BB6F8FC4}.Debug|Any CPU.ActiveCfg = Debug|Any CPU
		{2307DDBF-B824-42B0-B588-FDF2BB6F8FC4}.Debug|Any CPU.Build.0 = Debug|Any CPU
		{2307DDBF-B824-42B0-B588-FDF2BB6F8FC4}.Debug|iPhone.ActiveCfg = Debug|Any CPU
		{2307DDBF-B824-42B0-B588-FDF2BB6F8FC4}.Debug|iPhone.Build.0 = Debug|Any CPU
		{2307DDBF-B824-42B0-B588-FDF2BB6F8FC4}.Debug|iPhoneSimulator.ActiveCfg = Debug|Any CPU
		{2307DDBF-B824-42B0-B588-FDF2BB6F8FC4}.Debug|iPhoneSimulator.Build.0 = Debug|Any CPU
		{2307DDBF-B824-42B0-B588-FDF2BB6F8FC4}.Release|Any CPU.ActiveCfg = Release|Any CPU
		{2307DDBF-B824-42B0-B588-FDF2BB6F8FC4}.Release|Any CPU.Build.0 = Release|Any CPU
		{2307DDBF-B824-42B0-B588-FDF2BB6F8FC4}.Release|iPhone.ActiveCfg = Release|Any CPU
		{2307DDBF-B824-42B0-B588-FDF2BB6F8FC4}.Release|iPhone.Build.0 = Release|Any CPU
		{2307DDBF-B824-42B0-B588-FDF2BB6F8FC4}.Release|iPhoneSimulator.ActiveCfg = Release|Any CPU
		{2307DDBF-B824-42B0-B588-FDF2BB6F8FC4}.Release|iPhoneSimulator.Build.0 = Release|Any CPU
		{4B6BF37D-8FF1-41A8-9686-8901E8D474D7}.Ad-Hoc|Any CPU.ActiveCfg = Ad-Hoc|iPhone
		{4B6BF37D-8FF1-41A8-9686-8901E8D474D7}.Ad-Hoc|iPhone.ActiveCfg = Ad-Hoc|iPhone
		{4B6BF37D-8FF1-41A8-9686-8901E8D474D7}.Ad-Hoc|iPhone.Build.0 = Ad-Hoc|iPhone
		{4B6BF37D-8FF1-41A8-9686-8901E8D474D7}.Ad-Hoc|iPhoneSimulator.ActiveCfg = Ad-Hoc|iPhoneSimulator
		{4B6BF37D-8FF1-41A8-9686-8901E8D474D7}.Ad-Hoc|iPhoneSimulator.Build.0 = Ad-Hoc|iPhoneSimulator
		{4B6BF37D-8FF1-41A8-9686-8901E8D474D7}.AppStore|Any CPU.ActiveCfg = AppStore|iPhone
		{4B6BF37D-8FF1-41A8-9686-8901E8D474D7}.AppStore|iPhone.ActiveCfg = AppStore|iPhone
		{4B6BF37D-8FF1-41A8-9686-8901E8D474D7}.AppStore|iPhone.Build.0 = AppStore|iPhone
		{4B6BF37D-8FF1-41A8-9686-8901E8D474D7}.AppStore|iPhoneSimulator.ActiveCfg = AppStore|iPhoneSimulator
		{4B6BF37D-8FF1-41A8-9686-8901E8D474D7}.AppStore|iPhoneSimulator.Build.0 = AppStore|iPhoneSimulator
		{4B6BF37D-8FF1-41A8-9686-8901E8D474D7}.Debug|Any CPU.ActiveCfg = Debug|iPhone
		{4B6BF37D-8FF1-41A8-9686-8901E8D474D7}.Debug|iPhone.ActiveCfg = Debug|iPhone
		{4B6BF37D-8FF1-41A8-9686-8901E8D474D7}.Debug|iPhone.Build.0 = Debug|iPhone
		{4B6BF37D-8FF1-41A8-9686-8901E8D474D7}.Debug|iPhoneSimulator.ActiveCfg = Debug|iPhoneSimulator
		{4B6BF37D-8FF1-41A8-9686-8901E8D474D7}.Debug|iPhoneSimulator.Build.0 = Debug|iPhoneSimulator
		{4B6BF37D-8FF1-41A8-9686-8901E8D474D7}.Release|Any CPU.ActiveCfg = Release|iPhone
		{4B6BF37D-8FF1-41A8-9686-8901E8D474D7}.Release|iPhone.ActiveCfg = Release|iPhone
		{4B6BF37D-8FF1-41A8-9686-8901E8D474D7}.Release|iPhone.Build.0 = Release|iPhone
		{4B6BF37D-8FF1-41A8-9686-8901E8D474D7}.Release|iPhoneSimulator.ActiveCfg = Release|iPhoneSimulator
		{4B6BF37D-8FF1-41A8-9686-8901E8D474D7}.Release|iPhoneSimulator.Build.0 = Release|iPhoneSimulator
	EndGlobalSection
	GlobalSection(SolutionProperties) = preSolution
		HideSolutionNode = FALSE
	EndGlobalSection
EndGlobal
