
Microsoft Visual Studio Solution File, Format Version 12.00
# Visual Studio 14
VisualStudioVersion = 14.0.25420.1
MinimumVisualStudioVersion = 10.0.40219.1
Project("{FAE04EC0-301F-11D3-BF4B-00C04F79EFBC}") = "App2.Android", "App2\App2.Android\App2.Android.csproj", "{E44848E2-E6D8-430D-B85B-AF0FB7D2CFCD}"
EndProject
Project("{FAE04EC0-301F-11D3-BF4B-00C04F79EFBC}") = "App2", "App2\App2\App2.csproj", "{DE9ED664-2AC9-4586-A18F-55D357D8C0FD}"
EndProject
Project("{FAE04EC0-301F-11D3-BF4B-00C04F79EFBC}") = "App2.UWP", "App2\App2.UWP\App2.UWP.csproj", "{44E20462-3432-45EC-B20F-E5F7BF09B5BD}"
EndProject
Project("{FAE04EC0-301F-11D3-BF4B-00C04F79EFBC}") = "App2.iOS", "App2\App2.iOS\App2.iOS.csproj", "{40D666C3-7E09-4C98-90E4-479EE5642A95}"
EndProject
Global
	GlobalSection(SolutionConfigurationPlatforms) = preSolution
		Ad-Hoc|Any CPU = Ad-Hoc|Any CPU
		Ad-Hoc|ARM = Ad-Hoc|ARM
		Ad-Hoc|iPhone = Ad-Hoc|iPhone
		Ad-Hoc|iPhoneSimulator = Ad-Hoc|iPhoneSimulator
		Ad-Hoc|x64 = Ad-Hoc|x64
		Ad-Hoc|x86 = Ad-Hoc|x86
		AppStore|Any CPU = AppStore|Any CPU
		AppStore|ARM = AppStore|ARM
		AppStore|iPhone = AppStore|iPhone
		AppStore|iPhoneSimulator = AppStore|iPhoneSimulator
		AppStore|x64 = AppStore|x64
		AppStore|x86 = AppStore|x86
		Debug|Any CPU = Debug|Any CPU
		Debug|ARM = Debug|ARM
		Debug|iPhone = Debug|iPhone
		Debug|iPhoneSimulator = Debug|iPhoneSimulator
		Debug|x64 = Debug|x64
		Debug|x86 = Debug|x86
		Release|Any CPU = Release|Any CPU
		Release|ARM = Release|ARM
		Release|iPhone = Release|iPhone
		Release|iPhoneSimulator = Release|iPhoneSimulator
		Release|x64 = Release|x64
		Release|x86 = Release|x86
	EndGlobalSection
	GlobalSection(ProjectConfigurationPlatforms) = postSolution
		{E44848E2-E6D8-430D-B85B-AF0FB7D2CFCD}.Ad-Hoc|Any CPU.ActiveCfg = Release|Any CPU
		{E44848E2-E6D8-430D-B85B-AF0FB7D2CFCD}.Ad-Hoc|Any CPU.Build.0 = Release|Any CPU
		{E44848E2-E6D8-430D-B85B-AF0FB7D2CFCD}.Ad-Hoc|Any CPU.Deploy.0 = Release|Any CPU
		{E44848E2-E6D8-430D-B85B-AF0FB7D2CFCD}.Ad-Hoc|ARM.ActiveCfg = Release|Any CPU
		{E44848E2-E6D8-430D-B85B-AF0FB7D2CFCD}.Ad-Hoc|ARM.Build.0 = Release|Any CPU
		{E44848E2-E6D8-430D-B85B-AF0FB7D2CFCD}.Ad-Hoc|ARM.Deploy.0 = Release|Any CPU
		{E44848E2-E6D8-430D-B85B-AF0FB7D2CFCD}.Ad-Hoc|iPhone.ActiveCfg = Release|Any CPU
		{E44848E2-E6D8-430D-B85B-AF0FB7D2CFCD}.Ad-Hoc|iPhone.Build.0 = Release|Any CPU
		{E44848E2-E6D8-430D-B85B-AF0FB7D2CFCD}.Ad-Hoc|iPhone.Deploy.0 = Release|Any CPU
		{E44848E2-E6D8-430D-B85B-AF0FB7D2CFCD}.Ad-Hoc|iPhoneSimulator.ActiveCfg = Release|Any CPU
		{E44848E2-E6D8-430D-B85B-AF0FB7D2CFCD}.Ad-Hoc|iPhoneSimulator.Build.0 = Release|Any CPU
		{E44848E2-E6D8-430D-B85B-AF0FB7D2CFCD}.Ad-Hoc|iPhoneSimulator.Deploy.0 = Release|Any CPU
		{E44848E2-E6D8-430D-B85B-AF0FB7D2CFCD}.Ad-Hoc|x64.ActiveCfg = Release|Any CPU
		{E44848E2-E6D8-430D-B85B-AF0FB7D2CFCD}.Ad-Hoc|x64.Build.0 = Release|Any CPU
		{E44848E2-E6D8-430D-B85B-AF0FB7D2CFCD}.Ad-Hoc|x64.Deploy.0 = Release|Any CPU
		{E44848E2-E6D8-430D-B85B-AF0FB7D2CFCD}.Ad-Hoc|x86.ActiveCfg = Release|Any CPU
		{E44848E2-E6D8-430D-B85B-AF0FB7D2CFCD}.Ad-Hoc|x86.Build.0 = Release|Any CPU
		{E44848E2-E6D8-430D-B85B-AF0FB7D2CFCD}.Ad-Hoc|x86.Deploy.0 = Release|Any CPU
		{E44848E2-E6D8-430D-B85B-AF0FB7D2CFCD}.AppStore|Any CPU.ActiveCfg = Release|Any CPU
		{E44848E2-E6D8-430D-B85B-AF0FB7D2CFCD}.AppStore|Any CPU.Build.0 = Release|Any CPU
		{E44848E2-E6D8-430D-B85B-AF0FB7D2CFCD}.AppStore|Any CPU.Deploy.0 = Release|Any CPU
		{E44848E2-E6D8-430D-B85B-AF0FB7D2CFCD}.AppStore|ARM.ActiveCfg = Release|Any CPU
		{E44848E2-E6D8-430D-B85B-AF0FB7D2CFCD}.AppStore|ARM.Build.0 = Release|Any CPU
		{E44848E2-E6D8-430D-B85B-AF0FB7D2CFCD}.AppStore|ARM.Deploy.0 = Release|Any CPU
		{E44848E2-E6D8-430D-B85B-AF0FB7D2CFCD}.AppStore|iPhone.ActiveCfg = Release|Any CPU
		{E44848E2-E6D8-430D-B85B-AF0FB7D2CFCD}.AppStore|iPhone.Build.0 = Release|Any CPU
		{E44848E2-E6D8-430D-B85B-AF0FB7D2CFCD}.AppStore|iPhone.Deploy.0 = Release|Any CPU
		{E44848E2-E6D8-430D-B85B-AF0FB7D2CFCD}.AppStore|iPhoneSimulator.ActiveCfg = Release|Any CPU
		{E44848E2-E6D8-430D-B85B-AF0FB7D2CFCD}.AppStore|iPhoneSimulator.Build.0 = Release|Any CPU
		{E44848E2-E6D8-430D-B85B-AF0FB7D2CFCD}.AppStore|iPhoneSimulator.Deploy.0 = Release|Any CPU
		{E44848E2-E6D8-430D-B85B-AF0FB7D2CFCD}.AppStore|x64.ActiveCfg = Release|Any CPU
		{E44848E2-E6D8-430D-B85B-AF0FB7D2CFCD}.AppStore|x64.Build.0 = Release|Any CPU
		{E44848E2-E6D8-430D-B85B-AF0FB7D2CFCD}.AppStore|x64.Deploy.0 = Release|Any CPU
		{E44848E2-E6D8-430D-B85B-AF0FB7D2CFCD}.AppStore|x86.ActiveCfg = Release|Any CPU
		{E44848E2-E6D8-430D-B85B-AF0FB7D2CFCD}.AppStore|x86.Build.0 = Release|Any CPU
		{E44848E2-E6D8-430D-B85B-AF0FB7D2CFCD}.AppStore|x86.Deploy.0 = Release|Any CPU
		{E44848E2-E6D8-430D-B85B-AF0FB7D2CFCD}.Debug|Any CPU.ActiveCfg = Debug|Any CPU
		{E44848E2-E6D8-430D-B85B-AF0FB7D2CFCD}.Debug|Any CPU.Build.0 = Debug|Any CPU
		{E44848E2-E6D8-430D-B85B-AF0FB7D2CFCD}.Debug|Any CPU.Deploy.0 = Debug|Any CPU
		{E44848E2-E6D8-430D-B85B-AF0FB7D2CFCD}.Debug|ARM.ActiveCfg = Debug|Any CPU
		{E44848E2-E6D8-430D-B85B-AF0FB7D2CFCD}.Debug|ARM.Build.0 = Debug|Any CPU
		{E44848E2-E6D8-430D-B85B-AF0FB7D2CFCD}.Debug|ARM.Deploy.0 = Debug|Any CPU
		{E44848E2-E6D8-430D-B85B-AF0FB7D2CFCD}.Debug|iPhone.ActiveCfg = Debug|Any CPU
		{E44848E2-E6D8-430D-B85B-AF0FB7D2CFCD}.Debug|iPhone.Build.0 = Debug|Any CPU
		{E44848E2-E6D8-430D-B85B-AF0FB7D2CFCD}.Debug|iPhone.Deploy.0 = Debug|Any CPU
		{E44848E2-E6D8-430D-B85B-AF0FB7D2CFCD}.Debug|iPhoneSimulator.ActiveCfg = Debug|Any CPU
		{E44848E2-E6D8-430D-B85B-AF0FB7D2CFCD}.Debug|iPhoneSimulator.Build.0 = Debug|Any CPU
		{E44848E2-E6D8-430D-B85B-AF0FB7D2CFCD}.Debug|iPhoneSimulator.Deploy.0 = Debug|Any CPU
		{E44848E2-E6D8-430D-B85B-AF0FB7D2CFCD}.Debug|x64.ActiveCfg = Debug|Any CPU
		{E44848E2-E6D8-430D-B85B-AF0FB7D2CFCD}.Debug|x64.Build.0 = Debug|Any CPU
		{E44848E2-E6D8-430D-B85B-AF0FB7D2CFCD}.Debug|x64.Deploy.0 = Debug|Any CPU
		{E44848E2-E6D8-430D-B85B-AF0FB7D2CFCD}.Debug|x86.ActiveCfg = Debug|Any CPU
		{E44848E2-E6D8-430D-B85B-AF0FB7D2CFCD}.Debug|x86.Build.0 = Debug|Any CPU
		{E44848E2-E6D8-430D-B85B-AF0FB7D2CFCD}.Debug|x86.Deploy.0 = Debug|Any CPU
		{E44848E2-E6D8-430D-B85B-AF0FB7D2CFCD}.Release|Any CPU.ActiveCfg = Release|Any CPU
		{E44848E2-E6D8-430D-B85B-AF0FB7D2CFCD}.Release|Any CPU.Build.0 = Release|Any CPU
		{E44848E2-E6D8-430D-B85B-AF0FB7D2CFCD}.Release|Any CPU.Deploy.0 = Release|Any CPU
		{E44848E2-E6D8-430D-B85B-AF0FB7D2CFCD}.Release|ARM.ActiveCfg = Release|Any CPU
		{E44848E2-E6D8-430D-B85B-AF0FB7D2CFCD}.Release|ARM.Build.0 = Release|Any CPU
		{E44848E2-E6D8-430D-B85B-AF0FB7D2CFCD}.Release|ARM.Deploy.0 = Release|Any CPU
		{E44848E2-E6D8-430D-B85B-AF0FB7D2CFCD}.Release|iPhone.ActiveCfg = Release|Any CPU
		{E44848E2-E6D8-430D-B85B-AF0FB7D2CFCD}.Release|iPhone.Build.0 = Release|Any CPU
		{E44848E2-E6D8-430D-B85B-AF0FB7D2CFCD}.Release|iPhone.Deploy.0 = Release|Any CPU
		{E44848E2-E6D8-430D-B85B-AF0FB7D2CFCD}.Release|iPhoneSimulator.ActiveCfg = Release|Any CPU
		{E44848E2-E6D8-430D-B85B-AF0FB7D2CFCD}.Release|iPhoneSimulator.Build.0 = Release|Any CPU
		{E44848E2-E6D8-430D-B85B-AF0FB7D2CFCD}.Release|iPhoneSimulator.Deploy.0 = Release|Any CPU
		{E44848E2-E6D8-430D-B85B-AF0FB7D2CFCD}.Release|x64.ActiveCfg = Release|Any CPU
		{E44848E2-E6D8-430D-B85B-AF0FB7D2CFCD}.Release|x64.Build.0 = Release|Any CPU
		{E44848E2-E6D8-430D-B85B-AF0FB7D2CFCD}.Release|x64.Deploy.0 = Release|Any CPU
		{E44848E2-E6D8-430D-B85B-AF0FB7D2CFCD}.Release|x86.ActiveCfg = Release|Any CPU
		{E44848E2-E6D8-430D-B85B-AF0FB7D2CFCD}.Release|x86.Build.0 = Release|Any CPU
		{E44848E2-E6D8-430D-B85B-AF0FB7D2CFCD}.Release|x86.Deploy.0 = Release|Any CPU
		{DE9ED664-2AC9-4586-A18F-55D357D8C0FD}.Ad-Hoc|Any CPU.ActiveCfg = Release|Any CPU
		{DE9ED664-2AC9-4586-A18F-55D357D8C0FD}.Ad-Hoc|Any CPU.Build.0 = Release|Any CPU
		{DE9ED664-2AC9-4586-A18F-55D357D8C0FD}.Ad-Hoc|ARM.ActiveCfg = Release|Any CPU
		{DE9ED664-2AC9-4586-A18F-55D357D8C0FD}.Ad-Hoc|ARM.Build.0 = Release|Any CPU
		{DE9ED664-2AC9-4586-A18F-55D357D8C0FD}.Ad-Hoc|iPhone.ActiveCfg = Release|Any CPU
		{DE9ED664-2AC9-4586-A18F-55D357D8C0FD}.Ad-Hoc|iPhone.Build.0 = Release|Any CPU
		{DE9ED664-2AC9-4586-A18F-55D357D8C0FD}.Ad-Hoc|iPhoneSimulator.ActiveCfg = Release|Any CPU
		{DE9ED664-2AC9-4586-A18F-55D357D8C0FD}.Ad-Hoc|iPhoneSimulator.Build.0 = Release|Any CPU
		{DE9ED664-2AC9-4586-A18F-55D357D8C0FD}.Ad-Hoc|x64.ActiveCfg = Release|Any CPU
		{DE9ED664-2AC9-4586-A18F-55D357D8C0FD}.Ad-Hoc|x64.Build.0 = Release|Any CPU
		{DE9ED664-2AC9-4586-A18F-55D357D8C0FD}.Ad-Hoc|x86.ActiveCfg = Release|Any CPU
		{DE9ED664-2AC9-4586-A18F-55D357D8C0FD}.Ad-Hoc|x86.Build.0 = Release|Any CPU
		{DE9ED664-2AC9-4586-A18F-55D357D8C0FD}.AppStore|Any CPU.ActiveCfg = Release|Any CPU
		{DE9ED664-2AC9-4586-A18F-55D357D8C0FD}.AppStore|Any CPU.Build.0 = Release|Any CPU
		{DE9ED664-2AC9-4586-A18F-55D357D8C0FD}.AppStore|ARM.ActiveCfg = Release|Any CPU
		{DE9ED664-2AC9-4586-A18F-55D357D8C0FD}.AppStore|ARM.Build.0 = Release|Any CPU
		{DE9ED664-2AC9-4586-A18F-55D357D8C0FD}.AppStore|iPhone.ActiveCfg = Release|Any CPU
		{DE9ED664-2AC9-4586-A18F-55D357D8C0FD}.AppStore|iPhone.Build.0 = Release|Any CPU
		{DE9ED664-2AC9-4586-A18F-55D357D8C0FD}.AppStore|iPhoneSimulator.ActiveCfg = Release|Any CPU
		{DE9ED664-2AC9-4586-A18F-55D357D8C0FD}.AppStore|iPhoneSimulator.Build.0 = Release|Any CPU
		{DE9ED664-2AC9-4586-A18F-55D357D8C0FD}.AppStore|x64.ActiveCfg = Release|Any CPU
		{DE9ED664-2AC9-4586-A18F-55D357D8C0FD}.AppStore|x64.Build.0 = Release|Any CPU
		{DE9ED664-2AC9-4586-A18F-55D357D8C0FD}.AppStore|x86.ActiveCfg = Release|Any CPU
		{DE9ED664-2AC9-4586-A18F-55D357D8C0FD}.AppStore|x86.Build.0 = Release|Any CPU
		{DE9ED664-2AC9-4586-A18F-55D357D8C0FD}.Debug|Any CPU.ActiveCfg = Debug|Any CPU
		{DE9ED664-2AC9-4586-A18F-55D357D8C0FD}.Debug|Any CPU.Build.0 = Debug|Any CPU
		{DE9ED664-2AC9-4586-A18F-55D357D8C0FD}.Debug|ARM.ActiveCfg = Debug|Any CPU
		{DE9ED664-2AC9-4586-A18F-55D357D8C0FD}.Debug|ARM.Build.0 = Debug|Any CPU
		{DE9ED664-2AC9-4586-A18F-55D357D8C0FD}.Debug|iPhone.ActiveCfg = Debug|Any CPU
		{DE9ED664-2AC9-4586-A18F-55D357D8C0FD}.Debug|iPhone.Build.0 = Debug|Any CPU
		{DE9ED664-2AC9-4586-A18F-55D357D8C0FD}.Debug|iPhoneSimulator.ActiveCfg = Debug|Any CPU
		{DE9ED664-2AC9-4586-A18F-55D357D8C0FD}.Debug|iPhoneSimulator.Build.0 = Debug|Any CPU
		{DE9ED664-2AC9-4586-A18F-55D357D8C0FD}.Debug|x64.ActiveCfg = Debug|Any CPU
		{DE9ED664-2AC9-4586-A18F-55D357D8C0FD}.Debug|x64.Build.0 = Debug|Any CPU
		{DE9ED664-2AC9-4586-A18F-55D357D8C0FD}.Debug|x86.ActiveCfg = Debug|Any CPU
		{DE9ED664-2AC9-4586-A18F-55D357D8C0FD}.Debug|x86.Build.0 = Debug|Any CPU
		{DE9ED664-2AC9-4586-A18F-55D357D8C0FD}.Release|Any CPU.ActiveCfg = Release|Any CPU
		{DE9ED664-2AC9-4586-A18F-55D357D8C0FD}.Release|Any CPU.Build.0 = Release|Any CPU
		{DE9ED664-2AC9-4586-A18F-55D357D8C0FD}.Release|ARM.ActiveCfg = Release|Any CPU
		{DE9ED664-2AC9-4586-A18F-55D357D8C0FD}.Release|ARM.Build.0 = Release|Any CPU
		{DE9ED664-2AC9-4586-A18F-55D357D8C0FD}.Release|iPhone.ActiveCfg = Release|Any CPU
		{DE9ED664-2AC9-4586-A18F-55D357D8C0FD}.Release|iPhone.Build.0 = Release|Any CPU
		{DE9ED664-2AC9-4586-A18F-55D357D8C0FD}.Release|iPhoneSimulator.ActiveCfg = Release|Any CPU
		{DE9ED664-2AC9-4586-A18F-55D357D8C0FD}.Release|iPhoneSimulator.Build.0 = Release|Any CPU
		{DE9ED664-2AC9-4586-A18F-55D357D8C0FD}.Release|x64.ActiveCfg = Release|Any CPU
		{DE9ED664-2AC9-4586-A18F-55D357D8C0FD}.Release|x64.Build.0 = Release|Any CPU
		{DE9ED664-2AC9-4586-A18F-55D357D8C0FD}.Release|x86.ActiveCfg = Release|Any CPU
		{DE9ED664-2AC9-4586-A18F-55D357D8C0FD}.Release|x86.Build.0 = Release|Any CPU
		{44E20462-3432-45EC-B20F-E5F7BF09B5BD}.Ad-Hoc|Any CPU.ActiveCfg = Release|x86
		{44E20462-3432-45EC-B20F-E5F7BF09B5BD}.Ad-Hoc|Any CPU.Build.0 = Release|x86
		{44E20462-3432-45EC-B20F-E5F7BF09B5BD}.Ad-Hoc|Any CPU.Deploy.0 = Release|x86
		{44E20462-3432-45EC-B20F-E5F7BF09B5BD}.Ad-Hoc|ARM.ActiveCfg = Release|ARM
		{44E20462-3432-45EC-B20F-E5F7BF09B5BD}.Ad-Hoc|ARM.Build.0 = Release|ARM
		{44E20462-3432-45EC-B20F-E5F7BF09B5BD}.Ad-Hoc|ARM.Deploy.0 = Release|ARM
		{44E20462-3432-45EC-B20F-E5F7BF09B5BD}.Ad-Hoc|iPhone.ActiveCfg = Release|x86
		{44E20462-3432-45EC-B20F-E5F7BF09B5BD}.Ad-Hoc|iPhone.Build.0 = Release|x86
		{44E20462-3432-45EC-B20F-E5F7BF09B5BD}.Ad-Hoc|iPhone.Deploy.0 = Release|x86
		{44E20462-3432-45EC-B20F-E5F7BF09B5BD}.Ad-Hoc|iPhoneSimulator.ActiveCfg = Release|x86
		{44E20462-3432-45EC-B20F-E5F7BF09B5BD}.Ad-Hoc|iPhoneSimulator.Build.0 = Release|x86
		{44E20462-3432-45EC-B20F-E5F7BF09B5BD}.Ad-Hoc|iPhoneSimulator.Deploy.0 = Release|x86
		{44E20462-3432-45EC-B20F-E5F7BF09B5BD}.Ad-Hoc|x64.ActiveCfg = Release|x64
		{44E20462-3432-45EC-B20F-E5F7BF09B5BD}.Ad-Hoc|x64.Build.0 = Release|x64
		{44E20462-3432-45EC-B20F-E5F7BF09B5BD}.Ad-Hoc|x64.Deploy.0 = Release|x64
		{44E20462-3432-45EC-B20F-E5F7BF09B5BD}.Ad-Hoc|x86.ActiveCfg = Release|x86
		{44E20462-3432-45EC-B20F-E5F7BF09B5BD}.Ad-Hoc|x86.Build.0 = Release|x86
		{44E20462-3432-45EC-B20F-E5F7BF09B5BD}.Ad-Hoc|x86.Deploy.0 = Release|x86
		{44E20462-3432-45EC-B20F-E5F7BF09B5BD}.AppStore|Any CPU.ActiveCfg = Release|x86
		{44E20462-3432-45EC-B20F-E5F7BF09B5BD}.AppStore|Any CPU.Build.0 = Release|x86
		{44E20462-3432-45EC-B20F-E5F7BF09B5BD}.AppStore|Any CPU.Deploy.0 = Release|x86
		{44E20462-3432-45EC-B20F-E5F7BF09B5BD}.AppStore|ARM.ActiveCfg = Release|ARM
		{44E20462-3432-45EC-B20F-E5F7BF09B5BD}.AppStore|ARM.Build.0 = Release|ARM
		{44E20462-3432-45EC-B20F-E5F7BF09B5BD}.AppStore|ARM.Deploy.0 = Release|ARM
		{44E20462-3432-45EC-B20F-E5F7BF09B5BD}.AppStore|iPhone.ActiveCfg = Release|x86
		{44E20462-3432-45EC-B20F-E5F7BF09B5BD}.AppStore|iPhone.Build.0 = Release|x86
		{44E20462-3432-45EC-B20F-E5F7BF09B5BD}.AppStore|iPhone.Deploy.0 = Release|x86
		{44E20462-3432-45EC-B20F-E5F7BF09B5BD}.AppStore|iPhoneSimulator.ActiveCfg = Release|x86
		{44E20462-3432-45EC-B20F-E5F7BF09B5BD}.AppStore|iPhoneSimulator.Build.0 = Release|x86
		{44E20462-3432-45EC-B20F-E5F7BF09B5BD}.AppStore|iPhoneSimulator.Deploy.0 = Release|x86
		{44E20462-3432-45EC-B20F-E5F7BF09B5BD}.AppStore|x64.ActiveCfg = Release|x64
		{44E20462-3432-45EC-B20F-E5F7BF09B5BD}.AppStore|x64.Build.0 = Release|x64
		{44E20462-3432-45EC-B20F-E5F7BF09B5BD}.AppStore|x64.Deploy.0 = Release|x64
		{44E20462-3432-45EC-B20F-E5F7BF09B5BD}.AppStore|x86.ActiveCfg = Release|x86
		{44E20462-3432-45EC-B20F-E5F7BF09B5BD}.AppStore|x86.Build.0 = Release|x86
		{44E20462-3432-45EC-B20F-E5F7BF09B5BD}.AppStore|x86.Deploy.0 = Release|x86
		{44E20462-3432-45EC-B20F-E5F7BF09B5BD}.Debug|Any CPU.ActiveCfg = Debug|x86
		{44E20462-3432-45EC-B20F-E5F7BF09B5BD}.Debug|ARM.ActiveCfg = Debug|ARM
		{44E20462-3432-45EC-B20F-E5F7BF09B5BD}.Debug|ARM.Build.0 = Debug|ARM
		{44E20462-3432-45EC-B20F-E5F7BF09B5BD}.Debug|ARM.Deploy.0 = Debug|ARM
		{44E20462-3432-45EC-B20F-E5F7BF09B5BD}.Debug|iPhone.ActiveCfg = Debug|x86
		{44E20462-3432-45EC-B20F-E5F7BF09B5BD}.Debug|iPhoneSimulator.ActiveCfg = Debug|x86
		{44E20462-3432-45EC-B20F-E5F7BF09B5BD}.Debug|x64.ActiveCfg = Debug|x64
		{44E20462-3432-45EC-B20F-E5F7BF09B5BD}.Debug|x64.Build.0 = Debug|x64
		{44E20462-3432-45EC-B20F-E5F7BF09B5BD}.Debug|x64.Deploy.0 = Debug|x64
		{44E20462-3432-45EC-B20F-E5F7BF09B5BD}.Debug|x86.ActiveCfg = Debug|x86
		{44E20462-3432-45EC-B20F-E5F7BF09B5BD}.Debug|x86.Build.0 = Debug|x86
		{44E20462-3432-45EC-B20F-E5F7BF09B5BD}.Debug|x86.Deploy.0 = Debug|x86
		{44E20462-3432-45EC-B20F-E5F7BF09B5BD}.Release|Any CPU.ActiveCfg = Release|x86
		{44E20462-3432-45EC-B20F-E5F7BF09B5BD}.Release|ARM.ActiveCfg = Release|ARM
		{44E20462-3432-45EC-B20F-E5F7BF09B5BD}.Release|ARM.Build.0 = Release|ARM
		{44E20462-3432-45EC-B20F-E5F7BF09B5BD}.Release|ARM.Deploy.0 = Release|ARM
		{44E20462-3432-45EC-B20F-E5F7BF09B5BD}.Release|iPhone.ActiveCfg = Release|x86
		{44E20462-3432-45EC-B20F-E5F7BF09B5BD}.Release|iPhoneSimulator.ActiveCfg = Release|x86
		{44E20462-3432-45EC-B20F-E5F7BF09B5BD}.Release|x64.ActiveCfg = Release|x64
		{44E20462-3432-45EC-B20F-E5F7BF09B5BD}.Release|x64.Build.0 = Release|x64
		{44E20462-3432-45EC-B20F-E5F7BF09B5BD}.Release|x64.Deploy.0 = Release|x64
		{44E20462-3432-45EC-B20F-E5F7BF09B5BD}.Release|x86.ActiveCfg = Release|x86
		{44E20462-3432-45EC-B20F-E5F7BF09B5BD}.Release|x86.Build.0 = Release|x86
		{44E20462-3432-45EC-B20F-E5F7BF09B5BD}.Release|x86.Deploy.0 = Release|x86
		{40D666C3-7E09-4C98-90E4-479EE5642A95}.Ad-Hoc|Any CPU.ActiveCfg = Ad-Hoc|iPhone
		{40D666C3-7E09-4C98-90E4-479EE5642A95}.Ad-Hoc|ARM.ActiveCfg = Ad-Hoc|iPhone
		{40D666C3-7E09-4C98-90E4-479EE5642A95}.Ad-Hoc|iPhone.ActiveCfg = Ad-Hoc|iPhone
		{40D666C3-7E09-4C98-90E4-479EE5642A95}.Ad-Hoc|iPhone.Build.0 = Ad-Hoc|iPhone
		{40D666C3-7E09-4C98-90E4-479EE5642A95}.Ad-Hoc|iPhoneSimulator.ActiveCfg = Ad-Hoc|iPhoneSimulator
		{40D666C3-7E09-4C98-90E4-479EE5642A95}.Ad-Hoc|iPhoneSimulator.Build.0 = Ad-Hoc|iPhoneSimulator
		{40D666C3-7E09-4C98-90E4-479EE5642A95}.Ad-Hoc|x64.ActiveCfg = Ad-Hoc|iPhone
		{40D666C3-7E09-4C98-90E4-479EE5642A95}.Ad-Hoc|x86.ActiveCfg = Ad-Hoc|iPhone
		{40D666C3-7E09-4C98-90E4-479EE5642A95}.AppStore|Any CPU.ActiveCfg = AppStore|iPhone
		{40D666C3-7E09-4C98-90E4-479EE5642A95}.AppStore|ARM.ActiveCfg = AppStore|iPhone
		{40D666C3-7E09-4C98-90E4-479EE5642A95}.AppStore|iPhone.ActiveCfg = AppStore|iPhone
		{40D666C3-7E09-4C98-90E4-479EE5642A95}.AppStore|iPhone.Build.0 = AppStore|iPhone
		{40D666C3-7E09-4C98-90E4-479EE5642A95}.AppStore|iPhoneSimulator.ActiveCfg = AppStore|iPhoneSimulator
		{40D666C3-7E09-4C98-90E4-479EE5642A95}.AppStore|iPhoneSimulator.Build.0 = AppStore|iPhoneSimulator
		{40D666C3-7E09-4C98-90E4-479EE5642A95}.AppStore|x64.ActiveCfg = AppStore|iPhone
		{40D666C3-7E09-4C98-90E4-479EE5642A95}.AppStore|x86.ActiveCfg = AppStore|iPhone
		{40D666C3-7E09-4C98-90E4-479EE5642A95}.Debug|Any CPU.ActiveCfg = Debug|iPhone
		{40D666C3-7E09-4C98-90E4-479EE5642A95}.Debug|ARM.ActiveCfg = Debug|iPhone
		{40D666C3-7E09-4C98-90E4-479EE5642A95}.Debug|iPhone.ActiveCfg = Debug|iPhone
		{40D666C3-7E09-4C98-90E4-479EE5642A95}.Debug|iPhone.Build.0 = Debug|iPhone
		{40D666C3-7E09-4C98-90E4-479EE5642A95}.Debug|iPhoneSimulator.ActiveCfg = Debug|iPhoneSimulator
		{40D666C3-7E09-4C98-90E4-479EE5642A95}.Debug|iPhoneSimulator.Build.0 = Debug|iPhoneSimulator
		{40D666C3-7E09-4C98-90E4-479EE5642A95}.Debug|x64.ActiveCfg = Debug|iPhone
		{40D666C3-7E09-4C98-90E4-479EE5642A95}.Debug|x86.ActiveCfg = Debug|iPhone
		{40D666C3-7E09-4C98-90E4-479EE5642A95}.Release|Any CPU.ActiveCfg = Release|iPhone
		{40D666C3-7E09-4C98-90E4-479EE5642A95}.Release|ARM.ActiveCfg = Release|iPhone
		{40D666C3-7E09-4C98-90E4-479EE5642A95}.Release|iPhone.ActiveCfg = Release|iPhone
		{40D666C3-7E09-4C98-90E4-479EE5642A95}.Release|iPhone.Build.0 = Release|iPhone
		{40D666C3-7E09-4C98-90E4-479EE5642A95}.Release|iPhoneSimulator.ActiveCfg = Release|iPhoneSimulator
		{40D666C3-7E09-4C98-90E4-479EE5642A95}.Release|iPhoneSimulator.Build.0 = Release|iPhoneSimulator
		{40D666C3-7E09-4C98-90E4-479EE5642A95}.Release|x64.ActiveCfg = Release|iPhone
		{40D666C3-7E09-4C98-90E4-479EE5642A95}.Release|x86.ActiveCfg = Release|iPhone
	EndGlobalSection
	GlobalSection(SolutionProperties) = preSolution
		HideSolutionNode = FALSE
	EndGlobalSection
EndGlobal
