
Microsoft Visual Studio Solution File, Format Version 12.00
# Visual Studio 14
VisualStudioVersion = 14.0.25420.1
MinimumVisualStudioVersion = 10.0.40219.1
Project("{FAE04EC0-301F-11D3-BF4B-00C04F79EFBC}") = "exercise4-3", "exercise4-3\exercise4-3.csproj", "{23B6D225-4771-4115-85DE-2D45392C32DD}"
EndProject
Global
	GlobalSection(SolutionConfigurationPlatforms) = preSolution
		Debug|Any CPU = Debug|Any CPU
		Release|Any CPU = Release|Any CPU
	EndGlobalSection
	GlobalSection(ProjectConfigurationPlatforms) = postSolution
		{23B6D225-4771-4115-85DE-2D45392C32DD}.Debug|Any CPU.ActiveCfg = Debug|Any CPU
		{23B6D225-4771-4115-85DE-2D45392C32DD}.Debug|Any CPU.Build.0 = Debug|Any CPU
		{23B6D225-4771-4115-85DE-2D45392C32DD}.Release|Any CPU.ActiveCfg = Release|Any CPU
		{23B6D225-4771-4115-85DE-2D45392C32DD}.Release|Any CPU.Build.0 = Release|Any CPU
	EndGlobalSection
	GlobalSection(SolutionProperties) = preSolution
		HideSolutionNode = FALSE
	EndGlobalSection
EndGlobal
