
Microsoft Visual Studio Solution File, Format Version 12.00
# Visual Studio 14
VisualStudioVersion = 14.0.25420.1
MinimumVisualStudioVersion = 10.0.40219.1
Project("{FAE04EC0-301F-11D3-BF4B-00C04F79EFBC}") = "Ejemplo5._1.Android", "Ejemplo5.1\Ejemplo5._1.Android\Ejemplo5._1.Android.csproj", "{860B5F85-A152-479B-86F5-9F72B364790A}"
EndProject
Project("{FAE04EC0-301F-11D3-BF4B-00C04F79EFBC}") = "Ejemplo5._1", "Ejemplo5.1\Ejemplo5._1\Ejemplo5._1.csproj", "{AC56EEBC-B30F-4C8B-8266-2BBF4B4B37D4}"
EndProject
Project("{FAE04EC0-301F-11D3-BF4B-00C04F79EFBC}") = "Ejemplo5._1.iOS", "Ejemplo5.1\Ejemplo5._1.iOS\Ejemplo5._1.iOS.csproj", "{CECA9124-D0F6-4E46-99BC-036446F25056}"
EndProject
Global
	GlobalSection(SolutionConfigurationPlatforms) = preSolution
		Ad-Hoc|Any CPU = Ad-Hoc|Any CPU
		Ad-Hoc|iPhone = Ad-Hoc|iPhone
		Ad-Hoc|iPhoneSimulator = Ad-Hoc|iPhoneSimulator
		AppStore|Any CPU = AppStore|Any CPU
		AppStore|iPhone = AppStore|iPhone
		AppStore|iPhoneSimulator = AppStore|iPhoneSimulator
		Debug|Any CPU = Debug|Any CPU
		Debug|iPhone = Debug|iPhone
		Debug|iPhoneSimulator = Debug|iPhoneSimulator
		Release|Any CPU = Release|Any CPU
		Release|iPhone = Release|iPhone
		Release|iPhoneSimulator = Release|iPhoneSimulator
	EndGlobalSection
	GlobalSection(ProjectConfigurationPlatforms) = postSolution
		{860B5F85-A152-479B-86F5-9F72B364790A}.Ad-Hoc|Any CPU.ActiveCfg = Release|Any CPU
		{860B5F85-A152-479B-86F5-9F72B364790A}.Ad-Hoc|Any CPU.Build.0 = Release|Any CPU
		{860B5F85-A152-479B-86F5-9F72B364790A}.Ad-Hoc|Any CPU.Deploy.0 = Release|Any CPU
		{860B5F85-A152-479B-86F5-9F72B364790A}.Ad-Hoc|iPhone.ActiveCfg = Release|Any CPU
		{860B5F85-A152-479B-86F5-9F72B364790A}.Ad-Hoc|iPhone.Build.0 = Release|Any CPU
		{860B5F85-A152-479B-86F5-9F72B364790A}.Ad-Hoc|iPhone.Deploy.0 = Release|Any CPU
		{860B5F85-A152-479B-86F5-9F72B364790A}.Ad-Hoc|iPhoneSimulator.ActiveCfg = Release|Any CPU
		{860B5F85-A152-479B-86F5-9F72B364790A}.Ad-Hoc|iPhoneSimulator.Build.0 = Release|Any CPU
		{860B5F85-A152-479B-86F5-9F72B364790A}.Ad-Hoc|iPhoneSimulator.Deploy.0 = Release|Any CPU
		{860B5F85-A152-479B-86F5-9F72B364790A}.AppStore|Any CPU.ActiveCfg = Release|Any CPU
		{860B5F85-A152-479B-86F5-9F72B364790A}.AppStore|Any CPU.Build.0 = Release|Any CPU
		{860B5F85-A152-479B-86F5-9F72B364790A}.AppStore|Any CPU.Deploy.0 = Release|Any CPU
		{860B5F85-A152-479B-86F5-9F72B364790A}.AppStore|iPhone.ActiveCfg = Release|Any CPU
		{860B5F85-A152-479B-86F5-9F72B364790A}.AppStore|iPhone.Build.0 = Release|Any CPU
		{860B5F85-A152-479B-86F5-9F72B364790A}.AppStore|iPhone.Deploy.0 = Release|Any CPU
		{860B5F85-A152-479B-86F5-9F72B364790A}.AppStore|iPhoneSimulator.ActiveCfg = Release|Any CPU
		{860B5F85-A152-479B-86F5-9F72B364790A}.AppStore|iPhoneSimulator.Build.0 = Release|Any CPU
		{860B5F85-A152-479B-86F5-9F72B364790A}.AppStore|iPhoneSimulator.Deploy.0 = Release|Any CPU
		{860B5F85-A152-479B-86F5-9F72B364790A}.Debug|Any CPU.ActiveCfg = Debug|Any CPU
		{860B5F85-A152-479B-86F5-9F72B364790A}.Debug|Any CPU.Build.0 = Debug|Any CPU
		{860B5F85-A152-479B-86F5-9F72B364790A}.Debug|Any CPU.Deploy.0 = Debug|Any CPU
		{860B5F85-A152-479B-86F5-9F72B364790A}.Debug|iPhone.ActiveCfg = Debug|Any CPU
		{860B5F85-A152-479B-86F5-9F72B364790A}.Debug|iPhone.Build.0 = Debug|Any CPU
		{860B5F85-A152-479B-86F5-9F72B364790A}.Debug|iPhone.Deploy.0 = Debug|Any CPU
		{860B5F85-A152-479B-86F5-9F72B364790A}.Debug|iPhoneSimulator.ActiveCfg = Debug|Any CPU
		{860B5F85-A152-479B-86F5-9F72B364790A}.Debug|iPhoneSimulator.Build.0 = Debug|Any CPU
		{860B5F85-A152-479B-86F5-9F72B364790A}.Debug|iPhoneSimulator.Deploy.0 = Debug|Any CPU
		{860B5F85-A152-479B-86F5-9F72B364790A}.Release|Any CPU.ActiveCfg = Release|Any CPU
		{860B5F85-A152-479B-86F5-9F72B364790A}.Release|Any CPU.Build.0 = Release|Any CPU
		{860B5F85-A152-479B-86F5-9F72B364790A}.Release|Any CPU.Deploy.0 = Release|Any CPU
		{860B5F85-A152-479B-86F5-9F72B364790A}.Release|iPhone.ActiveCfg = Release|Any CPU
		{860B5F85-A152-479B-86F5-9F72B364790A}.Release|iPhone.Build.0 = Release|Any CPU
		{860B5F85-A152-479B-86F5-9F72B364790A}.Release|iPhone.Deploy.0 = Release|Any CPU
		{860B5F85-A152-479B-86F5-9F72B364790A}.Release|iPhoneSimulator.ActiveCfg = Release|Any CPU
		{860B5F85-A152-479B-86F5-9F72B364790A}.Release|iPhoneSimulator.Build.0 = Release|Any CPU
		{860B5F85-A152-479B-86F5-9F72B364790A}.Release|iPhoneSimulator.Deploy.0 = Release|Any CPU
		{AC56EEBC-B30F-4C8B-8266-2BBF4B4B37D4}.Ad-Hoc|Any CPU.ActiveCfg = Release|Any CPU
		{AC56EEBC-B30F-4C8B-8266-2BBF4B4B37D4}.Ad-Hoc|Any CPU.Build.0 = Release|Any CPU
		{AC56EEBC-B30F-4C8B-8266-2BBF4B4B37D4}.Ad-Hoc|iPhone.ActiveCfg = Release|Any CPU
		{AC56EEBC-B30F-4C8B-8266-2BBF4B4B37D4}.Ad-Hoc|iPhone.Build.0 = Release|Any CPU
		{AC56EEBC-B30F-4C8B-8266-2BBF4B4B37D4}.Ad-Hoc|iPhoneSimulator.ActiveCfg = Release|Any CPU
		{AC56EEBC-B30F-4C8B-8266-2BBF4B4B37D4}.Ad-Hoc|iPhoneSimulator.Build.0 = Release|Any CPU
		{AC56EEBC-B30F-4C8B-8266-2BBF4B4B37D4}.AppStore|Any CPU.ActiveCfg = Release|Any CPU
		{AC56EEBC-B30F-4C8B-8266-2BBF4B4B37D4}.AppStore|Any CPU.Build.0 = Release|Any CPU
		{AC56EEBC-B30F-4C8B-8266-2BBF4B4B37D4}.AppStore|iPhone.ActiveCfg = Release|Any CPU
		{AC56EEBC-B30F-4C8B-8266-2BBF4B4B37D4}.AppStore|iPhone.Build.0 = Release|Any CPU
		{AC56EEBC-B30F-4C8B-8266-2BBF4B4B37D4}.AppStore|iPhoneSimulator.ActiveCfg = Release|Any CPU
		{AC56EEBC-B30F-4C8B-8266-2BBF4B4B37D4}.AppStore|iPhoneSimulator.Build.0 = Release|Any CPU
		{AC56EEBC-B30F-4C8B-8266-2BBF4B4B37D4}.Debug|Any CPU.ActiveCfg = Debug|Any CPU
		{AC56EEBC-B30F-4C8B-8266-2BBF4B4B37D4}.Debug|Any CPU.Build.0 = Debug|Any CPU
		{AC56EEBC-B30F-4C8B-8266-2BBF4B4B37D4}.Debug|iPhone.ActiveCfg = Debug|Any CPU
		{AC56EEBC-B30F-4C8B-8266-2BBF4B4B37D4}.Debug|iPhone.Build.0 = Debug|Any CPU
		{AC56EEBC-B30F-4C8B-8266-2BBF4B4B37D4}.Debug|iPhoneSimulator.ActiveCfg = Debug|Any CPU
		{AC56EEBC-B30F-4C8B-8266-2BBF4B4B37D4}.Debug|iPhoneSimulator.Build.0 = Debug|Any CPU
		{AC56EEBC-B30F-4C8B-8266-2BBF4B4B37D4}.Release|Any CPU.ActiveCfg = Release|Any CPU
		{AC56EEBC-B30F-4C8B-8266-2BBF4B4B37D4}.Release|Any CPU.Build.0 = Release|Any CPU
		{AC56EEBC-B30F-4C8B-8266-2BBF4B4B37D4}.Release|iPhone.ActiveCfg = Release|Any CPU
		{AC56EEBC-B30F-4C8B-8266-2BBF4B4B37D4}.Release|iPhone.Build.0 = Release|Any CPU
		{AC56EEBC-B30F-4C8B-8266-2BBF4B4B37D4}.Release|iPhoneSimulator.ActiveCfg = Release|Any CPU
		{AC56EEBC-B30F-4C8B-8266-2BBF4B4B37D4}.Release|iPhoneSimulator.Build.0 = Release|Any CPU
		{CECA9124-D0F6-4E46-99BC-036446F25056}.Ad-Hoc|Any CPU.ActiveCfg = Ad-Hoc|iPhone
		{CECA9124-D0F6-4E46-99BC-036446F25056}.Ad-Hoc|iPhone.ActiveCfg = Ad-Hoc|iPhone
		{CECA9124-D0F6-4E46-99BC-036446F25056}.Ad-Hoc|iPhone.Build.0 = Ad-Hoc|iPhone
		{CECA9124-D0F6-4E46-99BC-036446F25056}.Ad-Hoc|iPhoneSimulator.ActiveCfg = Ad-Hoc|iPhoneSimulator
		{CECA9124-D0F6-4E46-99BC-036446F25056}.Ad-Hoc|iPhoneSimulator.Build.0 = Ad-Hoc|iPhoneSimulator
		{CECA9124-D0F6-4E46-99BC-036446F25056}.AppStore|Any CPU.ActiveCfg = AppStore|iPhone
		{CECA9124-D0F6-4E46-99BC-036446F25056}.AppStore|iPhone.ActiveCfg = AppStore|iPhone
		{CECA9124-D0F6-4E46-99BC-036446F25056}.AppStore|iPhone.Build.0 = AppStore|iPhone
		{CECA9124-D0F6-4E46-99BC-036446F25056}.AppStore|iPhoneSimulator.ActiveCfg = AppStore|iPhoneSimulator
		{CECA9124-D0F6-4E46-99BC-036446F25056}.AppStore|iPhoneSimulator.Build.0 = AppStore|iPhoneSimulator
		{CECA9124-D0F6-4E46-99BC-036446F25056}.Debug|Any CPU.ActiveCfg = Debug|iPhone
		{CECA9124-D0F6-4E46-99BC-036446F25056}.Debug|iPhone.ActiveCfg = Debug|iPhone
		{CECA9124-D0F6-4E46-99BC-036446F25056}.Debug|iPhone.Build.0 = Debug|iPhone
		{CECA9124-D0F6-4E46-99BC-036446F25056}.Debug|iPhoneSimulator.ActiveCfg = Debug|iPhoneSimulator
		{CECA9124-D0F6-4E46-99BC-036446F25056}.Debug|iPhoneSimulator.Build.0 = Debug|iPhoneSimulator
		{CECA9124-D0F6-4E46-99BC-036446F25056}.Release|Any CPU.ActiveCfg = Release|iPhone
		{CECA9124-D0F6-4E46-99BC-036446F25056}.Release|iPhone.ActiveCfg = Release|iPhone
		{CECA9124-D0F6-4E46-99BC-036446F25056}.Release|iPhone.Build.0 = Release|iPhone
		{CECA9124-D0F6-4E46-99BC-036446F25056}.Release|iPhoneSimulator.ActiveCfg = Release|iPhoneSimulator
		{CECA9124-D0F6-4E46-99BC-036446F25056}.Release|iPhoneSimulator.Build.0 = Release|iPhoneSimulator
	EndGlobalSection
	GlobalSection(SolutionProperties) = preSolution
		HideSolutionNode = FALSE
	EndGlobalSection
EndGlobal
