
Microsoft Visual Studio Solution File, Format Version 12.00
# Visual Studio 14
VisualStudioVersion = 14.0.25420.1
MinimumVisualStudioVersion = 10.0.40219.1
Project("{FAE04EC0-301F-11D3-BF4B-00C04F79EFBC}") = "examples02.Android", "examples02\examples02.Android\examples02.Android.csproj", "{FBAADAB7-1076-4614-B7CC-14C5B9F0D358}"
EndProject
Project("{FAE04EC0-301F-11D3-BF4B-00C04F79EFBC}") = "examples02", "examples02\examples02\examples02.csproj", "{FF12245E-0BFB-4037-AFE1-85B54DEA7AD4}"
EndProject
Project("{FAE04EC0-301F-11D3-BF4B-00C04F79EFBC}") = "examples02.UWP", "examples02\examples02.UWP\examples02.UWP.csproj", "{F4BCD4CD-695B-4289-9B8B-7BE8C4531FBA}"
EndProject
Project("{FAE04EC0-301F-11D3-BF4B-00C04F79EFBC}") = "examples02.iOS", "examples02\examples02.iOS\examples02.iOS.csproj", "{83FE78E1-B328-436C-91D6-29ED54D06033}"
EndProject
Global
	GlobalSection(SolutionConfigurationPlatforms) = preSolution
		Ad-Hoc|Any CPU = Ad-Hoc|Any CPU
		Ad-Hoc|ARM = Ad-Hoc|ARM
		Ad-Hoc|iPhone = Ad-Hoc|iPhone
		Ad-Hoc|iPhoneSimulator = Ad-Hoc|iPhoneSimulator
		Ad-Hoc|x64 = Ad-Hoc|x64
		Ad-Hoc|x86 = Ad-Hoc|x86
		AppStore|Any CPU = AppStore|Any CPU
		AppStore|ARM = AppStore|ARM
		AppStore|iPhone = AppStore|iPhone
		AppStore|iPhoneSimulator = AppStore|iPhoneSimulator
		AppStore|x64 = AppStore|x64
		AppStore|x86 = AppStore|x86
		Debug|Any CPU = Debug|Any CPU
		Debug|ARM = Debug|ARM
		Debug|iPhone = Debug|iPhone
		Debug|iPhoneSimulator = Debug|iPhoneSimulator
		Debug|x64 = Debug|x64
		Debug|x86 = Debug|x86
		Release|Any CPU = Release|Any CPU
		Release|ARM = Release|ARM
		Release|iPhone = Release|iPhone
		Release|iPhoneSimulator = Release|iPhoneSimulator
		Release|x64 = Release|x64
		Release|x86 = Release|x86
	EndGlobalSection
	GlobalSection(ProjectConfigurationPlatforms) = postSolution
		{FBAADAB7-1076-4614-B7CC-14C5B9F0D358}.Ad-Hoc|Any CPU.ActiveCfg = Release|Any CPU
		{FBAADAB7-1076-4614-B7CC-14C5B9F0D358}.Ad-Hoc|Any CPU.Build.0 = Release|Any CPU
		{FBAADAB7-1076-4614-B7CC-14C5B9F0D358}.Ad-Hoc|Any CPU.Deploy.0 = Release|Any CPU
		{FBAADAB7-1076-4614-B7CC-14C5B9F0D358}.Ad-Hoc|ARM.ActiveCfg = Release|Any CPU
		{FBAADAB7-1076-4614-B7CC-14C5B9F0D358}.Ad-Hoc|ARM.Build.0 = Release|Any CPU
		{FBAADAB7-1076-4614-B7CC-14C5B9F0D358}.Ad-Hoc|ARM.Deploy.0 = Release|Any CPU
		{FBAADAB7-1076-4614-B7CC-14C5B9F0D358}.Ad-Hoc|iPhone.ActiveCfg = Release|Any CPU
		{FBAADAB7-1076-4614-B7CC-14C5B9F0D358}.Ad-Hoc|iPhone.Build.0 = Release|Any CPU
		{FBAADAB7-1076-4614-B7CC-14C5B9F0D358}.Ad-Hoc|iPhone.Deploy.0 = Release|Any CPU
		{FBAADAB7-1076-4614-B7CC-14C5B9F0D358}.Ad-Hoc|iPhoneSimulator.ActiveCfg = Release|Any CPU
		{FBAADAB7-1076-4614-B7CC-14C5B9F0D358}.Ad-Hoc|iPhoneSimulator.Build.0 = Release|Any CPU
		{FBAADAB7-1076-4614-B7CC-14C5B9F0D358}.Ad-Hoc|iPhoneSimulator.Deploy.0 = Release|Any CPU
		{FBAADAB7-1076-4614-B7CC-14C5B9F0D358}.Ad-Hoc|x64.ActiveCfg = Release|Any CPU
		{FBAADAB7-1076-4614-B7CC-14C5B9F0D358}.Ad-Hoc|x64.Build.0 = Release|Any CPU
		{FBAADAB7-1076-4614-B7CC-14C5B9F0D358}.Ad-Hoc|x64.Deploy.0 = Release|Any CPU
		{FBAADAB7-1076-4614-B7CC-14C5B9F0D358}.Ad-Hoc|x86.ActiveCfg = Release|Any CPU
		{FBAADAB7-1076-4614-B7CC-14C5B9F0D358}.Ad-Hoc|x86.Build.0 = Release|Any CPU
		{FBAADAB7-1076-4614-B7CC-14C5B9F0D358}.Ad-Hoc|x86.Deploy.0 = Release|Any CPU
		{FBAADAB7-1076-4614-B7CC-14C5B9F0D358}.AppStore|Any CPU.ActiveCfg = Release|Any CPU
		{FBAADAB7-1076-4614-B7CC-14C5B9F0D358}.AppStore|Any CPU.Build.0 = Release|Any CPU
		{FBAADAB7-1076-4614-B7CC-14C5B9F0D358}.AppStore|Any CPU.Deploy.0 = Release|Any CPU
		{FBAADAB7-1076-4614-B7CC-14C5B9F0D358}.AppStore|ARM.ActiveCfg = Release|Any CPU
		{FBAADAB7-1076-4614-B7CC-14C5B9F0D358}.AppStore|ARM.Build.0 = Release|Any CPU
		{FBAADAB7-1076-4614-B7CC-14C5B9F0D358}.AppStore|ARM.Deploy.0 = Release|Any CPU
		{FBAADAB7-1076-4614-B7CC-14C5B9F0D358}.AppStore|iPhone.ActiveCfg = Release|Any CPU
		{FBAADAB7-1076-4614-B7CC-14C5B9F0D358}.AppStore|iPhone.Build.0 = Release|Any CPU
		{FBAADAB7-1076-4614-B7CC-14C5B9F0D358}.AppStore|iPhone.Deploy.0 = Release|Any CPU
		{FBAADAB7-1076-4614-B7CC-14C5B9F0D358}.AppStore|iPhoneSimulator.ActiveCfg = Release|Any CPU
		{FBAADAB7-1076-4614-B7CC-14C5B9F0D358}.AppStore|iPhoneSimulator.Build.0 = Release|Any CPU
		{FBAADAB7-1076-4614-B7CC-14C5B9F0D358}.AppStore|iPhoneSimulator.Deploy.0 = Release|Any CPU
		{FBAADAB7-1076-4614-B7CC-14C5B9F0D358}.AppStore|x64.ActiveCfg = Release|Any CPU
		{FBAADAB7-1076-4614-B7CC-14C5B9F0D358}.AppStore|x64.Build.0 = Release|Any CPU
		{FBAADAB7-1076-4614-B7CC-14C5B9F0D358}.AppStore|x64.Deploy.0 = Release|Any CPU
		{FBAADAB7-1076-4614-B7CC-14C5B9F0D358}.AppStore|x86.ActiveCfg = Release|Any CPU
		{FBAADAB7-1076-4614-B7CC-14C5B9F0D358}.AppStore|x86.Build.0 = Release|Any CPU
		{FBAADAB7-1076-4614-B7CC-14C5B9F0D358}.AppStore|x86.Deploy.0 = Release|Any CPU
		{FBAADAB7-1076-4614-B7CC-14C5B9F0D358}.Debug|Any CPU.ActiveCfg = Debug|Any CPU
		{FBAADAB7-1076-4614-B7CC-14C5B9F0D358}.Debug|Any CPU.Build.0 = Debug|Any CPU
		{FBAADAB7-1076-4614-B7CC-14C5B9F0D358}.Debug|Any CPU.Deploy.0 = Debug|Any CPU
		{FBAADAB7-1076-4614-B7CC-14C5B9F0D358}.Debug|ARM.ActiveCfg = Debug|Any CPU
		{FBAADAB7-1076-4614-B7CC-14C5B9F0D358}.Debug|ARM.Build.0 = Debug|Any CPU
		{FBAADAB7-1076-4614-B7CC-14C5B9F0D358}.Debug|ARM.Deploy.0 = Debug|Any CPU
		{FBAADAB7-1076-4614-B7CC-14C5B9F0D358}.Debug|iPhone.ActiveCfg = Debug|Any CPU
		{FBAADAB7-1076-4614-B7CC-14C5B9F0D358}.Debug|iPhone.Build.0 = Debug|Any CPU
		{FBAADAB7-1076-4614-B7CC-14C5B9F0D358}.Debug|iPhone.Deploy.0 = Debug|Any CPU
		{FBAADAB7-1076-4614-B7CC-14C5B9F0D358}.Debug|iPhoneSimulator.ActiveCfg = Debug|Any CPU
		{FBAADAB7-1076-4614-B7CC-14C5B9F0D358}.Debug|iPhoneSimulator.Build.0 = Debug|Any CPU
		{FBAADAB7-1076-4614-B7CC-14C5B9F0D358}.Debug|iPhoneSimulator.Deploy.0 = Debug|Any CPU
		{FBAADAB7-1076-4614-B7CC-14C5B9F0D358}.Debug|x64.ActiveCfg = Debug|Any CPU
		{FBAADAB7-1076-4614-B7CC-14C5B9F0D358}.Debug|x64.Build.0 = Debug|Any CPU
		{FBAADAB7-1076-4614-B7CC-14C5B9F0D358}.Debug|x64.Deploy.0 = Debug|Any CPU
		{FBAADAB7-1076-4614-B7CC-14C5B9F0D358}.Debug|x86.ActiveCfg = Debug|Any CPU
		{FBAADAB7-1076-4614-B7CC-14C5B9F0D358}.Debug|x86.Build.0 = Debug|Any CPU
		{FBAADAB7-1076-4614-B7CC-14C5B9F0D358}.Debug|x86.Deploy.0 = Debug|Any CPU
		{FBAADAB7-1076-4614-B7CC-14C5B9F0D358}.Release|Any CPU.ActiveCfg = Release|Any CPU
		{FBAADAB7-1076-4614-B7CC-14C5B9F0D358}.Release|Any CPU.Build.0 = Release|Any CPU
		{FBAADAB7-1076-4614-B7CC-14C5B9F0D358}.Release|Any CPU.Deploy.0 = Release|Any CPU
		{FBAADAB7-1076-4614-B7CC-14C5B9F0D358}.Release|ARM.ActiveCfg = Release|Any CPU
		{FBAADAB7-1076-4614-B7CC-14C5B9F0D358}.Release|ARM.Build.0 = Release|Any CPU
		{FBAADAB7-1076-4614-B7CC-14C5B9F0D358}.Release|ARM.Deploy.0 = Release|Any CPU
		{FBAADAB7-1076-4614-B7CC-14C5B9F0D358}.Release|iPhone.ActiveCfg = Release|Any CPU
		{FBAADAB7-1076-4614-B7CC-14C5B9F0D358}.Release|iPhone.Build.0 = Release|Any CPU
		{FBAADAB7-1076-4614-B7CC-14C5B9F0D358}.Release|iPhone.Deploy.0 = Release|Any CPU
		{FBAADAB7-1076-4614-B7CC-14C5B9F0D358}.Release|iPhoneSimulator.ActiveCfg = Release|Any CPU
		{FBAADAB7-1076-4614-B7CC-14C5B9F0D358}.Release|iPhoneSimulator.Build.0 = Release|Any CPU
		{FBAADAB7-1076-4614-B7CC-14C5B9F0D358}.Release|iPhoneSimulator.Deploy.0 = Release|Any CPU
		{FBAADAB7-1076-4614-B7CC-14C5B9F0D358}.Release|x64.ActiveCfg = Release|Any CPU
		{FBAADAB7-1076-4614-B7CC-14C5B9F0D358}.Release|x64.Build.0 = Release|Any CPU
		{FBAADAB7-1076-4614-B7CC-14C5B9F0D358}.Release|x64.Deploy.0 = Release|Any CPU
		{FBAADAB7-1076-4614-B7CC-14C5B9F0D358}.Release|x86.ActiveCfg = Release|Any CPU
		{FBAADAB7-1076-4614-B7CC-14C5B9F0D358}.Release|x86.Build.0 = Release|Any CPU
		{FBAADAB7-1076-4614-B7CC-14C5B9F0D358}.Release|x86.Deploy.0 = Release|Any CPU
		{FF12245E-0BFB-4037-AFE1-85B54DEA7AD4}.Ad-Hoc|Any CPU.ActiveCfg = Release|Any CPU
		{FF12245E-0BFB-4037-AFE1-85B54DEA7AD4}.Ad-Hoc|Any CPU.Build.0 = Release|Any CPU
		{FF12245E-0BFB-4037-AFE1-85B54DEA7AD4}.Ad-Hoc|ARM.ActiveCfg = Release|Any CPU
		{FF12245E-0BFB-4037-AFE1-85B54DEA7AD4}.Ad-Hoc|ARM.Build.0 = Release|Any CPU
		{FF12245E-0BFB-4037-AFE1-85B54DEA7AD4}.Ad-Hoc|iPhone.ActiveCfg = Release|Any CPU
		{FF12245E-0BFB-4037-AFE1-85B54DEA7AD4}.Ad-Hoc|iPhone.Build.0 = Release|Any CPU
		{FF12245E-0BFB-4037-AFE1-85B54DEA7AD4}.Ad-Hoc|iPhoneSimulator.ActiveCfg = Release|Any CPU
		{FF12245E-0BFB-4037-AFE1-85B54DEA7AD4}.Ad-Hoc|iPhoneSimulator.Build.0 = Release|Any CPU
		{FF12245E-0BFB-4037-AFE1-85B54DEA7AD4}.Ad-Hoc|x64.ActiveCfg = Release|Any CPU
		{FF12245E-0BFB-4037-AFE1-85B54DEA7AD4}.Ad-Hoc|x64.Build.0 = Release|Any CPU
		{FF12245E-0BFB-4037-AFE1-85B54DEA7AD4}.Ad-Hoc|x86.ActiveCfg = Release|Any CPU
		{FF12245E-0BFB-4037-AFE1-85B54DEA7AD4}.Ad-Hoc|x86.Build.0 = Release|Any CPU
		{FF12245E-0BFB-4037-AFE1-85B54DEA7AD4}.AppStore|Any CPU.ActiveCfg = Release|Any CPU
		{FF12245E-0BFB-4037-AFE1-85B54DEA7AD4}.AppStore|Any CPU.Build.0 = Release|Any CPU
		{FF12245E-0BFB-4037-AFE1-85B54DEA7AD4}.AppStore|ARM.ActiveCfg = Release|Any CPU
		{FF12245E-0BFB-4037-AFE1-85B54DEA7AD4}.AppStore|ARM.Build.0 = Release|Any CPU
		{FF12245E-0BFB-4037-AFE1-85B54DEA7AD4}.AppStore|iPhone.ActiveCfg = Release|Any CPU
		{FF12245E-0BFB-4037-AFE1-85B54DEA7AD4}.AppStore|iPhone.Build.0 = Release|Any CPU
		{FF12245E-0BFB-4037-AFE1-85B54DEA7AD4}.AppStore|iPhoneSimulator.ActiveCfg = Release|Any CPU
		{FF12245E-0BFB-4037-AFE1-85B54DEA7AD4}.AppStore|iPhoneSimulator.Build.0 = Release|Any CPU
		{FF12245E-0BFB-4037-AFE1-85B54DEA7AD4}.AppStore|x64.ActiveCfg = Release|Any CPU
		{FF12245E-0BFB-4037-AFE1-85B54DEA7AD4}.AppStore|x64.Build.0 = Release|Any CPU
		{FF12245E-0BFB-4037-AFE1-85B54DEA7AD4}.AppStore|x86.ActiveCfg = Release|Any CPU
		{FF12245E-0BFB-4037-AFE1-85B54DEA7AD4}.AppStore|x86.Build.0 = Release|Any CPU
		{FF12245E-0BFB-4037-AFE1-85B54DEA7AD4}.Debug|Any CPU.ActiveCfg = Debug|Any CPU
		{FF12245E-0BFB-4037-AFE1-85B54DEA7AD4}.Debug|Any CPU.Build.0 = Debug|Any CPU
		{FF12245E-0BFB-4037-AFE1-85B54DEA7AD4}.Debug|ARM.ActiveCfg = Debug|Any CPU
		{FF12245E-0BFB-4037-AFE1-85B54DEA7AD4}.Debug|ARM.Build.0 = Debug|Any CPU
		{FF12245E-0BFB-4037-AFE1-85B54DEA7AD4}.Debug|iPhone.ActiveCfg = Debug|Any CPU
		{FF12245E-0BFB-4037-AFE1-85B54DEA7AD4}.Debug|iPhone.Build.0 = Debug|Any CPU
		{FF12245E-0BFB-4037-AFE1-85B54DEA7AD4}.Debug|iPhoneSimulator.ActiveCfg = Debug|Any CPU
		{FF12245E-0BFB-4037-AFE1-85B54DEA7AD4}.Debug|iPhoneSimulator.Build.0 = Debug|Any CPU
		{FF12245E-0BFB-4037-AFE1-85B54DEA7AD4}.Debug|x64.ActiveCfg = Debug|Any CPU
		{FF12245E-0BFB-4037-AFE1-85B54DEA7AD4}.Debug|x64.Build.0 = Debug|Any CPU
		{FF12245E-0BFB-4037-AFE1-85B54DEA7AD4}.Debug|x86.ActiveCfg = Debug|Any CPU
		{FF12245E-0BFB-4037-AFE1-85B54DEA7AD4}.Debug|x86.Build.0 = Debug|Any CPU
		{FF12245E-0BFB-4037-AFE1-85B54DEA7AD4}.Release|Any CPU.ActiveCfg = Release|Any CPU
		{FF12245E-0BFB-4037-AFE1-85B54DEA7AD4}.Release|Any CPU.Build.0 = Release|Any CPU
		{FF12245E-0BFB-4037-AFE1-85B54DEA7AD4}.Release|ARM.ActiveCfg = Release|Any CPU
		{FF12245E-0BFB-4037-AFE1-85B54DEA7AD4}.Release|ARM.Build.0 = Release|Any CPU
		{FF12245E-0BFB-4037-AFE1-85B54DEA7AD4}.Release|iPhone.ActiveCfg = Release|Any CPU
		{FF12245E-0BFB-4037-AFE1-85B54DEA7AD4}.Release|iPhone.Build.0 = Release|Any CPU
		{FF12245E-0BFB-4037-AFE1-85B54DEA7AD4}.Release|iPhoneSimulator.ActiveCfg = Release|Any CPU
		{FF12245E-0BFB-4037-AFE1-85B54DEA7AD4}.Release|iPhoneSimulator.Build.0 = Release|Any CPU
		{FF12245E-0BFB-4037-AFE1-85B54DEA7AD4}.Release|x64.ActiveCfg = Release|Any CPU
		{FF12245E-0BFB-4037-AFE1-85B54DEA7AD4}.Release|x64.Build.0 = Release|Any CPU
		{FF12245E-0BFB-4037-AFE1-85B54DEA7AD4}.Release|x86.ActiveCfg = Release|Any CPU
		{FF12245E-0BFB-4037-AFE1-85B54DEA7AD4}.Release|x86.Build.0 = Release|Any CPU
		{F4BCD4CD-695B-4289-9B8B-7BE8C4531FBA}.Ad-Hoc|Any CPU.ActiveCfg = Release|x86
		{F4BCD4CD-695B-4289-9B8B-7BE8C4531FBA}.Ad-Hoc|Any CPU.Build.0 = Release|x86
		{F4BCD4CD-695B-4289-9B8B-7BE8C4531FBA}.Ad-Hoc|Any CPU.Deploy.0 = Release|x86
		{F4BCD4CD-695B-4289-9B8B-7BE8C4531FBA}.Ad-Hoc|ARM.ActiveCfg = Release|ARM
		{F4BCD4CD-695B-4289-9B8B-7BE8C4531FBA}.Ad-Hoc|ARM.Build.0 = Release|ARM
		{F4BCD4CD-695B-4289-9B8B-7BE8C4531FBA}.Ad-Hoc|ARM.Deploy.0 = Release|ARM
		{F4BCD4CD-695B-4289-9B8B-7BE8C4531FBA}.Ad-Hoc|iPhone.ActiveCfg = Release|x86
		{F4BCD4CD-695B-4289-9B8B-7BE8C4531FBA}.Ad-Hoc|iPhone.Build.0 = Release|x86
		{F4BCD4CD-695B-4289-9B8B-7BE8C4531FBA}.Ad-Hoc|iPhone.Deploy.0 = Release|x86
		{F4BCD4CD-695B-4289-9B8B-7BE8C4531FBA}.Ad-Hoc|iPhoneSimulator.ActiveCfg = Release|x86
		{F4BCD4CD-695B-4289-9B8B-7BE8C4531FBA}.Ad-Hoc|iPhoneSimulator.Build.0 = Release|x86
		{F4BCD4CD-695B-4289-9B8B-7BE8C4531FBA}.Ad-Hoc|iPhoneSimulator.Deploy.0 = Release|x86
		{F4BCD4CD-695B-4289-9B8B-7BE8C4531FBA}.Ad-Hoc|x64.ActiveCfg = Release|x64
		{F4BCD4CD-695B-4289-9B8B-7BE8C4531FBA}.Ad-Hoc|x64.Build.0 = Release|x64
		{F4BCD4CD-695B-4289-9B8B-7BE8C4531FBA}.Ad-Hoc|x64.Deploy.0 = Release|x64
		{F4BCD4CD-695B-4289-9B8B-7BE8C4531FBA}.Ad-Hoc|x86.ActiveCfg = Release|x86
		{F4BCD4CD-695B-4289-9B8B-7BE8C4531FBA}.Ad-Hoc|x86.Build.0 = Release|x86
		{F4BCD4CD-695B-4289-9B8B-7BE8C4531FBA}.Ad-Hoc|x86.Deploy.0 = Release|x86
		{F4BCD4CD-695B-4289-9B8B-7BE8C4531FBA}.AppStore|Any CPU.ActiveCfg = Release|x86
		{F4BCD4CD-695B-4289-9B8B-7BE8C4531FBA}.AppStore|Any CPU.Build.0 = Release|x86
		{F4BCD4CD-695B-4289-9B8B-7BE8C4531FBA}.AppStore|Any CPU.Deploy.0 = Release|x86
		{F4BCD4CD-695B-4289-9B8B-7BE8C4531FBA}.AppStore|ARM.ActiveCfg = Release|ARM
		{F4BCD4CD-695B-4289-9B8B-7BE8C4531FBA}.AppStore|ARM.Build.0 = Release|ARM
		{F4BCD4CD-695B-4289-9B8B-7BE8C4531FBA}.AppStore|ARM.Deploy.0 = Release|ARM
		{F4BCD4CD-695B-4289-9B8B-7BE8C4531FBA}.AppStore|iPhone.ActiveCfg = Release|x86
		{F4BCD4CD-695B-4289-9B8B-7BE8C4531FBA}.AppStore|iPhone.Build.0 = Release|x86
		{F4BCD4CD-695B-4289-9B8B-7BE8C4531FBA}.AppStore|iPhone.Deploy.0 = Release|x86
		{F4BCD4CD-695B-4289-9B8B-7BE8C4531FBA}.AppStore|iPhoneSimulator.ActiveCfg = Release|x86
		{F4BCD4CD-695B-4289-9B8B-7BE8C4531FBA}.AppStore|iPhoneSimulator.Build.0 = Release|x86
		{F4BCD4CD-695B-4289-9B8B-7BE8C4531FBA}.AppStore|iPhoneSimulator.Deploy.0 = Release|x86
		{F4BCD4CD-695B-4289-9B8B-7BE8C4531FBA}.AppStore|x64.ActiveCfg = Release|x64
		{F4BCD4CD-695B-4289-9B8B-7BE8C4531FBA}.AppStore|x64.Build.0 = Release|x64
		{F4BCD4CD-695B-4289-9B8B-7BE8C4531FBA}.AppStore|x64.Deploy.0 = Release|x64
		{F4BCD4CD-695B-4289-9B8B-7BE8C4531FBA}.AppStore|x86.ActiveCfg = Release|x86
		{F4BCD4CD-695B-4289-9B8B-7BE8C4531FBA}.AppStore|x86.Build.0 = Release|x86
		{F4BCD4CD-695B-4289-9B8B-7BE8C4531FBA}.AppStore|x86.Deploy.0 = Release|x86
		{F4BCD4CD-695B-4289-9B8B-7BE8C4531FBA}.Debug|Any CPU.ActiveCfg = Debug|x86
		{F4BCD4CD-695B-4289-9B8B-7BE8C4531FBA}.Debug|ARM.ActiveCfg = Debug|ARM
		{F4BCD4CD-695B-4289-9B8B-7BE8C4531FBA}.Debug|ARM.Build.0 = Debug|ARM
		{F4BCD4CD-695B-4289-9B8B-7BE8C4531FBA}.Debug|ARM.Deploy.0 = Debug|ARM
		{F4BCD4CD-695B-4289-9B8B-7BE8C4531FBA}.Debug|iPhone.ActiveCfg = Debug|x86
		{F4BCD4CD-695B-4289-9B8B-7BE8C4531FBA}.Debug|iPhoneSimulator.ActiveCfg = Debug|x86
		{F4BCD4CD-695B-4289-9B8B-7BE8C4531FBA}.Debug|x64.ActiveCfg = Debug|x64
		{F4BCD4CD-695B-4289-9B8B-7BE8C4531FBA}.Debug|x64.Build.0 = Debug|x64
		{F4BCD4CD-695B-4289-9B8B-7BE8C4531FBA}.Debug|x64.Deploy.0 = Debug|x64
		{F4BCD4CD-695B-4289-9B8B-7BE8C4531FBA}.Debug|x86.ActiveCfg = Debug|x86
		{F4BCD4CD-695B-4289-9B8B-7BE8C4531FBA}.Debug|x86.Build.0 = Debug|x86
		{F4BCD4CD-695B-4289-9B8B-7BE8C4531FBA}.Debug|x86.Deploy.0 = Debug|x86
		{F4BCD4CD-695B-4289-9B8B-7BE8C4531FBA}.Release|Any CPU.ActiveCfg = Release|x86
		{F4BCD4CD-695B-4289-9B8B-7BE8C4531FBA}.Release|ARM.ActiveCfg = Release|ARM
		{F4BCD4CD-695B-4289-9B8B-7BE8C4531FBA}.Release|ARM.Build.0 = Release|ARM
		{F4BCD4CD-695B-4289-9B8B-7BE8C4531FBA}.Release|ARM.Deploy.0 = Release|ARM
		{F4BCD4CD-695B-4289-9B8B-7BE8C4531FBA}.Release|iPhone.ActiveCfg = Release|x86
		{F4BCD4CD-695B-4289-9B8B-7BE8C4531FBA}.Release|iPhoneSimulator.ActiveCfg = Release|x86
		{F4BCD4CD-695B-4289-9B8B-7BE8C4531FBA}.Release|x64.ActiveCfg = Release|x64
		{F4BCD4CD-695B-4289-9B8B-7BE8C4531FBA}.Release|x64.Build.0 = Release|x64
		{F4BCD4CD-695B-4289-9B8B-7BE8C4531FBA}.Release|x64.Deploy.0 = Release|x64
		{F4BCD4CD-695B-4289-9B8B-7BE8C4531FBA}.Release|x86.ActiveCfg = Release|x86
		{F4BCD4CD-695B-4289-9B8B-7BE8C4531FBA}.Release|x86.Build.0 = Release|x86
		{F4BCD4CD-695B-4289-9B8B-7BE8C4531FBA}.Release|x86.Deploy.0 = Release|x86
		{83FE78E1-B328-436C-91D6-29ED54D06033}.Ad-Hoc|Any CPU.ActiveCfg = Ad-Hoc|iPhone
		{83FE78E1-B328-436C-91D6-29ED54D06033}.Ad-Hoc|ARM.ActiveCfg = Ad-Hoc|iPhone
		{83FE78E1-B328-436C-91D6-29ED54D06033}.Ad-Hoc|iPhone.ActiveCfg = Ad-Hoc|iPhone
		{83FE78E1-B328-436C-91D6-29ED54D06033}.Ad-Hoc|iPhone.Build.0 = Ad-Hoc|iPhone
		{83FE78E1-B328-436C-91D6-29ED54D06033}.Ad-Hoc|iPhoneSimulator.ActiveCfg = Ad-Hoc|iPhoneSimulator
		{83FE78E1-B328-436C-91D6-29ED54D06033}.Ad-Hoc|iPhoneSimulator.Build.0 = Ad-Hoc|iPhoneSimulator
		{83FE78E1-B328-436C-91D6-29ED54D06033}.Ad-Hoc|x64.ActiveCfg = Ad-Hoc|iPhone
		{83FE78E1-B328-436C-91D6-29ED54D06033}.Ad-Hoc|x86.ActiveCfg = Ad-Hoc|iPhone
		{83FE78E1-B328-436C-91D6-29ED54D06033}.AppStore|Any CPU.ActiveCfg = AppStore|iPhone
		{83FE78E1-B328-436C-91D6-29ED54D06033}.AppStore|ARM.ActiveCfg = AppStore|iPhone
		{83FE78E1-B328-436C-91D6-29ED54D06033}.AppStore|iPhone.ActiveCfg = AppStore|iPhone
		{83FE78E1-B328-436C-91D6-29ED54D06033}.AppStore|iPhone.Build.0 = AppStore|iPhone
		{83FE78E1-B328-436C-91D6-29ED54D06033}.AppStore|iPhoneSimulator.ActiveCfg = AppStore|iPhoneSimulator
		{83FE78E1-B328-436C-91D6-29ED54D06033}.AppStore|iPhoneSimulator.Build.0 = AppStore|iPhoneSimulator
		{83FE78E1-B328-436C-91D6-29ED54D06033}.AppStore|x64.ActiveCfg = AppStore|iPhone
		{83FE78E1-B328-436C-91D6-29ED54D06033}.AppStore|x86.ActiveCfg = AppStore|iPhone
		{83FE78E1-B328-436C-91D6-29ED54D06033}.Debug|Any CPU.ActiveCfg = Debug|iPhone
		{83FE78E1-B328-436C-91D6-29ED54D06033}.Debug|ARM.ActiveCfg = Debug|iPhone
		{83FE78E1-B328-436C-91D6-29ED54D06033}.Debug|iPhone.ActiveCfg = Debug|iPhone
		{83FE78E1-B328-436C-91D6-29ED54D06033}.Debug|iPhone.Build.0 = Debug|iPhone
		{83FE78E1-B328-436C-91D6-29ED54D06033}.Debug|iPhoneSimulator.ActiveCfg = Debug|iPhoneSimulator
		{83FE78E1-B328-436C-91D6-29ED54D06033}.Debug|iPhoneSimulator.Build.0 = Debug|iPhoneSimulator
		{83FE78E1-B328-436C-91D6-29ED54D06033}.Debug|x64.ActiveCfg = Debug|iPhone
		{83FE78E1-B328-436C-91D6-29ED54D06033}.Debug|x86.ActiveCfg = Debug|iPhone
		{83FE78E1-B328-436C-91D6-29ED54D06033}.Release|Any CPU.ActiveCfg = Release|iPhone
		{83FE78E1-B328-436C-91D6-29ED54D06033}.Release|ARM.ActiveCfg = Release|iPhone
		{83FE78E1-B328-436C-91D6-29ED54D06033}.Release|iPhone.ActiveCfg = Release|iPhone
		{83FE78E1-B328-436C-91D6-29ED54D06033}.Release|iPhone.Build.0 = Release|iPhone
		{83FE78E1-B328-436C-91D6-29ED54D06033}.Release|iPhoneSimulator.ActiveCfg = Release|iPhoneSimulator
		{83FE78E1-B328-436C-91D6-29ED54D06033}.Release|iPhoneSimulator.Build.0 = Release|iPhoneSimulator
		{83FE78E1-B328-436C-91D6-29ED54D06033}.Release|x64.ActiveCfg = Release|iPhone
		{83FE78E1-B328-436C-91D6-29ED54D06033}.Release|x86.ActiveCfg = Release|iPhone
	EndGlobalSection
	GlobalSection(SolutionProperties) = preSolution
		HideSolutionNode = FALSE
	EndGlobalSection
EndGlobal
